// !$*UTF8*$!
{
	archiveVersion = 1;
	classes = {
	};
	objectVersion = 45;
	objects = {

/* Begin PBXBuildFile section */
		1D60589F0D05DD5A006BFB54 /* Foundation.framework in Frameworks */ = {isa = PBXBuildFile; fileRef = 1D30AB110D05D00D00671497 /* Foundation.framework */; };
		1DF5F4E00D08C38300B7A737 /* UIKit.framework in Frameworks */ = {isa = PBXBuildFile; fileRef = 1DF5F4DF0D08C38300B7A737 /* UIKit.framework */; };
		6E021A730E60109000D0869A /* lock.png in Resources */ = {isa = PBXBuildFile; fileRef = 6E021A720E60109000D0869A /* lock.png */; };
		6E0378320EF352A20045CD12 /* deleteButton_pressed.png in Resources */ = {isa = PBXBuildFile; fileRef = 6E0378300EF352A20045CD12 /* deleteButton_pressed.png */; };
		6E0378330EF352A20045CD12 /* deleteButton.png in Resources */ = {isa = PBXBuildFile; fileRef = 6E0378310EF352A20045CD12 /* deleteButton.png */; };
		6E03783F0EF354030045CD12 /* DeleteButtonCell.m in Sources */ = {isa = PBXBuildFile; fileRef = 6E03783E0EF354030045CD12 /* DeleteButtonCell.m */; };
		6E089FA70EDF84FF000D25FE /* SearchBarBody.png in Resources */ = {isa = PBXBuildFile; fileRef = 6E089FA20EDF84FF000D25FE /* SearchBarBody.png */; };
		6E089FA80EDF84FF000D25FE /* SearchBarLeft.png in Resources */ = {isa = PBXBuildFile; fileRef = 6E089FA30EDF84FF000D25FE /* SearchBarLeft.png */; };
		6E089FA90EDF84FF000D25FE /* SearchBarLeftButton.png in Resources */ = {isa = PBXBuildFile; fileRef = 6E089FA40EDF84FF000D25FE /* SearchBarLeftButton.png */; };
		6E089FAA0EDF84FF000D25FE /* SearchBarLeftEdge.png in Resources */ = {isa = PBXBuildFile; fileRef = 6E089FA50EDF84FF000D25FE /* SearchBarLeftEdge.png */; };
		6E089FAB0EDF84FF000D25FE /* SearchBarRight.png in Resources */ = {isa = PBXBuildFile; fileRef = 6E089FA60EDF84FF000D25FE /* SearchBarRight.png */; };
		6E08A4D90EDFD0B5000D25FE /* CustomSearchTextField.m in Sources */ = {isa = PBXBuildFile; fileRef = 6E08A4D80EDFD0B5000D25FE /* CustomSearchTextField.m */; };
		6E08A88D0EE00DB9000D25FE /* LocationDistanceWindow.m in Sources */ = {isa = PBXBuildFile; fileRef = 6E08A88C0EE00DB9000D25FE /* LocationDistanceWindow.m */; };
		6E08AB900EE08CA0000D25FE /* distancePickerButton.png in Resources */ = {isa = PBXBuildFile; fileRef = 6E08AB8E0EE08CA0000D25FE /* distancePickerButton.png */; };
		6E08AB910EE08CA0000D25FE /* distancePickerButtonPressed.png in Resources */ = {isa = PBXBuildFile; fileRef = 6E08AB8F0EE08CA0000D25FE /* distancePickerButtonPressed.png */; };
		6E08ABE20EE0999C000D25FE /* SearchBarLeftButtonPressed.png in Resources */ = {isa = PBXBuildFile; fileRef = 6E08ABDF0EE0999C000D25FE /* SearchBarLeftButtonPressed.png */; };
		6E08ABE30EE0999C000D25FE /* SearchBarLeftEdgePressed.png in Resources */ = {isa = PBXBuildFile; fileRef = 6E08ABE00EE0999C000D25FE /* SearchBarLeftEdgePressed.png */; };
		6E08ABE40EE0999C000D25FE /* SearchBarLeftPressed.png in Resources */ = {isa = PBXBuildFile; fileRef = 6E08ABE10EE0999C000D25FE /* SearchBarLeftPressed.png */; };
		6E08FB770E5D252200106492 /* UserTimelineController.m in Sources */ = {isa = PBXBuildFile; fileRef = 6E08FB760E5D252200106492 /* UserTimelineController.m */; };
		6E08FB9E0E5D266B00106492 /* UserCell.m in Sources */ = {isa = PBXBuildFile; fileRef = 6E08FB9D0E5D266B00106492 /* UserCell.m */; };
		6E092C3B0E3B41D40039FEE3 /* TFConnection.m in Sources */ = {isa = PBXBuildFile; fileRef = 6E092C3A0E3B41D40039FEE3 /* TFConnection.m */; };
		6E1029110E5D362C00440C58 /* LoadCell.m in Sources */ = {isa = PBXBuildFile; fileRef = 6E1029100E5D362C00440C58 /* LoadCell.m */; };
		6E1BE7900EF7BF4C0075881E /* TweetViewActionCell.m in Sources */ = {isa = PBXBuildFile; fileRef = 6E1BE78D0EF7BF4C0075881E /* TweetViewActionCell.m */; };
		6E1BE7910EF7BF4C0075881E /* TweetViewController.m in Sources */ = {isa = PBXBuildFile; fileRef = 6E1BE78F0EF7BF4C0075881E /* TweetViewController.m */; };
		6E1C6E780EB53E4700E34D9B /* TrendsDataSource.m in Sources */ = {isa = PBXBuildFile; fileRef = 6E1C6E760EB53E4700E34D9B /* TrendsDataSource.m */; };
		6E1C6F3E0EB5897A00E34D9B /* SearchHistoryDataSource.m in Sources */ = {isa = PBXBuildFile; fileRef = 6E1C6F3D0EB5897A00E34D9B /* SearchHistoryDataSource.m */; };
		6E1C72E70EB5ABED00E34D9B /* LocationManager.m in Sources */ = {isa = PBXBuildFile; fileRef = 6E1C72E60EB5ABED00E34D9B /* LocationManager.m */; };
		6E1C730B0EB5AEC800E34D9B /* CoreLocation.framework in Frameworks */ = {isa = PBXBuildFile; fileRef = 6E1C730A0EB5AEC800E34D9B /* CoreLocation.framework */; };
		6E1C73C20EB5B77700E34D9B /* location.png in Resources */ = {isa = PBXBuildFile; fileRef = 6E1C73C10EB5B77700E34D9B /* location.png */; };
		6E1C78890EB7063900E34D9B /* trends.png in Resources */ = {isa = PBXBuildFile; fileRef = 6E1C78880EB7063900E34D9B /* trends.png */; };
		6E1FAE8D0EDAC4D7009407F6 /* db1.3.sql in Resources */ = {isa = PBXBuildFile; fileRef = 6E1FAE8C0EDAC4D7009407F6 /* db1.3.sql */; };
		6E2BCF260E3596D4003A8F69 /* friends.png in Resources */ = {isa = PBXBuildFile; fileRef = 6E2BCF250E3596D4003A8F69 /* friends.png */; };
		6E2BD0C10E35AE04003A8F69 /* QuartzCore.framework in Frameworks */ = {isa = PBXBuildFile; fileRef = 6E2BD0C00E35AE04003A8F69 /* QuartzCore.framework */; };
		6E2BD11F0E35B3D2003A8F69 /* Default.png in Resources */ = {isa = PBXBuildFile; fileRef = 6E2BD11E0E35B3D2003A8F69 /* Default.png */; };
		6E335EA40E3BBE0C008B15BB /* TwitterClient.m in Sources */ = {isa = PBXBuildFile; fileRef = 6E335EA30E3BBE0C008B15BB /* TwitterClient.m */; };
		6E35BD630ED16B5300C332C2 /* QuartzUtils.c in Sources */ = {isa = PBXBuildFile; fileRef = 6E35BD620ED16B5300C332C2 /* QuartzUtils.c */; };
		6E382E940EB41E9000B0CE69 /* Settings.bundle in Resources */ = {isa = PBXBuildFile; fileRef = 6E382E930EB41E9000B0CE69 /* Settings.bundle */; };
		6E3837100EB4789F00B0CE69 /* favorite.png in Resources */ = {isa = PBXBuildFile; fileRef = 6E38370E0EB4789F00B0CE69 /* favorite.png */; };
		6E3837110EB4789F00B0CE69 /* favorited.png in Resources */ = {isa = PBXBuildFile; fileRef = 6E38370F0EB4789F00B0CE69 /* favorited.png */; };
		6E3B13AB0EF835FC00070525 /* Tweet.m in Sources */ = {isa = PBXBuildFile; fileRef = 6E3B13AA0EF835FC00070525 /* Tweet.m */; };
		6E3B13B80EF8383300070525 /* Status.m in Sources */ = {isa = PBXBuildFile; fileRef = 6E3B13B70EF8383300070525 /* Status.m */; };
		6E3EABA00EC8782400599954 /* dist.plist in Resources */ = {isa = PBXBuildFile; fileRef = 6E3EAB9F0EC8782400599954 /* dist.plist */; };
		6E3EDADE0EB9A2050041687A /* OverlayView.m in Sources */ = {isa = PBXBuildFile; fileRef = 6E3EDADD0EB9A2050041687A /* OverlayView.m */; };
		6E4011F10ECDF786009D452A /* open_safari.png in Resources */ = {isa = PBXBuildFile; fileRef = 6E4011F00ECDF786009D452A /* open_safari.png */; };
		6E48E2B40EBD2A27005E1837 /* PostImagePickerController.m in Sources */ = {isa = PBXBuildFile; fileRef = 6E48E2B30EBD2A27005E1837 /* PostImagePickerController.m */; };
		6E48E93B0EBD7439005E1837 /* PostView.m in Sources */ = {isa = PBXBuildFile; fileRef = 6E48E93A0EBD7439005E1837 /* PostView.m */; };
		6E5CBCED0ECF7971008A18A2 /* ImageUtils.m in Sources */ = {isa = PBXBuildFile; fileRef = 6E5CBCEC0ECF7971008A18A2 /* ImageUtils.m */; };
		6E68219D0EF7BBB00079EC9E /* ProfileViewController.m in Sources */ = {isa = PBXBuildFile; fileRef = 6E68219C0EF7BBB00079EC9E /* ProfileViewController.m */; };
		6E6DC59D0EC077FD00F9EB74 /* MainWindow.xib in Resources */ = {isa = PBXBuildFile; fileRef = 6E6DC5940EC077FD00F9EB74 /* MainWindow.xib */; };
		6E6DC59E0EC077FD00F9EB74 /* PostView.xib in Resources */ = {isa = PBXBuildFile; fileRef = 6E6DC5950EC077FD00F9EB74 /* PostView.xib */; };
		6E6DC59F0EC077FD00F9EB74 /* SearchHistoryView.xib in Resources */ = {isa = PBXBuildFile; fileRef = 6E6DC5960EC077FD00F9EB74 /* SearchHistoryView.xib */; };
		6E6DC5A00EC077FD00F9EB74 /* SearchView.xib in Resources */ = {isa = PBXBuildFile; fileRef = 6E6DC5970EC077FD00F9EB74 /* SearchView.xib */; };
		6E6DC5A10EC077FD00F9EB74 /* SettingsView.xib in Resources */ = {isa = PBXBuildFile; fileRef = 6E6DC5980EC077FD00F9EB74 /* SettingsView.xib */; };
		6E6DC5A20EC077FD00F9EB74 /* TimelineView.xib in Resources */ = {isa = PBXBuildFile; fileRef = 6E6DC5990EC077FD00F9EB74 /* TimelineView.xib */; };
		6E6DC5A40EC077FD00F9EB74 /* WebView.xib in Resources */ = {isa = PBXBuildFile; fileRef = 6E6DC59B0EC077FD00F9EB74 /* WebView.xib */; };
		6E6DC5A50EC077FD00F9EB74 /* FolloweesView.xib in Resources */ = {isa = PBXBuildFile; fileRef = 6E6DC59C0EC077FD00F9EB74 /* FolloweesView.xib */; };
		6E6DC6240EC07F3D00F9EB74 /* camera.png in Resources */ = {isa = PBXBuildFile; fileRef = 6E6DC6230EC07F3D00F9EB74 /* camera.png */; };
		6E74DA890ED95AC5000E169F /* TabBarController.m in Sources */ = {isa = PBXBuildFile; fileRef = 6E74DA870ED95AC5000E169F /* TabBarController.m */; };
		6E89F34A0EDD230A00778242 /* search_shadow.png in Resources */ = {isa = PBXBuildFile; fileRef = 6E89F3490EDD230A00778242 /* search_shadow.png */; };
		6E89F5EC0EDD58BF00778242 /* location_small.png in Resources */ = {isa = PBXBuildFile; fileRef = 6E89F5EB0EDD58BF00778242 /* location_small.png */; };
		6E89F7C60EDE267D00778242 /* CustomSearchBar.m in Sources */ = {isa = PBXBuildFile; fileRef = 6E89F7C40EDE267D00778242 /* CustomSearchBar.m */; };
		6E89F8A90EDE33B600778242 /* BookmarksPressed.png in Resources */ = {isa = PBXBuildFile; fileRef = 6E89F8A80EDE33B600778242 /* BookmarksPressed.png */; };
		6E89F8B50EDE342700778242 /* Bookmarks.png in Resources */ = {isa = PBXBuildFile; fileRef = 6E89F8B40EDE342700778242 /* Bookmarks.png */; };
		6E89FD620EDEB8BD00778242 /* profileImage.png in Resources */ = {isa = PBXBuildFile; fileRef = 6E89FD600EDEB8BD00778242 /* profileImage.png */; };
		6E89FD630EDEB8BD00778242 /* profileImageSmall.png in Resources */ = {isa = PBXBuildFile; fileRef = 6E89FD610EDEB8BD00778242 /* profileImageSmall.png */; };
		6E8C57BA0ED0AEA300EC9D39 /* UserView.m in Sources */ = {isa = PBXBuildFile; fileRef = 6E8C57B90ED0AEA300EC9D39 /* UserView.m */; };
		6E943A900E64C4FF00E8ECF2 /* TimeUtils.m in Sources */ = {isa = PBXBuildFile; fileRef = 6E943A8F0E64C4FF00E8ECF2 /* TimeUtils.m */; };
		6E943F1B0E6527C600E8ECF2 /* usercell_background.png in Resources */ = {isa = PBXBuildFile; fileRef = 6E943F1A0E6527C600E8ECF2 /* usercell_background.png */; };
		6E97A5E60EF8A91100168291 /* DirectMessage.m in Sources */ = {isa = PBXBuildFile; fileRef = 6E97A5E50EF8A91100168291 /* DirectMessage.m */; };
		6E97A75E0EF8C78000168291 /* DMTimelineController.m in Sources */ = {isa = PBXBuildFile; fileRef = 6E97A75C0EF8C78000168291 /* DMTimelineController.m */; };
		6E97A8820EF8F7DA00168291 /* DirectMessage.xib in Resources */ = {isa = PBXBuildFile; fileRef = 6E97A8810EF8F7DA00168291 /* DirectMessage.xib */; };
		6E97AA8F0EF9142900168291 /* DMConversationController.m in Sources */ = {isa = PBXBuildFile; fileRef = 6E97AA8E0EF9142900168291 /* DMConversationController.m */; };
		6E97ABBB0EF91EC100168291 /* ChatBubbleCell.m in Sources */ = {isa = PBXBuildFile; fileRef = 6E97ABBA0EF91EC100168291 /* ChatBubbleCell.m */; };
		6E97ABBE0EF91F6C00168291 /* Balloon_2.png in Resources */ = {isa = PBXBuildFile; fileRef = 6E97ABBC0EF91F6C00168291 /* Balloon_2.png */; };
		6E97ABBF0EF91F6C00168291 /* Balloon_1.png in Resources */ = {isa = PBXBuildFile; fileRef = 6E97ABBD0EF91F6C00168291 /* Balloon_1.png */; };
		6E97ABE40EF920FE00168291 /* ChatBubbleView.m in Sources */ = {isa = PBXBuildFile; fileRef = 6E97ABE30EF920FE00168291 /* ChatBubbleView.m */; };
		6E97AD160EF93AB800168291 /* update_v12_to_v13.sql in Resources */ = {isa = PBXBuildFile; fileRef = 6E97AD150EF93AB800168291 /* update_v12_to_v13.sql */; };
		6E97AD680EF94B5000168291 /* DirectMessageCellView.m in Sources */ = {isa = PBXBuildFile; fileRef = 6E97AD670EF94B5000168291 /* DirectMessageCellView.m */; };
		6E97AD750EF94CE800168291 /* DirectMessageCell.m in Sources */ = {isa = PBXBuildFile; fileRef = 6E97AD740EF94CE800168291 /* DirectMessageCell.m */; };
		6EA0C19C0EBB1305000C0CD4 /* friends_small.png in Resources */ = {isa = PBXBuildFile; fileRef = 6EA0C19B0EBB1305000C0CD4 /* friends_small.png */; };
		6EADBC090EBD8F8E00093782 /* PostViewController.m in Sources */ = {isa = PBXBuildFile; fileRef = 6EADBC080EBD8F8E00093782 /* PostViewController.m */; };
		6EADC0A20EBDC48D00093782 /* FolloweeCell.m in Sources */ = {isa = PBXBuildFile; fileRef = 6EADC09F0EBDC48D00093782 /* FolloweeCell.m */; };
		6EADC0A30EBDC48D00093782 /* FolloweesViewController.m in Sources */ = {isa = PBXBuildFile; fileRef = 6EADC0A10EBDC48D00093782 /* FolloweesViewController.m */; };
		6EAE76040EF3904600BF6CD4 /* FriendsViewController.m in Sources */ = {isa = PBXBuildFile; fileRef = 6EAE76030EF3904600BF6CD4 /* FriendsViewController.m */; };
		6EAE81B50EF5BB4300BF6CD4 /* FriendsTimelineController.m in Sources */ = {isa = PBXBuildFile; fileRef = 6EAE81B20EF5BB4300BF6CD4 /* FriendsTimelineController.m */; };
		6EAE81B60EF5BB4300BF6CD4 /* FriendsTimelineDataSource.m in Sources */ = {isa = PBXBuildFile; fileRef = 6EAE81B40EF5BB4300BF6CD4 /* FriendsTimelineDataSource.m */; };
		6EAE81B90EF5BB4E00BF6CD4 /* SearchResultsDataSource.m in Sources */ = {isa = PBXBuildFile; fileRef = 6EAE81B80EF5BB4E00BF6CD4 /* SearchResultsDataSource.m */; };
		6EAE82B10EF5CBCB00BF6CD4 /* TimelineDataSource.m in Sources */ = {isa = PBXBuildFile; fileRef = 6EAE82B00EF5CBCB00BF6CD4 /* TimelineDataSource.m */; };
		6EBEE5840EB2F65400C18F0A /* SearchViewController.m in Sources */ = {isa = PBXBuildFile; fileRef = 6EBEE5830EB2F65400C18F0A /* SearchViewController.m */; };
		6EC53C420EF805FE009BCC92 /* DBConnection.m in Sources */ = {isa = PBXBuildFile; fileRef = 6EC53C390EF805FE009BCC92 /* DBConnection.m */; };
		6EC53C430EF805FE009BCC92 /* Followee.m in Sources */ = {isa = PBXBuildFile; fileRef = 6EC53C3B0EF805FE009BCC92 /* Followee.m */; };
		6EC53C460EF805FE009BCC92 /* User.m in Sources */ = {isa = PBXBuildFile; fileRef = 6EC53C410EF805FE009BCC92 /* User.m */; };
		6EC53C700EF806EB009BCC92 /* NSObject+SBJSON.m in Sources */ = {isa = PBXBuildFile; fileRef = 6EC53C6B0EF806EB009BCC92 /* NSObject+SBJSON.m */; };
		6EC53C710EF806EB009BCC92 /* NSString+SBJSON.m in Sources */ = {isa = PBXBuildFile; fileRef = 6EC53C6D0EF806EB009BCC92 /* NSString+SBJSON.m */; };
		6EC53C720EF806EB009BCC92 /* SBJSON.m in Sources */ = {isa = PBXBuildFile; fileRef = 6EC53C6F0EF806EB009BCC92 /* SBJSON.m */; };
		6ECCAD970EBE5B2E002B39F6 /* SearchHistoryViewController.m in Sources */ = {isa = PBXBuildFile; fileRef = 6ECCAD960EBE5B2E002B39F6 /* SearchHistoryViewController.m */; };
		6ECD90400EBEF9F400C3CD4D /* TwitPicClient.m in Sources */ = {isa = PBXBuildFile; fileRef = 6ECD903F0EBEF9F400C3CD4D /* TwitPicClient.m */; };
		6ED17FA70E38D3A0006E8AB7 /* forward.png in Resources */ = {isa = PBXBuildFile; fileRef = 6ED17FA50E38D3A0006E8AB7 /* forward.png */; };
		6ED17FA80E38D3A0006E8AB7 /* back.png in Resources */ = {isa = PBXBuildFile; fileRef = 6ED17FA60E38D3A0006E8AB7 /* back.png */; };
		6EDC01240E33E6DA00FF142E /* libsqlite3.0.dylib in Frameworks */ = {isa = PBXBuildFile; fileRef = 6EDC01230E33E6DA00FF142E /* libsqlite3.0.dylib */; };
		6EDC012F0E33E6F000FF142E /* CoreGraphics.framework in Frameworks */ = {isa = PBXBuildFile; fileRef = 6EDC012E0E33E6F000FF142E /* CoreGraphics.framework */; };
		6EDD27740E3B5429002E09A0 /* TinyURL.m in Sources */ = {isa = PBXBuildFile; fileRef = 6EDD27730E3B5429002E09A0 /* TinyURL.m */; };
		6EE9354D0E42FFF6008084DF /* ProgressWindow.m in Sources */ = {isa = PBXBuildFile; fileRef = 6EE9354C0E42FFF6008084DF /* ProgressWindow.m */; };
		6EEBF7000E3B1F390003EA63 /* ImageDownloader.m in Sources */ = {isa = PBXBuildFile; fileRef = 6EEBF6FA0E3B1F390003EA63 /* ImageDownloader.m */; };
		6EEBF70C0E3B1FD40003EA63 /* ColorUtils.m in Sources */ = {isa = PBXBuildFile; fileRef = 6EEBF7040E3B1FD40003EA63 /* ColorUtils.m */; };
		6EEBF70D0E3B1FD40003EA63 /* main.m in Sources */ = {isa = PBXBuildFile; fileRef = 6EEBF7050E3B1FD40003EA63 /* main.m */; };
		6EEBF70E0E3B1FD40003EA63 /* REString.m in Sources */ = {isa = PBXBuildFile; fileRef = 6EEBF7070E3B1FD40003EA63 /* REString.m */; };
		6EEBF70F0E3B1FD40003EA63 /* StringUtil.m in Sources */ = {isa = PBXBuildFile; fileRef = 6EEBF7090E3B1FD40003EA63 /* StringUtil.m */; };
		6EEBF7100E3B1FD40003EA63 /* TwitterFonAppDelegate.m in Sources */ = {isa = PBXBuildFile; fileRef = 6EEBF70B0E3B1FD40003EA63 /* TwitterFonAppDelegate.m */; };
		6EEBF7160E3B20610003EA63 /* SettingsViewController.m in Sources */ = {isa = PBXBuildFile; fileRef = 6EEBF7130E3B20610003EA63 /* SettingsViewController.m */; };
		6EEBF7280E3B209A0003EA63 /* WebViewController.m in Sources */ = {isa = PBXBuildFile; fileRef = 6EEBF7270E3B209A0003EA63 /* WebViewController.m */; };
		6EED142B0E33E59B00C71EA4 /* ImageStore.m in Sources */ = {isa = PBXBuildFile; fileRef = 6EED14080E33E59B00C71EA4 /* ImageStore.m */; };
		6EED142C0E33E59B00C71EA4 /* ProfileImage.m in Sources */ = {isa = PBXBuildFile; fileRef = 6EED140A0E33E59B00C71EA4 /* ProfileImage.m */; };
		6EED144E0E33E5BF00C71EA4 /* Icon.png in Resources */ = {isa = PBXBuildFile; fileRef = 6EED14410E33E5BF00C71EA4 /* Icon.png */; };
		6EED14520E33E5BF00C71EA4 /* messages.png in Resources */ = {isa = PBXBuildFile; fileRef = 6EED14450E33E5BF00C71EA4 /* messages.png */; };
		6EED14560E33E5BF00C71EA4 /* replies.png in Resources */ = {isa = PBXBuildFile; fileRef = 6EED14490E33E5BF00C71EA4 /* replies.png */; };
		6EF838360EF5E4EB001523B4 /* ImageStoreReceiver.m in Sources */ = {isa = PBXBuildFile; fileRef = 6EF838350EF5E4EB001523B4 /* ImageStoreReceiver.m */; };
		6EF9FE0F0EF80E5900EF8D1B /* Timeline.m in Sources */ = {isa = PBXBuildFile; fileRef = 6EF9FE0E0EF80E5900EF8D1B /* Timeline.m */; };
		6EF9FE270EF8100E00EF8D1B /* TweetCellBase.m in Sources */ = {isa = PBXBuildFile; fileRef = 6EF9FE240EF8100E00EF8D1B /* TweetCellBase.m */; };
		6EF9FE280EF8100E00EF8D1B /* TweetCellView.m in Sources */ = {isa = PBXBuildFile; fileRef = 6EF9FE260EF8100E00EF8D1B /* TweetCellView.m */; };
		6EF9FE2B0EF8101C00EF8D1B /* TimelineCell.m in Sources */ = {isa = PBXBuildFile; fileRef = 6EF9FE2A0EF8101C00EF8D1B /* TimelineCell.m */; };
		6EF9FEDE0EF810C200EF8D1B /* UserTimelineCell.m in Sources */ = {isa = PBXBuildFile; fileRef = 6EF9FEDD0EF810C200EF8D1B /* UserTimelineCell.m */; };
		6EFC28700EBDD46D00FBBB3D /* LinkViewController.m in Sources */ = {isa = PBXBuildFile; fileRef = 6EFC286F0EBDD46D00FBBB3D /* LinkViewController.m */; };
/* End PBXBuildFile section */

/* Begin PBXFileReference section */
		1D30AB110D05D00D00671497 /* Foundation.framework */ = {isa = PBXFileReference; lastKnownFileType = wrapper.framework; name = Foundation.framework; path = System/Library/Frameworks/Foundation.framework; sourceTree = SDKROOT; };
		1D6058910D05DD3D006BFB54 /* TwitterFon.app */ = {isa = PBXFileReference; explicitFileType = wrapper.application; includeInIndex = 0; path = TwitterFon.app; sourceTree = BUILT_PRODUCTS_DIR; };
		1DF5F4DF0D08C38300B7A737 /* UIKit.framework */ = {isa = PBXFileReference; lastKnownFileType = wrapper.framework; name = UIKit.framework; path = System/Library/Frameworks/UIKit.framework; sourceTree = SDKROOT; };
		28A0AB4B0D9B1048005BE974 /* TwitterFon_Prefix.pch */ = {isa = PBXFileReference; fileEncoding = 4; lastKnownFileType = sourcecode.c.h; path = TwitterFon_Prefix.pch; sourceTree = "<group>"; };
		6E021A720E60109000D0869A /* lock.png */ = {isa = PBXFileReference; lastKnownFileType = image.png; path = lock.png; sourceTree = "<group>"; };
		6E0378300EF352A20045CD12 /* deleteButton_pressed.png */ = {isa = PBXFileReference; lastKnownFileType = image.png; path = deleteButton_pressed.png; sourceTree = "<group>"; };
		6E0378310EF352A20045CD12 /* deleteButton.png */ = {isa = PBXFileReference; lastKnownFileType = image.png; path = deleteButton.png; sourceTree = "<group>"; };
		6E03783D0EF354030045CD12 /* DeleteButtonCell.h */ = {isa = PBXFileReference; fileEncoding = 4; lastKnownFileType = sourcecode.c.h; name = DeleteButtonCell.h; path = Controllers/DeleteButtonCell.h; sourceTree = "<group>"; };
		6E03783E0EF354030045CD12 /* DeleteButtonCell.m */ = {isa = PBXFileReference; fileEncoding = 4; lastKnownFileType = sourcecode.c.objc; name = DeleteButtonCell.m; path = Controllers/DeleteButtonCell.m; sourceTree = "<group>"; };
		6E089FA20EDF84FF000D25FE /* SearchBarBody.png */ = {isa = PBXFileReference; lastKnownFileType = image.png; path = SearchBarBody.png; sourceTree = "<group>"; };
		6E089FA30EDF84FF000D25FE /* SearchBarLeft.png */ = {isa = PBXFileReference; lastKnownFileType = image.png; path = SearchBarLeft.png; sourceTree = "<group>"; };
		6E089FA40EDF84FF000D25FE /* SearchBarLeftButton.png */ = {isa = PBXFileReference; lastKnownFileType = image.png; path = SearchBarLeftButton.png; sourceTree = "<group>"; };
		6E089FA50EDF84FF000D25FE /* SearchBarLeftEdge.png */ = {isa = PBXFileReference; lastKnownFileType = image.png; path = SearchBarLeftEdge.png; sourceTree = "<group>"; };
		6E089FA60EDF84FF000D25FE /* SearchBarRight.png */ = {isa = PBXFileReference; lastKnownFileType = image.png; path = SearchBarRight.png; sourceTree = "<group>"; };
		6E08A4D70EDFD0B5000D25FE /* CustomSearchTextField.h */ = {isa = PBXFileReference; fileEncoding = 4; lastKnownFileType = sourcecode.c.h; name = CustomSearchTextField.h; path = Controllers/CustomSearchTextField.h; sourceTree = "<group>"; };
		6E08A4D80EDFD0B5000D25FE /* CustomSearchTextField.m */ = {isa = PBXFileReference; fileEncoding = 4; lastKnownFileType = sourcecode.c.objc; name = CustomSearchTextField.m; path = Controllers/CustomSearchTextField.m; sourceTree = "<group>"; };
		6E08A88B0EE00DB9000D25FE /* LocationDistanceWindow.h */ = {isa = PBXFileReference; fileEncoding = 4; lastKnownFileType = sourcecode.c.h; name = LocationDistanceWindow.h; path = Controllers/LocationDistanceWindow.h; sourceTree = "<group>"; };
		6E08A88C0EE00DB9000D25FE /* LocationDistanceWindow.m */ = {isa = PBXFileReference; fileEncoding = 4; lastKnownFileType = sourcecode.c.objc; name = LocationDistanceWindow.m; path = Controllers/LocationDistanceWindow.m; sourceTree = "<group>"; };
		6E08AB8E0EE08CA0000D25FE /* distancePickerButton.png */ = {isa = PBXFileReference; lastKnownFileType = image.png; path = distancePickerButton.png; sourceTree = "<group>"; };
		6E08AB8F0EE08CA0000D25FE /* distancePickerButtonPressed.png */ = {isa = PBXFileReference; lastKnownFileType = image.png; path = distancePickerButtonPressed.png; sourceTree = "<group>"; };
		6E08ABDF0EE0999C000D25FE /* SearchBarLeftButtonPressed.png */ = {isa = PBXFileReference; lastKnownFileType = image.png; path = SearchBarLeftButtonPressed.png; sourceTree = "<group>"; };
		6E08ABE00EE0999C000D25FE /* SearchBarLeftEdgePressed.png */ = {isa = PBXFileReference; lastKnownFileType = image.png; path = SearchBarLeftEdgePressed.png; sourceTree = "<group>"; };
		6E08ABE10EE0999C000D25FE /* SearchBarLeftPressed.png */ = {isa = PBXFileReference; lastKnownFileType = image.png; path = SearchBarLeftPressed.png; sourceTree = "<group>"; };
		6E08FB750E5D252200106492 /* UserTimelineController.h */ = {isa = PBXFileReference; fileEncoding = 4; lastKnownFileType = sourcecode.c.h; name = UserTimelineController.h; path = Controllers/UserTimelineController.h; sourceTree = "<group>"; };
		6E08FB760E5D252200106492 /* UserTimelineController.m */ = {isa = PBXFileReference; fileEncoding = 4; lastKnownFileType = sourcecode.c.objc; name = UserTimelineController.m; path = Controllers/UserTimelineController.m; sourceTree = "<group>"; };
		6E08FB9C0E5D266B00106492 /* UserCell.h */ = {isa = PBXFileReference; fileEncoding = 4; lastKnownFileType = sourcecode.c.h; name = UserCell.h; path = Controllers/UserCell.h; sourceTree = "<group>"; };
		6E08FB9D0E5D266B00106492 /* UserCell.m */ = {isa = PBXFileReference; fileEncoding = 4; lastKnownFileType = sourcecode.c.objc; name = UserCell.m; path = Controllers/UserCell.m; sourceTree = "<group>"; };
		6E092C390E3B41D40039FEE3 /* TFConnection.h */ = {isa = PBXFileReference; fileEncoding = 4; lastKnownFileType = sourcecode.c.h; name = TFConnection.h; path = Network/TFConnection.h; sourceTree = "<group>"; };
		6E092C3A0E3B41D40039FEE3 /* TFConnection.m */ = {isa = PBXFileReference; fileEncoding = 4; lastKnownFileType = sourcecode.c.objc; name = TFConnection.m; path = Network/TFConnection.m; sourceTree = "<group>"; };
		6E10290F0E5D362C00440C58 /* LoadCell.h */ = {isa = PBXFileReference; fileEncoding = 4; lastKnownFileType = sourcecode.c.h; name = LoadCell.h; path = Controllers/LoadCell.h; sourceTree = "<group>"; };
		6E1029100E5D362C00440C58 /* LoadCell.m */ = {isa = PBXFileReference; fileEncoding = 4; lastKnownFileType = sourcecode.c.objc; name = LoadCell.m; path = Controllers/LoadCell.m; sourceTree = "<group>"; };
		6E138FEE0E67F76A0037BE46 /* DebugUtils.h */ = {isa = PBXFileReference; fileEncoding = 4; lastKnownFileType = sourcecode.c.h; name = DebugUtils.h; path = Classes/OtherSources/DebugUtils.h; sourceTree = "<group>"; };
		6E1BE78C0EF7BF4C0075881E /* TweetViewActionCell.h */ = {isa = PBXFileReference; fileEncoding = 4; lastKnownFileType = sourcecode.c.h; name = TweetViewActionCell.h; path = Controllers/TweetViewActionCell.h; sourceTree = "<group>"; };
		6E1BE78D0EF7BF4C0075881E /* TweetViewActionCell.m */ = {isa = PBXFileReference; fileEncoding = 4; lastKnownFileType = sourcecode.c.objc; name = TweetViewActionCell.m; path = Controllers/TweetViewActionCell.m; sourceTree = "<group>"; };
		6E1BE78E0EF7BF4C0075881E /* TweetViewController.h */ = {isa = PBXFileReference; fileEncoding = 4; lastKnownFileType = sourcecode.c.h; name = TweetViewController.h; path = Controllers/TweetViewController.h; sourceTree = "<group>"; };
		6E1BE78F0EF7BF4C0075881E /* TweetViewController.m */ = {isa = PBXFileReference; fileEncoding = 4; lastKnownFileType = sourcecode.c.objc; name = TweetViewController.m; path = Controllers/TweetViewController.m; sourceTree = "<group>"; };
		6E1C6E750EB53E4700E34D9B /* TrendsDataSource.h */ = {isa = PBXFileReference; fileEncoding = 4; lastKnownFileType = sourcecode.c.h; name = TrendsDataSource.h; path = Controllers/TrendsDataSource.h; sourceTree = "<group>"; };
		6E1C6E760EB53E4700E34D9B /* TrendsDataSource.m */ = {isa = PBXFileReference; fileEncoding = 4; lastKnownFileType = sourcecode.c.objc; name = TrendsDataSource.m; path = Controllers/TrendsDataSource.m; sourceTree = "<group>"; };
		6E1C6F3C0EB5897A00E34D9B /* SearchHistoryDataSource.h */ = {isa = PBXFileReference; fileEncoding = 4; lastKnownFileType = sourcecode.c.h; name = SearchHistoryDataSource.h; path = Controllers/SearchHistoryDataSource.h; sourceTree = "<group>"; };
		6E1C6F3D0EB5897A00E34D9B /* SearchHistoryDataSource.m */ = {isa = PBXFileReference; fileEncoding = 4; lastKnownFileType = sourcecode.c.objc; name = SearchHistoryDataSource.m; path = Controllers/SearchHistoryDataSource.m; sourceTree = "<group>"; };
		6E1C72E50EB5ABED00E34D9B /* LocationManager.h */ = {isa = PBXFileReference; fileEncoding = 4; lastKnownFileType = sourcecode.c.h; name = LocationManager.h; path = Controllers/LocationManager.h; sourceTree = "<group>"; };
		6E1C72E60EB5ABED00E34D9B /* LocationManager.m */ = {isa = PBXFileReference; fileEncoding = 4; lastKnownFileType = sourcecode.c.objc; name = LocationManager.m; path = Controllers/LocationManager.m; sourceTree = "<group>"; };
		6E1C730A0EB5AEC800E34D9B /* CoreLocation.framework */ = {isa = PBXFileReference; lastKnownFileType = wrapper.framework; name = CoreLocation.framework; path = System/Library/Frameworks/CoreLocation.framework; sourceTree = SDKROOT; };
		6E1C73C10EB5B77700E34D9B /* location.png */ = {isa = PBXFileReference; lastKnownFileType = image.png; path = location.png; sourceTree = "<group>"; };
		6E1C78880EB7063900E34D9B /* trends.png */ = {isa = PBXFileReference; lastKnownFileType = image.png; path = trends.png; sourceTree = "<group>"; };
		6E1FAE8C0EDAC4D7009407F6 /* db1.3.sql */ = {isa = PBXFileReference; lastKnownFileType = file; path = db1.3.sql; sourceTree = "<group>"; };
		6E2BCF250E3596D4003A8F69 /* friends.png */ = {isa = PBXFileReference; lastKnownFileType = image.png; path = friends.png; sourceTree = "<group>"; };
		6E2BD0C00E35AE04003A8F69 /* QuartzCore.framework */ = {isa = PBXFileReference; lastKnownFileType = wrapper.framework; name = QuartzCore.framework; path = System/Library/Frameworks/QuartzCore.framework; sourceTree = SDKROOT; };
		6E2BD11E0E35B3D2003A8F69 /* Default.png */ = {isa = PBXFileReference; lastKnownFileType = image.png; path = Default.png; sourceTree = "<group>"; };
		6E335EA20E3BBE0C008B15BB /* TwitterClient.h */ = {isa = PBXFileReference; fileEncoding = 4; lastKnownFileType = sourcecode.c.h; name = TwitterClient.h; path = Network/TwitterClient.h; sourceTree = "<group>"; };
		6E335EA30E3BBE0C008B15BB /* TwitterClient.m */ = {isa = PBXFileReference; fileEncoding = 4; lastKnownFileType = sourcecode.c.objc; name = TwitterClient.m; path = Network/TwitterClient.m; sourceTree = "<group>"; };
		6E35BD610ED16B5300C332C2 /* QuartzUtils.h */ = {isa = PBXFileReference; fileEncoding = 4; lastKnownFileType = sourcecode.c.h; name = QuartzUtils.h; path = Classes/OtherSources/QuartzUtils.h; sourceTree = "<group>"; };
		6E35BD620ED16B5300C332C2 /* QuartzUtils.c */ = {isa = PBXFileReference; fileEncoding = 4; lastKnownFileType = sourcecode.c.c; name = QuartzUtils.c; path = Classes/OtherSources/QuartzUtils.c; sourceTree = "<group>"; };
		6E382E930EB41E9000B0CE69 /* Settings.bundle */ = {isa = PBXFileReference; lastKnownFileType = "wrapper.plug-in"; path = Settings.bundle; sourceTree = "<group>"; };
		6E38370E0EB4789F00B0CE69 /* favorite.png */ = {isa = PBXFileReference; lastKnownFileType = image.png; path = favorite.png; sourceTree = "<group>"; };
		6E38370F0EB4789F00B0CE69 /* favorited.png */ = {isa = PBXFileReference; lastKnownFileType = image.png; path = favorited.png; sourceTree = "<group>"; };
		6E3B13A90EF8355B00070525 /* Tweet.h */ = {isa = PBXFileReference; fileEncoding = 4; lastKnownFileType = sourcecode.c.h; path = Tweet.h; sourceTree = "<group>"; };
		6E3B13AA0EF835FC00070525 /* Tweet.m */ = {isa = PBXFileReference; fileEncoding = 4; lastKnownFileType = sourcecode.c.objc; path = Tweet.m; sourceTree = "<group>"; };
		6E3B13B60EF8383300070525 /* Status.h */ = {isa = PBXFileReference; fileEncoding = 4; lastKnownFileType = sourcecode.c.h; path = Status.h; sourceTree = "<group>"; };
		6E3B13B70EF8383300070525 /* Status.m */ = {isa = PBXFileReference; fileEncoding = 4; lastKnownFileType = sourcecode.c.objc; path = Status.m; sourceTree = "<group>"; };
		6E3EAB9F0EC8782400599954 /* dist.plist */ = {isa = PBXFileReference; fileEncoding = 4; lastKnownFileType = text.plist.xml; path = dist.plist; sourceTree = "<group>"; };
		6E3EDADC0EB9A2050041687A /* OverlayView.h */ = {isa = PBXFileReference; fileEncoding = 4; lastKnownFileType = sourcecode.c.h; name = OverlayView.h; path = Controllers/OverlayView.h; sourceTree = "<group>"; };
		6E3EDADD0EB9A2050041687A /* OverlayView.m */ = {isa = PBXFileReference; fileEncoding = 4; lastKnownFileType = sourcecode.c.objc; name = OverlayView.m; path = Controllers/OverlayView.m; sourceTree = "<group>"; };
		6E4011F00ECDF786009D452A /* open_safari.png */ = {isa = PBXFileReference; lastKnownFileType = image.png; path = open_safari.png; sourceTree = "<group>"; };
		6E48E2B20EBD2A27005E1837 /* PostImagePickerController.h */ = {isa = PBXFileReference; fileEncoding = 4; lastKnownFileType = sourcecode.c.h; name = PostImagePickerController.h; path = Controllers/PostImagePickerController.h; sourceTree = "<group>"; };
		6E48E2B30EBD2A27005E1837 /* PostImagePickerController.m */ = {isa = PBXFileReference; fileEncoding = 4; lastKnownFileType = sourcecode.c.objc; name = PostImagePickerController.m; path = Controllers/PostImagePickerController.m; sourceTree = "<group>"; };
		6E48E9390EBD7439005E1837 /* PostView.h */ = {isa = PBXFileReference; fileEncoding = 4; lastKnownFileType = sourcecode.c.h; name = PostView.h; path = Controllers/PostView.h; sourceTree = "<group>"; };
		6E48E93A0EBD7439005E1837 /* PostView.m */ = {isa = PBXFileReference; fileEncoding = 4; lastKnownFileType = sourcecode.c.objc; name = PostView.m; path = Controllers/PostView.m; sourceTree = "<group>"; };
		6E5CBCEB0ECF7971008A18A2 /* ImageUtils.h */ = {isa = PBXFileReference; fileEncoding = 4; lastKnownFileType = sourcecode.c.h; name = ImageUtils.h; path = Classes/OtherSources/ImageUtils.h; sourceTree = "<group>"; };
		6E5CBCEC0ECF7971008A18A2 /* ImageUtils.m */ = {isa = PBXFileReference; fileEncoding = 4; lastKnownFileType = sourcecode.c.objc; name = ImageUtils.m; path = Classes/OtherSources/ImageUtils.m; sourceTree = "<group>"; };
		6E68219B0EF7BBB00079EC9E /* ProfileViewController.h */ = {isa = PBXFileReference; fileEncoding = 4; lastKnownFileType = sourcecode.c.h; name = ProfileViewController.h; path = Controllers/ProfileViewController.h; sourceTree = "<group>"; };
		6E68219C0EF7BBB00079EC9E /* ProfileViewController.m */ = {isa = PBXFileReference; fileEncoding = 4; lastKnownFileType = sourcecode.c.objc; name = ProfileViewController.m; path = Controllers/ProfileViewController.m; sourceTree = "<group>"; };
		6E6DC5940EC077FD00F9EB74 /* MainWindow.xib */ = {isa = PBXFileReference; lastKnownFileType = file.xib; name = MainWindow.xib; path = Interfaces/MainWindow.xib; sourceTree = "<group>"; };
		6E6DC5950EC077FD00F9EB74 /* PostView.xib */ = {isa = PBXFileReference; lastKnownFileType = file.xib; name = PostView.xib; path = Interfaces/PostView.xib; sourceTree = "<group>"; };
		6E6DC5960EC077FD00F9EB74 /* SearchHistoryView.xib */ = {isa = PBXFileReference; lastKnownFileType = file.xib; name = SearchHistoryView.xib; path = Interfaces/SearchHistoryView.xib; sourceTree = "<group>"; };
		6E6DC5970EC077FD00F9EB74 /* SearchView.xib */ = {isa = PBXFileReference; lastKnownFileType = file.xib; name = SearchView.xib; path = Interfaces/SearchView.xib; sourceTree = "<group>"; };
		6E6DC5980EC077FD00F9EB74 /* SettingsView.xib */ = {isa = PBXFileReference; lastKnownFileType = file.xib; name = SettingsView.xib; path = Interfaces/SettingsView.xib; sourceTree = "<group>"; };
		6E6DC5990EC077FD00F9EB74 /* TimelineView.xib */ = {isa = PBXFileReference; lastKnownFileType = file.xib; name = TimelineView.xib; path = Interfaces/TimelineView.xib; sourceTree = "<group>"; };
		6E6DC59B0EC077FD00F9EB74 /* WebView.xib */ = {isa = PBXFileReference; lastKnownFileType = file.xib; name = WebView.xib; path = Interfaces/WebView.xib; sourceTree = "<group>"; };
		6E6DC59C0EC077FD00F9EB74 /* FolloweesView.xib */ = {isa = PBXFileReference; lastKnownFileType = file.xib; name = FolloweesView.xib; path = Interfaces/FolloweesView.xib; sourceTree = "<group>"; };
		6E6DC6230EC07F3D00F9EB74 /* camera.png */ = {isa = PBXFileReference; lastKnownFileType = image.png; path = camera.png; sourceTree = "<group>"; };
		6E74DA870ED95AC5000E169F /* TabBarController.m */ = {isa = PBXFileReference; fileEncoding = 4; lastKnownFileType = sourcecode.c.objc; name = TabBarController.m; path = Controllers/TabBarController.m; sourceTree = "<group>"; };
		6E74DA880ED95AC5000E169F /* TabBarController.h */ = {isa = PBXFileReference; fileEncoding = 4; lastKnownFileType = sourcecode.c.h; name = TabBarController.h; path = Controllers/TabBarController.h; sourceTree = "<group>"; };
		6E89F3490EDD230A00778242 /* search_shadow.png */ = {isa = PBXFileReference; lastKnownFileType = image.png; path = search_shadow.png; sourceTree = "<group>"; };
		6E89F5EB0EDD58BF00778242 /* location_small.png */ = {isa = PBXFileReference; lastKnownFileType = image.png; path = location_small.png; sourceTree = "<group>"; };
		6E89F7C40EDE267D00778242 /* CustomSearchBar.m */ = {isa = PBXFileReference; fileEncoding = 4; lastKnownFileType = sourcecode.c.objc; name = CustomSearchBar.m; path = Controllers/CustomSearchBar.m; sourceTree = "<group>"; };
		6E89F7C50EDE267D00778242 /* CustomSearchBar.h */ = {isa = PBXFileReference; fileEncoding = 4; lastKnownFileType = sourcecode.c.h; name = CustomSearchBar.h; path = Controllers/CustomSearchBar.h; sourceTree = "<group>"; };
		6E89F8A80EDE33B600778242 /* BookmarksPressed.png */ = {isa = PBXFileReference; lastKnownFileType = image.png; path = BookmarksPressed.png; sourceTree = "<group>"; };
		6E89F8B40EDE342700778242 /* Bookmarks.png */ = {isa = PBXFileReference; lastKnownFileType = image.png; path = Bookmarks.png; sourceTree = "<group>"; };
		6E89FD600EDEB8BD00778242 /* profileImage.png */ = {isa = PBXFileReference; lastKnownFileType = image.png; path = profileImage.png; sourceTree = "<group>"; };
		6E89FD610EDEB8BD00778242 /* profileImageSmall.png */ = {isa = PBXFileReference; lastKnownFileType = image.png; path = profileImageSmall.png; sourceTree = "<group>"; };
		6E8C57B80ED0AEA300EC9D39 /* UserView.h */ = {isa = PBXFileReference; fileEncoding = 4; lastKnownFileType = sourcecode.c.h; name = UserView.h; path = Controllers/UserView.h; sourceTree = "<group>"; };
		6E8C57B90ED0AEA300EC9D39 /* UserView.m */ = {isa = PBXFileReference; fileEncoding = 4; lastKnownFileType = sourcecode.c.objc; name = UserView.m; path = Controllers/UserView.m; sourceTree = "<group>"; };
		6E943A8E0E64C4FF00E8ECF2 /* TimeUtils.h */ = {isa = PBXFileReference; fileEncoding = 4; lastKnownFileType = sourcecode.c.h; name = TimeUtils.h; path = Classes/OtherSources/TimeUtils.h; sourceTree = "<group>"; };
		6E943A8F0E64C4FF00E8ECF2 /* TimeUtils.m */ = {isa = PBXFileReference; fileEncoding = 4; lastKnownFileType = sourcecode.c.objc; name = TimeUtils.m; path = Classes/OtherSources/TimeUtils.m; sourceTree = "<group>"; };
		6E943F1A0E6527C600E8ECF2 /* usercell_background.png */ = {isa = PBXFileReference; lastKnownFileType = image.png; path = usercell_background.png; sourceTree = "<group>"; };
		6E97A5E40EF8A91100168291 /* DirectMessage.h */ = {isa = PBXFileReference; fileEncoding = 4; lastKnownFileType = sourcecode.c.h; path = DirectMessage.h; sourceTree = "<group>"; };
		6E97A5E50EF8A91100168291 /* DirectMessage.m */ = {isa = PBXFileReference; fileEncoding = 4; lastKnownFileType = sourcecode.c.objc; path = DirectMessage.m; sourceTree = "<group>"; };
		6E97A75B0EF8C78000168291 /* DMTimelineController.h */ = {isa = PBXFileReference; fileEncoding = 4; lastKnownFileType = sourcecode.c.h; name = DMTimelineController.h; path = Controllers/DMTimelineController.h; sourceTree = "<group>"; };
		6E97A75C0EF8C78000168291 /* DMTimelineController.m */ = {isa = PBXFileReference; fileEncoding = 4; lastKnownFileType = sourcecode.c.objc; name = DMTimelineController.m; path = Controllers/DMTimelineController.m; sourceTree = "<group>"; };
		6E97A8810EF8F7DA00168291 /* DirectMessage.xib */ = {isa = PBXFileReference; lastKnownFileType = file.xib; name = DirectMessage.xib; path = Interfaces/DirectMessage.xib; sourceTree = "<group>"; };
		6E97AA8D0EF9142900168291 /* DMConversationController.h */ = {isa = PBXFileReference; fileEncoding = 4; lastKnownFileType = sourcecode.c.h; name = DMConversationController.h; path = Controllers/DMConversationController.h; sourceTree = "<group>"; };
		6E97AA8E0EF9142900168291 /* DMConversationController.m */ = {isa = PBXFileReference; fileEncoding = 4; lastKnownFileType = sourcecode.c.objc; name = DMConversationController.m; path = Controllers/DMConversationController.m; sourceTree = "<group>"; };
		6E97ABB90EF91EC100168291 /* ChatBubbleCell.h */ = {isa = PBXFileReference; fileEncoding = 4; lastKnownFileType = sourcecode.c.h; name = ChatBubbleCell.h; path = Controllers/ChatBubbleCell.h; sourceTree = "<group>"; };
		6E97ABBA0EF91EC100168291 /* ChatBubbleCell.m */ = {isa = PBXFileReference; fileEncoding = 4; lastKnownFileType = sourcecode.c.objc; name = ChatBubbleCell.m; path = Controllers/ChatBubbleCell.m; sourceTree = "<group>"; };
		6E97ABBC0EF91F6C00168291 /* Balloon_2.png */ = {isa = PBXFileReference; lastKnownFileType = image.png; path = Balloon_2.png; sourceTree = "<group>"; };
		6E97ABBD0EF91F6C00168291 /* Balloon_1.png */ = {isa = PBXFileReference; lastKnownFileType = image.png; path = Balloon_1.png; sourceTree = "<group>"; };
		6E97ABE20EF920FE00168291 /* ChatBubbleView.h */ = {isa = PBXFileReference; fileEncoding = 4; lastKnownFileType = sourcecode.c.h; name = ChatBubbleView.h; path = Controllers/ChatBubbleView.h; sourceTree = "<group>"; };
		6E97ABE30EF920FE00168291 /* ChatBubbleView.m */ = {isa = PBXFileReference; fileEncoding = 4; lastKnownFileType = sourcecode.c.objc; name = ChatBubbleView.m; path = Controllers/ChatBubbleView.m; sourceTree = "<group>"; };
		6E97AD150EF93AB800168291 /* update_v12_to_v13.sql */ = {isa = PBXFileReference; fileEncoding = 4; lastKnownFileType = text; path = update_v12_to_v13.sql; sourceTree = "<group>"; };
		6E97AD660EF94B5000168291 /* DirectMessageCellView.h */ = {isa = PBXFileReference; fileEncoding = 4; lastKnownFileType = sourcecode.c.h; name = DirectMessageCellView.h; path = Controllers/DirectMessageCellView.h; sourceTree = "<group>"; };
		6E97AD670EF94B5000168291 /* DirectMessageCellView.m */ = {isa = PBXFileReference; fileEncoding = 4; lastKnownFileType = sourcecode.c.objc; name = DirectMessageCellView.m; path = Controllers/DirectMessageCellView.m; sourceTree = "<group>"; };
		6E97AD730EF94CE800168291 /* DirectMessageCell.h */ = {isa = PBXFileReference; fileEncoding = 4; lastKnownFileType = sourcecode.c.h; name = DirectMessageCell.h; path = Controllers/DirectMessageCell.h; sourceTree = "<group>"; };
		6E97AD740EF94CE800168291 /* DirectMessageCell.m */ = {isa = PBXFileReference; fileEncoding = 4; lastKnownFileType = sourcecode.c.objc; name = DirectMessageCell.m; path = Controllers/DirectMessageCell.m; sourceTree = "<group>"; };
		6EA0C19B0EBB1305000C0CD4 /* friends_small.png */ = {isa = PBXFileReference; lastKnownFileType = image.png; path = friends_small.png; sourceTree = "<group>"; };
		6EADBC070EBD8F8E00093782 /* PostViewController.h */ = {isa = PBXFileReference; fileEncoding = 4; lastKnownFileType = sourcecode.c.h; name = PostViewController.h; path = Controllers/PostViewController.h; sourceTree = "<group>"; };
		6EADBC080EBD8F8E00093782 /* PostViewController.m */ = {isa = PBXFileReference; fileEncoding = 4; lastKnownFileType = sourcecode.c.objc; name = PostViewController.m; path = Controllers/PostViewController.m; sourceTree = "<group>"; };
		6EADC09E0EBDC48D00093782 /* FolloweeCell.h */ = {isa = PBXFileReference; fileEncoding = 4; lastKnownFileType = sourcecode.c.h; name = FolloweeCell.h; path = Controllers/FolloweeCell.h; sourceTree = "<group>"; };
		6EADC09F0EBDC48D00093782 /* FolloweeCell.m */ = {isa = PBXFileReference; fileEncoding = 4; lastKnownFileType = sourcecode.c.objc; name = FolloweeCell.m; path = Controllers/FolloweeCell.m; sourceTree = "<group>"; };
		6EADC0A00EBDC48D00093782 /* FolloweesViewController.h */ = {isa = PBXFileReference; fileEncoding = 4; lastKnownFileType = sourcecode.c.h; name = FolloweesViewController.h; path = Controllers/FolloweesViewController.h; sourceTree = "<group>"; };
		6EADC0A10EBDC48D00093782 /* FolloweesViewController.m */ = {isa = PBXFileReference; fileEncoding = 4; lastKnownFileType = sourcecode.c.objc; name = FolloweesViewController.m; path = Controllers/FolloweesViewController.m; sourceTree = "<group>"; };
		6EAE76020EF3904600BF6CD4 /* FriendsViewController.h */ = {isa = PBXFileReference; fileEncoding = 4; lastKnownFileType = sourcecode.c.h; name = FriendsViewController.h; path = Controllers/FriendsViewController.h; sourceTree = "<group>"; };
		6EAE76030EF3904600BF6CD4 /* FriendsViewController.m */ = {isa = PBXFileReference; fileEncoding = 4; lastKnownFileType = sourcecode.c.objc; name = FriendsViewController.m; path = Controllers/FriendsViewController.m; sourceTree = "<group>"; };
		6EAE81B10EF5BB4300BF6CD4 /* FriendsTimelineController.h */ = {isa = PBXFileReference; fileEncoding = 4; lastKnownFileType = sourcecode.c.h; name = FriendsTimelineController.h; path = Controllers/FriendsTimelineController.h; sourceTree = "<group>"; };
		6EAE81B20EF5BB4300BF6CD4 /* FriendsTimelineController.m */ = {isa = PBXFileReference; fileEncoding = 4; lastKnownFileType = sourcecode.c.objc; name = FriendsTimelineController.m; path = Controllers/FriendsTimelineController.m; sourceTree = "<group>"; };
		6EAE81B30EF5BB4300BF6CD4 /* FriendsTimelineDataSource.h */ = {isa = PBXFileReference; fileEncoding = 4; lastKnownFileType = sourcecode.c.h; name = FriendsTimelineDataSource.h; path = Controllers/FriendsTimelineDataSource.h; sourceTree = "<group>"; };
		6EAE81B40EF5BB4300BF6CD4 /* FriendsTimelineDataSource.m */ = {isa = PBXFileReference; fileEncoding = 4; lastKnownFileType = sourcecode.c.objc; name = FriendsTimelineDataSource.m; path = Controllers/FriendsTimelineDataSource.m; sourceTree = "<group>"; };
		6EAE81B70EF5BB4E00BF6CD4 /* SearchResultsDataSource.h */ = {isa = PBXFileReference; fileEncoding = 4; lastKnownFileType = sourcecode.c.h; name = SearchResultsDataSource.h; path = Controllers/SearchResultsDataSource.h; sourceTree = "<group>"; };
		6EAE81B80EF5BB4E00BF6CD4 /* SearchResultsDataSource.m */ = {isa = PBXFileReference; fileEncoding = 4; lastKnownFileType = sourcecode.c.objc; name = SearchResultsDataSource.m; path = Controllers/SearchResultsDataSource.m; sourceTree = "<group>"; };
		6EAE82AF0EF5CBCB00BF6CD4 /* TimelineDataSource.h */ = {isa = PBXFileReference; fileEncoding = 4; lastKnownFileType = sourcecode.c.h; name = TimelineDataSource.h; path = Controllers/TimelineDataSource.h; sourceTree = "<group>"; };
		6EAE82B00EF5CBCB00BF6CD4 /* TimelineDataSource.m */ = {isa = PBXFileReference; fileEncoding = 4; lastKnownFileType = sourcecode.c.objc; name = TimelineDataSource.m; path = Controllers/TimelineDataSource.m; sourceTree = "<group>"; };
		6EBEE5820EB2F65400C18F0A /* SearchViewController.h */ = {isa = PBXFileReference; fileEncoding = 4; lastKnownFileType = sourcecode.c.h; name = SearchViewController.h; path = Controllers/SearchViewController.h; sourceTree = "<group>"; };
		6EBEE5830EB2F65400C18F0A /* SearchViewController.m */ = {isa = PBXFileReference; fileEncoding = 4; lastKnownFileType = sourcecode.c.objc; name = SearchViewController.m; path = Controllers/SearchViewController.m; sourceTree = "<group>"; };
		6EC53C380EF805FE009BCC92 /* DBConnection.h */ = {isa = PBXFileReference; fileEncoding = 4; lastKnownFileType = sourcecode.c.h; path = DBConnection.h; sourceTree = "<group>"; };
		6EC53C390EF805FE009BCC92 /* DBConnection.m */ = {isa = PBXFileReference; fileEncoding = 4; lastKnownFileType = sourcecode.c.objc; path = DBConnection.m; sourceTree = "<group>"; };
		6EC53C3A0EF805FE009BCC92 /* Followee.h */ = {isa = PBXFileReference; fileEncoding = 4; lastKnownFileType = sourcecode.c.h; path = Followee.h; sourceTree = "<group>"; };
		6EC53C3B0EF805FE009BCC92 /* Followee.m */ = {isa = PBXFileReference; fileEncoding = 4; lastKnownFileType = sourcecode.c.objc; path = Followee.m; sourceTree = "<group>"; };
		6EC53C400EF805FE009BCC92 /* User.h */ = {isa = PBXFileReference; fileEncoding = 4; lastKnownFileType = sourcecode.c.h; path = User.h; sourceTree = "<group>"; };
		6EC53C410EF805FE009BCC92 /* User.m */ = {isa = PBXFileReference; fileEncoding = 4; lastKnownFileType = sourcecode.c.objc; path = User.m; sourceTree = "<group>"; };
		6EC53C690EF806EB009BCC92 /* JSON.h */ = {isa = PBXFileReference; fileEncoding = 4; lastKnownFileType = sourcecode.c.h; path = JSON.h; sourceTree = "<group>"; };
		6EC53C6A0EF806EB009BCC92 /* NSObject+SBJSON.h */ = {isa = PBXFileReference; fileEncoding = 4; lastKnownFileType = sourcecode.c.h; path = "NSObject+SBJSON.h"; sourceTree = "<group>"; };
		6EC53C6B0EF806EB009BCC92 /* NSObject+SBJSON.m */ = {isa = PBXFileReference; fileEncoding = 4; lastKnownFileType = sourcecode.c.objc; path = "NSObject+SBJSON.m"; sourceTree = "<group>"; };
		6EC53C6C0EF806EB009BCC92 /* NSString+SBJSON.h */ = {isa = PBXFileReference; fileEncoding = 4; lastKnownFileType = sourcecode.c.h; path = "NSString+SBJSON.h"; sourceTree = "<group>"; };
		6EC53C6D0EF806EB009BCC92 /* NSString+SBJSON.m */ = {isa = PBXFileReference; fileEncoding = 4; lastKnownFileType = sourcecode.c.objc; path = "NSString+SBJSON.m"; sourceTree = "<group>"; };
		6EC53C6E0EF806EB009BCC92 /* SBJSON.h */ = {isa = PBXFileReference; fileEncoding = 4; lastKnownFileType = sourcecode.c.h; path = SBJSON.h; sourceTree = "<group>"; };
		6EC53C6F0EF806EB009BCC92 /* SBJSON.m */ = {isa = PBXFileReference; fileEncoding = 4; lastKnownFileType = sourcecode.c.objc; path = SBJSON.m; sourceTree = "<group>"; };
		6ECCAD950EBE5B2E002B39F6 /* SearchHistoryViewController.h */ = {isa = PBXFileReference; fileEncoding = 4; lastKnownFileType = sourcecode.c.h; name = SearchHistoryViewController.h; path = Controllers/SearchHistoryViewController.h; sourceTree = "<group>"; };
		6ECCAD960EBE5B2E002B39F6 /* SearchHistoryViewController.m */ = {isa = PBXFileReference; fileEncoding = 4; lastKnownFileType = sourcecode.c.objc; name = SearchHistoryViewController.m; path = Controllers/SearchHistoryViewController.m; sourceTree = "<group>"; };
		6ECD903E0EBEF9F400C3CD4D /* TwitPicClient.h */ = {isa = PBXFileReference; fileEncoding = 4; lastKnownFileType = sourcecode.c.h; name = TwitPicClient.h; path = Network/TwitPicClient.h; sourceTree = "<group>"; };
		6ECD903F0EBEF9F400C3CD4D /* TwitPicClient.m */ = {isa = PBXFileReference; fileEncoding = 4; lastKnownFileType = sourcecode.c.objc; name = TwitPicClient.m; path = Network/TwitPicClient.m; sourceTree = "<group>"; };
		6ED17FA50E38D3A0006E8AB7 /* forward.png */ = {isa = PBXFileReference; lastKnownFileType = image.png; path = forward.png; sourceTree = "<group>"; };
		6ED17FA60E38D3A0006E8AB7 /* back.png */ = {isa = PBXFileReference; lastKnownFileType = image.png; path = back.png; sourceTree = "<group>"; };
		6EDC01230E33E6DA00FF142E /* libsqlite3.0.dylib */ = {isa = PBXFileReference; lastKnownFileType = "compiled.mach-o.dylib"; name = libsqlite3.0.dylib; path = usr/lib/libsqlite3.0.dylib; sourceTree = SDKROOT; };
		6EDC012E0E33E6F000FF142E /* CoreGraphics.framework */ = {isa = PBXFileReference; lastKnownFileType = wrapper.framework; name = CoreGraphics.framework; path = System/Library/Frameworks/CoreGraphics.framework; sourceTree = SDKROOT; };
		6EDD27720E3B5429002E09A0 /* TinyURL.h */ = {isa = PBXFileReference; fileEncoding = 4; lastKnownFileType = sourcecode.c.h; name = TinyURL.h; path = Network/TinyURL.h; sourceTree = "<group>"; };
		6EDD27730E3B5429002E09A0 /* TinyURL.m */ = {isa = PBXFileReference; fileEncoding = 4; lastKnownFileType = sourcecode.c.objc; name = TinyURL.m; path = Network/TinyURL.m; sourceTree = "<group>"; };
		6EE9354B0E42FFF6008084DF /* ProgressWindow.h */ = {isa = PBXFileReference; fileEncoding = 4; lastKnownFileType = sourcecode.c.h; name = ProgressWindow.h; path = Controllers/ProgressWindow.h; sourceTree = "<group>"; };
		6EE9354C0E42FFF6008084DF /* ProgressWindow.m */ = {isa = PBXFileReference; fileEncoding = 4; lastKnownFileType = sourcecode.c.objc; name = ProgressWindow.m; path = Controllers/ProgressWindow.m; sourceTree = "<group>"; };
		6EEBF6F90E3B1F390003EA63 /* ImageDownloader.h */ = {isa = PBXFileReference; fileEncoding = 4; lastKnownFileType = sourcecode.c.h; name = ImageDownloader.h; path = Network/ImageDownloader.h; sourceTree = "<group>"; };
		6EEBF6FA0E3B1F390003EA63 /* ImageDownloader.m */ = {isa = PBXFileReference; fileEncoding = 4; lastKnownFileType = sourcecode.c.objc; name = ImageDownloader.m; path = Network/ImageDownloader.m; sourceTree = "<group>"; };
		6EEBF7030E3B1FD40003EA63 /* ColorUtils.h */ = {isa = PBXFileReference; fileEncoding = 4; lastKnownFileType = sourcecode.c.h; name = ColorUtils.h; path = Classes/OtherSources/ColorUtils.h; sourceTree = "<group>"; };
		6EEBF7040E3B1FD40003EA63 /* ColorUtils.m */ = {isa = PBXFileReference; fileEncoding = 4; lastKnownFileType = sourcecode.c.objc; name = ColorUtils.m; path = Classes/OtherSources/ColorUtils.m; sourceTree = "<group>"; };
		6EEBF7050E3B1FD40003EA63 /* main.m */ = {isa = PBXFileReference; fileEncoding = 4; lastKnownFileType = sourcecode.c.objc; name = main.m; path = Classes/OtherSources/main.m; sourceTree = "<group>"; };
		6EEBF7060E3B1FD40003EA63 /* REString.h */ = {isa = PBXFileReference; fileEncoding = 4; lastKnownFileType = sourcecode.c.h; name = REString.h; path = Classes/OtherSources/REString.h; sourceTree = "<group>"; };
		6EEBF7070E3B1FD40003EA63 /* REString.m */ = {isa = PBXFileReference; fileEncoding = 4; lastKnownFileType = sourcecode.c.objc; name = REString.m; path = Classes/OtherSources/REString.m; sourceTree = "<group>"; };
		6EEBF7080E3B1FD40003EA63 /* StringUtil.h */ = {isa = PBXFileReference; fileEncoding = 4; lastKnownFileType = sourcecode.c.h; name = StringUtil.h; path = Classes/OtherSources/StringUtil.h; sourceTree = "<group>"; };
		6EEBF7090E3B1FD40003EA63 /* StringUtil.m */ = {isa = PBXFileReference; fileEncoding = 4; lastKnownFileType = sourcecode.c.objc; name = StringUtil.m; path = Classes/OtherSources/StringUtil.m; sourceTree = "<group>"; };
		6EEBF70A0E3B1FD40003EA63 /* TwitterFonAppDelegate.h */ = {isa = PBXFileReference; fileEncoding = 4; lastKnownFileType = sourcecode.c.h; name = TwitterFonAppDelegate.h; path = OtherSources/TwitterFonAppDelegate.h; sourceTree = "<group>"; };
		6EEBF70B0E3B1FD40003EA63 /* TwitterFonAppDelegate.m */ = {isa = PBXFileReference; fileEncoding = 4; lastKnownFileType = sourcecode.c.objc; name = TwitterFonAppDelegate.m; path = OtherSources/TwitterFonAppDelegate.m; sourceTree = "<group>"; };
		6EEBF7110E3B20610003EA63 /* SettingsViewController.h */ = {isa = PBXFileReference; fileEncoding = 4; lastKnownFileType = sourcecode.c.h; name = SettingsViewController.h; path = Controllers/SettingsViewController.h; sourceTree = "<group>"; };
		6EEBF7130E3B20610003EA63 /* SettingsViewController.m */ = {isa = PBXFileReference; fileEncoding = 4; lastKnownFileType = sourcecode.c.objc; name = SettingsViewController.m; path = Controllers/SettingsViewController.m; sourceTree = "<group>"; };
		6EEBF7260E3B209A0003EA63 /* WebViewController.h */ = {isa = PBXFileReference; fileEncoding = 4; lastKnownFileType = sourcecode.c.h; name = WebViewController.h; path = Controllers/WebViewController.h; sourceTree = "<group>"; };
		6EEBF7270E3B209A0003EA63 /* WebViewController.m */ = {isa = PBXFileReference; fileEncoding = 4; lastKnownFileType = sourcecode.c.objc; name = WebViewController.m; path = Controllers/WebViewController.m; sourceTree = "<group>"; };
		6EED14070E33E59B00C71EA4 /* ImageStore.h */ = {isa = PBXFileReference; fileEncoding = 4; lastKnownFileType = sourcecode.c.h; path = ImageStore.h; sourceTree = "<group>"; };
		6EED14080E33E59B00C71EA4 /* ImageStore.m */ = {isa = PBXFileReference; fileEncoding = 4; lastKnownFileType = sourcecode.c.objc; path = ImageStore.m; sourceTree = "<group>"; };
		6EED14090E33E59B00C71EA4 /* ProfileImage.h */ = {isa = PBXFileReference; fileEncoding = 4; lastKnownFileType = sourcecode.c.h; path = ProfileImage.h; sourceTree = "<group>"; };
		6EED140A0E33E59B00C71EA4 /* ProfileImage.m */ = {isa = PBXFileReference; fileEncoding = 4; lastKnownFileType = sourcecode.c.objc; path = ProfileImage.m; sourceTree = "<group>"; };
		6EED14410E33E5BF00C71EA4 /* Icon.png */ = {isa = PBXFileReference; lastKnownFileType = image.png; path = Icon.png; sourceTree = "<group>"; };
		6EED14450E33E5BF00C71EA4 /* messages.png */ = {isa = PBXFileReference; lastKnownFileType = image.png; path = messages.png; sourceTree = "<group>"; };
		6EED14490E33E5BF00C71EA4 /* replies.png */ = {isa = PBXFileReference; lastKnownFileType = image.png; path = replies.png; sourceTree = "<group>"; };
		6EF838340EF5E4EB001523B4 /* ImageStoreReceiver.h */ = {isa = PBXFileReference; fileEncoding = 4; lastKnownFileType = sourcecode.c.h; path = ImageStoreReceiver.h; sourceTree = "<group>"; };
		6EF838350EF5E4EB001523B4 /* ImageStoreReceiver.m */ = {isa = PBXFileReference; fileEncoding = 4; lastKnownFileType = sourcecode.c.objc; path = ImageStoreReceiver.m; sourceTree = "<group>"; };
		6EF9FE0D0EF80E5900EF8D1B /* Timeline.h */ = {isa = PBXFileReference; fileEncoding = 4; lastKnownFileType = sourcecode.c.h; name = Timeline.h; path = Controllers/Timeline.h; sourceTree = "<group>"; };
		6EF9FE0E0EF80E5900EF8D1B /* Timeline.m */ = {isa = PBXFileReference; fileEncoding = 4; lastKnownFileType = sourcecode.c.objc; name = Timeline.m; path = Controllers/Timeline.m; sourceTree = "<group>"; };
		6EF9FE230EF8100E00EF8D1B /* TweetCellBase.h */ = {isa = PBXFileReference; fileEncoding = 4; lastKnownFileType = sourcecode.c.h; name = TweetCellBase.h; path = Controllers/TweetCellBase.h; sourceTree = "<group>"; };
		6EF9FE240EF8100E00EF8D1B /* TweetCellBase.m */ = {isa = PBXFileReference; fileEncoding = 4; lastKnownFileType = sourcecode.c.objc; name = TweetCellBase.m; path = Controllers/TweetCellBase.m; sourceTree = "<group>"; };
		6EF9FE250EF8100E00EF8D1B /* TweetCellView.h */ = {isa = PBXFileReference; fileEncoding = 4; lastKnownFileType = sourcecode.c.h; name = TweetCellView.h; path = Controllers/TweetCellView.h; sourceTree = "<group>"; };
		6EF9FE260EF8100E00EF8D1B /* TweetCellView.m */ = {isa = PBXFileReference; fileEncoding = 4; lastKnownFileType = sourcecode.c.objc; name = TweetCellView.m; path = Controllers/TweetCellView.m; sourceTree = "<group>"; };
		6EF9FE290EF8101C00EF8D1B /* TimelineCell.h */ = {isa = PBXFileReference; fileEncoding = 4; lastKnownFileType = sourcecode.c.h; name = TimelineCell.h; path = Controllers/TimelineCell.h; sourceTree = "<group>"; };
		6EF9FE2A0EF8101C00EF8D1B /* TimelineCell.m */ = {isa = PBXFileReference; fileEncoding = 4; lastKnownFileType = sourcecode.c.objc; name = TimelineCell.m; path = Controllers/TimelineCell.m; sourceTree = "<group>"; };
		6EF9FEDC0EF810C200EF8D1B /* UserTimelineCell.h */ = {isa = PBXFileReference; fileEncoding = 4; lastKnownFileType = sourcecode.c.h; name = UserTimelineCell.h; path = Controllers/UserTimelineCell.h; sourceTree = "<group>"; };
		6EF9FEDD0EF810C200EF8D1B /* UserTimelineCell.m */ = {isa = PBXFileReference; fileEncoding = 4; lastKnownFileType = sourcecode.c.objc; name = UserTimelineCell.m; path = Controllers/UserTimelineCell.m; sourceTree = "<group>"; };
		6EFC286E0EBDD46D00FBBB3D /* LinkViewController.h */ = {isa = PBXFileReference; fileEncoding = 4; lastKnownFileType = sourcecode.c.h; name = LinkViewController.h; path = Controllers/LinkViewController.h; sourceTree = "<group>"; };
		6EFC286F0EBDD46D00FBBB3D /* LinkViewController.m */ = {isa = PBXFileReference; fileEncoding = 4; lastKnownFileType = sourcecode.c.objc; name = LinkViewController.m; path = Controllers/LinkViewController.m; sourceTree = "<group>"; };
		8D1107310486CEB800E47090 /* Info.plist */ = {isa = PBXFileReference; fileEncoding = 4; lastKnownFileType = text.plist.xml; path = Info.plist; sourceTree = "<group>"; };
/* End PBXFileReference section */

/* Begin PBXFrameworksBuildPhase section */
		1D60588F0D05DD3D006BFB54 /* Frameworks */ = {
			isa = PBXFrameworksBuildPhase;
			buildActionMask = 2147483647;
			files = (
				1D60589F0D05DD5A006BFB54 /* Foundation.framework in Frameworks */,
				1DF5F4E00D08C38300B7A737 /* UIKit.framework in Frameworks */,
				6EDC01240E33E6DA00FF142E /* libsqlite3.0.dylib in Frameworks */,
				6EDC012F0E33E6F000FF142E /* CoreGraphics.framework in Frameworks */,
				6E2BD0C10E35AE04003A8F69 /* QuartzCore.framework in Frameworks */,
				6E1C730B0EB5AEC800E34D9B /* CoreLocation.framework in Frameworks */,
			);
			runOnlyForDeploymentPostprocessing = 0;
		};
/* End PBXFrameworksBuildPhase section */

/* Begin PBXGroup section */
		080E96DDFE201D6D7F000001 /* Classes */ = {
			isa = PBXGroup;
			children = (
				6EEBF6C90E3AE3780003EA63 /* Network */,
				6EDC025B0E34537600FF142E /* Controllers */,
				6EED14040E33E59B00C71EA4 /* ImageStore */,
				6EC53C370EF805FE009BCC92 /* Models */,
			);
			path = Classes;
			sourceTree = "<group>";
		};
		19C28FACFE9D520D11CA2CBB /* Products */ = {
			isa = PBXGroup;
			children = (
				1D6058910D05DD3D006BFB54 /* TwitterFon.app */,
			);
			name = Products;
			sourceTree = "<group>";
		};
		29B97314FDCFA39411CA2CEA /* TwitterFon */ = {
			isa = PBXGroup;
			children = (
				080E96DDFE201D6D7F000001 /* Classes */,
				29B97315FDCFA39411CA2CEA /* Other Sources */,
				29B97317FDCFA39411CA2CEA /* Resources */,
				29B97323FDCFA39411CA2CEA /* Frameworks */,
				19C28FACFE9D520D11CA2CBB /* Products */,
			);
			name = TwitterFon;
			sourceTree = "<group>";
		};
		29B97315FDCFA39411CA2CEA /* Other Sources */ = {
			isa = PBXGroup;
			children = (
				6EC53C680EF806EB009BCC92 /* JSON */,
				6EEBF7030E3B1FD40003EA63 /* ColorUtils.h */,
				6EEBF7040E3B1FD40003EA63 /* ColorUtils.m */,
				6E138FEE0E67F76A0037BE46 /* DebugUtils.h */,
				6EEBF7050E3B1FD40003EA63 /* main.m */,
				6EEBF7060E3B1FD40003EA63 /* REString.h */,
				6EEBF7070E3B1FD40003EA63 /* REString.m */,
				6EEBF7080E3B1FD40003EA63 /* StringUtil.h */,
				6EEBF7090E3B1FD40003EA63 /* StringUtil.m */,
				6E5CBCEB0ECF7971008A18A2 /* ImageUtils.h */,
				6E5CBCEC0ECF7971008A18A2 /* ImageUtils.m */,
				6E943A8E0E64C4FF00E8ECF2 /* TimeUtils.h */,
				6E943A8F0E64C4FF00E8ECF2 /* TimeUtils.m */,
				28A0AB4B0D9B1048005BE974 /* TwitterFon_Prefix.pch */,
				6E35BD610ED16B5300C332C2 /* QuartzUtils.h */,
				6E35BD620ED16B5300C332C2 /* QuartzUtils.c */,
			);
			name = "Other Sources";
			sourceTree = "<group>";
		};
		29B97317FDCFA39411CA2CEA /* Resources */ = {
			isa = PBXGroup;
			children = (
				6E3EAB9F0EC8782400599954 /* dist.plist */,
				6ECCAD9D0EBE5B53002B39F6 /* interfaces */,
				6EED14400E33E5BF00C71EA4 /* Images */,
				8D1107310486CEB800E47090 /* Info.plist */,
				6E1FAE8C0EDAC4D7009407F6 /* db1.3.sql */,
				6E97AD150EF93AB800168291 /* update_v12_to_v13.sql */,
				6E382E930EB41E9000B0CE69 /* Settings.bundle */,
			);
			name = Resources;
			sourceTree = "<group>";
		};
		29B97323FDCFA39411CA2CEA /* Frameworks */ = {
			isa = PBXGroup;
			children = (
				6E1C730A0EB5AEC800E34D9B /* CoreLocation.framework */,
				6E2BD0C00E35AE04003A8F69 /* QuartzCore.framework */,
				6EDC01230E33E6DA00FF142E /* libsqlite3.0.dylib */,
				6EDC012E0E33E6F000FF142E /* CoreGraphics.framework */,
				1DF5F4DF0D08C38300B7A737 /* UIKit.framework */,
				1D30AB110D05D00D00671497 /* Foundation.framework */,
			);
			name = Frameworks;
			sourceTree = "<group>";
		};
		6E08A3530EDFC147000D25FE /* CustomSearchBar */ = {
			isa = PBXGroup;
			children = (
				6E08ABDF0EE0999C000D25FE /* SearchBarLeftButtonPressed.png */,
				6E08ABE00EE0999C000D25FE /* SearchBarLeftEdgePressed.png */,
				6E08ABE10EE0999C000D25FE /* SearchBarLeftPressed.png */,
				6E89F8B40EDE342700778242 /* Bookmarks.png */,
				6E89F8A80EDE33B600778242 /* BookmarksPressed.png */,
				6E89F5EB0EDD58BF00778242 /* location_small.png */,
				6E089FA20EDF84FF000D25FE /* SearchBarBody.png */,
				6E089FA30EDF84FF000D25FE /* SearchBarLeft.png */,
				6E089FA40EDF84FF000D25FE /* SearchBarLeftButton.png */,
				6E089FA50EDF84FF000D25FE /* SearchBarLeftEdge.png */,
				6E089FA60EDF84FF000D25FE /* SearchBarRight.png */,
			);
			name = CustomSearchBar;
			sourceTree = "<group>";
		};
		6E08A3540EDFC169000D25FE /* WebView */ = {
			isa = PBXGroup;
			children = (
				6ED17FA50E38D3A0006E8AB7 /* forward.png */,
				6ED17FA60E38D3A0006E8AB7 /* back.png */,
				6E4011F00ECDF786009D452A /* open_safari.png */,
			);
			name = WebView;
			sourceTree = "<group>";
		};
		6E08A3550EDFC185000D25FE /* TabBar */ = {
			isa = PBXGroup;
			children = (
				6E2BCF250E3596D4003A8F69 /* friends.png */,
				6EED14490E33E5BF00C71EA4 /* replies.png */,
				6EED14450E33E5BF00C71EA4 /* messages.png */,
			);
			name = TabBar;
			sourceTree = "<group>";
		};
		6E08A3630EDFC1AD000D25FE /* Post */ = {
			isa = PBXGroup;
			children = (
				6E6DC6230EC07F3D00F9EB74 /* camera.png */,
				6EA0C19B0EBB1305000C0CD4 /* friends_small.png */,
				6E1C73C10EB5B77700E34D9B /* location.png */,
			);
			name = Post;
			sourceTree = "<group>";
		};
		6E08A3640EDFC1D5000D25FE /* UserView */ = {
			isa = PBXGroup;
			children = (
				6E38370E0EB4789F00B0CE69 /* favorite.png */,
				6E38370F0EB4789F00B0CE69 /* favorited.png */,
				6E943F1A0E6527C600E8ECF2 /* usercell_background.png */,
				6E021A720E60109000D0869A /* lock.png */,
				6E0378300EF352A20045CD12 /* deleteButton_pressed.png */,
				6E0378310EF352A20045CD12 /* deleteButton.png */,
			);
			name = UserView;
			sourceTree = "<group>";
		};
		6E08A3650EDFC20D000D25FE /* Timeline */ = {
			isa = PBXGroup;
			children = (
				6E89FD600EDEB8BD00778242 /* profileImage.png */,
				6E89FD610EDEB8BD00778242 /* profileImageSmall.png */,
			);
			name = Timeline;
			sourceTree = "<group>";
		};
		6E08A3660EDFC226000D25FE /* Search */ = {
			isa = PBXGroup;
			children = (
				6E08AB8E0EE08CA0000D25FE /* distancePickerButton.png */,
				6E08AB8F0EE08CA0000D25FE /* distancePickerButtonPressed.png */,
				6E89F3490EDD230A00778242 /* search_shadow.png */,
				6E1C78880EB7063900E34D9B /* trends.png */,
			);
			name = Search;
			sourceTree = "<group>";
		};
		6E1BE7BF0EF7C0370075881E /* DirectMessage */ = {
			isa = PBXGroup;
			children = (
				6E97A75B0EF8C78000168291 /* DMTimelineController.h */,
				6E97A75C0EF8C78000168291 /* DMTimelineController.m */,
				6E97AD730EF94CE800168291 /* DirectMessageCell.h */,
				6E97AD740EF94CE800168291 /* DirectMessageCell.m */,
				6E97AD660EF94B5000168291 /* DirectMessageCellView.h */,
				6E97AD670EF94B5000168291 /* DirectMessageCellView.m */,
			);
			name = DirectMessage;
			sourceTree = "<group>";
		};
		6E1FAB400EDA6A39009407F6 /* Profile */ = {
			isa = PBXGroup;
			children = (
				6E68219B0EF7BBB00079EC9E /* ProfileViewController.h */,
				6E68219C0EF7BBB00079EC9E /* ProfileViewController.m */,
			);
			name = Profile;
			sourceTree = "<group>";
		};
		6E38EF7F0E38275300887690 /* Web */ = {
			isa = PBXGroup;
			children = (
				6EEBF7260E3B209A0003EA63 /* WebViewController.h */,
				6EEBF7270E3B209A0003EA63 /* WebViewController.m */,
			);
			name = Web;
			sourceTree = "<group>";
		};
		6E6846AC0EE2D7D6009847F3 /* UserTimeline */ = {
			isa = PBXGroup;
			children = (
				6E08FB9C0E5D266B00106492 /* UserCell.h */,
				6E08FB9D0E5D266B00106492 /* UserCell.m */,
				6EF9FEDC0EF810C200EF8D1B /* UserTimelineCell.h */,
				6EF9FEDD0EF810C200EF8D1B /* UserTimelineCell.m */,
				6E08FB750E5D252200106492 /* UserTimelineController.h */,
				6E08FB760E5D252200106492 /* UserTimelineController.m */,
			);
			name = UserTimeline;
			sourceTree = "<group>";
		};
		6E74D0E20EF7B440003BB7B1 /* Tweets */ = {
			isa = PBXGroup;
			children = (
				6E8C57B80ED0AEA300EC9D39 /* UserView.h */,
				6E8C57B90ED0AEA300EC9D39 /* UserView.m */,
				6E03783D0EF354030045CD12 /* DeleteButtonCell.h */,
				6E03783E0EF354030045CD12 /* DeleteButtonCell.m */,
				6E1BE78C0EF7BF4C0075881E /* TweetViewActionCell.h */,
				6E1BE78D0EF7BF4C0075881E /* TweetViewActionCell.m */,
				6E1BE78E0EF7BF4C0075881E /* TweetViewController.h */,
				6E1BE78F0EF7BF4C0075881E /* TweetViewController.m */,
			);
			name = Tweets;
			sourceTree = "<group>";
		};
		6E74DA700ED957EC000E169F /* Application */ = {
			isa = PBXGroup;
			children = (
				6EEBF70A0E3B1FD40003EA63 /* TwitterFonAppDelegate.h */,
				6EEBF70B0E3B1FD40003EA63 /* TwitterFonAppDelegate.m */,
				6E74DA880ED95AC5000E169F /* TabBarController.h */,
				6E74DA870ED95AC5000E169F /* TabBarController.m */,
			);
			name = Application;
			sourceTree = "<group>";
		};
		6E8265C80E375119005D2370 /* Post */ = {
			isa = PBXGroup;
			children = (
				6EADBC070EBD8F8E00093782 /* PostViewController.h */,
				6EADBC080EBD8F8E00093782 /* PostViewController.m */,
				6E48E9390EBD7439005E1837 /* PostView.h */,
				6E48E93A0EBD7439005E1837 /* PostView.m */,
				6E48E2B20EBD2A27005E1837 /* PostImagePickerController.h */,
				6E48E2B30EBD2A27005E1837 /* PostImagePickerController.m */,
				6EE9354B0E42FFF6008084DF /* ProgressWindow.h */,
				6EE9354C0E42FFF6008084DF /* ProgressWindow.m */,
				6EADC0A00EBDC48D00093782 /* FolloweesViewController.h */,
				6EADC0A10EBDC48D00093782 /* FolloweesViewController.m */,
			);
			name = Post;
			sourceTree = "<group>";
		};
		6E8265C90E375122005D2370 /* Timeline */ = {
			isa = PBXGroup;
			children = (
				6EF9FE0D0EF80E5900EF8D1B /* Timeline.h */,
				6EF9FE0E0EF80E5900EF8D1B /* Timeline.m */,
				6EAE82AF0EF5CBCB00BF6CD4 /* TimelineDataSource.h */,
				6EAE82B00EF5CBCB00BF6CD4 /* TimelineDataSource.m */,
				6EF9FE230EF8100E00EF8D1B /* TweetCellBase.h */,
				6EF9FE240EF8100E00EF8D1B /* TweetCellBase.m */,
				6EF9FE250EF8100E00EF8D1B /* TweetCellView.h */,
				6EF9FE260EF8100E00EF8D1B /* TweetCellView.m */,
				6EF9FE290EF8101C00EF8D1B /* TimelineCell.h */,
				6EF9FE2A0EF8101C00EF8D1B /* TimelineCell.m */,
				6E10290F0E5D362C00440C58 /* LoadCell.h */,
				6E1029100E5D362C00440C58 /* LoadCell.m */,
			);
			name = Timeline;
			sourceTree = "<group>";
		};
		6E8265CA0E37513B005D2370 /* Settings */ = {
			isa = PBXGroup;
			children = (
				6EEBF7110E3B20610003EA63 /* SettingsViewController.h */,
				6EEBF7130E3B20610003EA63 /* SettingsViewController.m */,
			);
			name = Settings;
			sourceTree = "<group>";
		};
		6E97ABC00EF91F7100168291 /* Conversation */ = {
			isa = PBXGroup;
			children = (
				6E97ABBD0EF91F6C00168291 /* Balloon_1.png */,
				6E97ABBC0EF91F6C00168291 /* Balloon_2.png */,
			);
			name = Conversation;
			sourceTree = "<group>";
		};
		6E97AE610EF951FC00168291 /* Conversation */ = {
			isa = PBXGroup;
			children = (
				6E97AA8D0EF9142900168291 /* DMConversationController.h */,
				6E97AA8E0EF9142900168291 /* DMConversationController.m */,
				6E97ABB90EF91EC100168291 /* ChatBubbleCell.h */,
				6E97ABBA0EF91EC100168291 /* ChatBubbleCell.m */,
				6E97ABE20EF920FE00168291 /* ChatBubbleView.h */,
				6E97ABE30EF920FE00168291 /* ChatBubbleView.m */,
			);
			name = Conversation;
			sourceTree = "<group>";
		};
		6EAE759B0EF3870700BF6CD4 /* Links */ = {
			isa = PBXGroup;
			children = (
				6EFC286E0EBDD46D00FBBB3D /* LinkViewController.h */,
				6EFC286F0EBDD46D00FBBB3D /* LinkViewController.m */,
			);
			name = Links;
			sourceTree = "<group>";
		};
		6EAE75FE0EF38FA100BF6CD4 /* Friends */ = {
			isa = PBXGroup;
			children = (
				6EADC09E0EBDC48D00093782 /* FolloweeCell.h */,
				6EADC09F0EBDC48D00093782 /* FolloweeCell.m */,
				6EAE76020EF3904600BF6CD4 /* FriendsViewController.h */,
				6EAE76030EF3904600BF6CD4 /* FriendsViewController.m */,
			);
			name = Friends;
			sourceTree = "<group>";
		};
		6EAE81540EF5B54100BF6CD4 /* FriendsTimeline */ = {
			isa = PBXGroup;
			children = (
				6EAE81B10EF5BB4300BF6CD4 /* FriendsTimelineController.h */,
				6EAE81B20EF5BB4300BF6CD4 /* FriendsTimelineController.m */,
				6EAE81B30EF5BB4300BF6CD4 /* FriendsTimelineDataSource.h */,
				6EAE81B40EF5BB4300BF6CD4 /* FriendsTimelineDataSource.m */,
			);
			name = FriendsTimeline;
			sourceTree = "<group>";
		};
		6EBEE5790EB2F58E00C18F0A /* Search */ = {
			isa = PBXGroup;
			children = (
				6E3EDADC0EB9A2050041687A /* OverlayView.h */,
				6E3EDADD0EB9A2050041687A /* OverlayView.m */,
				6EBEE5820EB2F65400C18F0A /* SearchViewController.h */,
				6EBEE5830EB2F65400C18F0A /* SearchViewController.m */,
				6EAE81B70EF5BB4E00BF6CD4 /* SearchResultsDataSource.h */,
				6EAE81B80EF5BB4E00BF6CD4 /* SearchResultsDataSource.m */,
				6E1C6E750EB53E4700E34D9B /* TrendsDataSource.h */,
				6E1C6E760EB53E4700E34D9B /* TrendsDataSource.m */,
				6E1C6F3C0EB5897A00E34D9B /* SearchHistoryDataSource.h */,
				6E1C6F3D0EB5897A00E34D9B /* SearchHistoryDataSource.m */,
				6ECCAD950EBE5B2E002B39F6 /* SearchHistoryViewController.h */,
				6ECCAD960EBE5B2E002B39F6 /* SearchHistoryViewController.m */,
				6E1C72E50EB5ABED00E34D9B /* LocationManager.h */,
				6E1C72E60EB5ABED00E34D9B /* LocationManager.m */,
				6E08A88B0EE00DB9000D25FE /* LocationDistanceWindow.h */,
				6E08A88C0EE00DB9000D25FE /* LocationDistanceWindow.m */,
				6ED501750EE11EE300087B83 /* CustomSearchBar */,
			);
			name = Search;
			sourceTree = "<group>";
		};
		6EC53C370EF805FE009BCC92 /* Models */ = {
			isa = PBXGroup;
			children = (
				6EC53C380EF805FE009BCC92 /* DBConnection.h */,
				6EC53C390EF805FE009BCC92 /* DBConnection.m */,
				6EC53C3A0EF805FE009BCC92 /* Followee.h */,
				6EC53C3B0EF805FE009BCC92 /* Followee.m */,
				6EC53C400EF805FE009BCC92 /* User.h */,
				6EC53C410EF805FE009BCC92 /* User.m */,
				6E3B13A90EF8355B00070525 /* Tweet.h */,
				6E3B13AA0EF835FC00070525 /* Tweet.m */,
				6E3B13B60EF8383300070525 /* Status.h */,
				6E3B13B70EF8383300070525 /* Status.m */,
				6E97A5E40EF8A91100168291 /* DirectMessage.h */,
				6E97A5E50EF8A91100168291 /* DirectMessage.m */,
			);
			path = Models;
			sourceTree = "<group>";
		};
		6EC53C680EF806EB009BCC92 /* JSON */ = {
			isa = PBXGroup;
			children = (
				6EC53C690EF806EB009BCC92 /* JSON.h */,
				6EC53C6A0EF806EB009BCC92 /* NSObject+SBJSON.h */,
				6EC53C6B0EF806EB009BCC92 /* NSObject+SBJSON.m */,
				6EC53C6C0EF806EB009BCC92 /* NSString+SBJSON.h */,
				6EC53C6D0EF806EB009BCC92 /* NSString+SBJSON.m */,
				6EC53C6E0EF806EB009BCC92 /* SBJSON.h */,
				6EC53C6F0EF806EB009BCC92 /* SBJSON.m */,
			);
			name = JSON;
			path = Classes/OtherSources/JSON;
			sourceTree = "<group>";
		};
		6ECCAD9D0EBE5B53002B39F6 /* interfaces */ = {
			isa = PBXGroup;
			children = (
				6E6DC5940EC077FD00F9EB74 /* MainWindow.xib */,
				6E6DC5950EC077FD00F9EB74 /* PostView.xib */,
				6E6DC5960EC077FD00F9EB74 /* SearchHistoryView.xib */,
				6E6DC5970EC077FD00F9EB74 /* SearchView.xib */,
				6E6DC5980EC077FD00F9EB74 /* SettingsView.xib */,
				6E6DC5990EC077FD00F9EB74 /* TimelineView.xib */,
				6E6DC59B0EC077FD00F9EB74 /* WebView.xib */,
				6E6DC59C0EC077FD00F9EB74 /* FolloweesView.xib */,
				6E97A8810EF8F7DA00168291 /* DirectMessage.xib */,
			);
			name = interfaces;
			sourceTree = "<group>";
		};
		6ED501750EE11EE300087B83 /* CustomSearchBar */ = {
			isa = PBXGroup;
			children = (
				6E89F7C50EDE267D00778242 /* CustomSearchBar.h */,
				6E89F7C40EDE267D00778242 /* CustomSearchBar.m */,
				6E08A4D70EDFD0B5000D25FE /* CustomSearchTextField.h */,
				6E08A4D80EDFD0B5000D25FE /* CustomSearchTextField.m */,
			);
			name = CustomSearchBar;
			sourceTree = "<group>";
		};
		6EDC025B0E34537600FF142E /* Controllers */ = {
			isa = PBXGroup;
			children = (
				6E74DA700ED957EC000E169F /* Application */,
				6E8265C90E375122005D2370 /* Timeline */,
				6EAE81540EF5B54100BF6CD4 /* FriendsTimeline */,
				6E74D0E20EF7B440003BB7B1 /* Tweets */,
				6E1BE7BF0EF7C0370075881E /* DirectMessage */,
				6E97AE610EF951FC00168291 /* Conversation */,
				6E6846AC0EE2D7D6009847F3 /* UserTimeline */,
				6E1FAB400EDA6A39009407F6 /* Profile */,
				6EBEE5790EB2F58E00C18F0A /* Search */,
				6E8265C80E375119005D2370 /* Post */,
				6E38EF7F0E38275300887690 /* Web */,
				6E8265CA0E37513B005D2370 /* Settings */,
				6EAE759B0EF3870700BF6CD4 /* Links */,
				6EAE75FE0EF38FA100BF6CD4 /* Friends */,
			);
			name = Controllers;
			sourceTree = "<group>";
		};
		6EEBF6C90E3AE3780003EA63 /* Network */ = {
			isa = PBXGroup;
			children = (
				6EEBF6F90E3B1F390003EA63 /* ImageDownloader.h */,
				6EEBF6FA0E3B1F390003EA63 /* ImageDownloader.m */,
				6E092C390E3B41D40039FEE3 /* TFConnection.h */,
				6E092C3A0E3B41D40039FEE3 /* TFConnection.m */,
				6E335EA20E3BBE0C008B15BB /* TwitterClient.h */,
				6E335EA30E3BBE0C008B15BB /* TwitterClient.m */,
				6ECD903E0EBEF9F400C3CD4D /* TwitPicClient.h */,
				6ECD903F0EBEF9F400C3CD4D /* TwitPicClient.m */,
				6EDD27720E3B5429002E09A0 /* TinyURL.h */,
				6EDD27730E3B5429002E09A0 /* TinyURL.m */,
			);
			name = Network;
			sourceTree = "<group>";
		};
		6EED14040E33E59B00C71EA4 /* ImageStore */ = {
			isa = PBXGroup;
			children = (
				6EED14070E33E59B00C71EA4 /* ImageStore.h */,
				6EED14080E33E59B00C71EA4 /* ImageStore.m */,
				6EED14090E33E59B00C71EA4 /* ProfileImage.h */,
				6EED140A0E33E59B00C71EA4 /* ProfileImage.m */,
				6EF838340EF5E4EB001523B4 /* ImageStoreReceiver.h */,
				6EF838350EF5E4EB001523B4 /* ImageStoreReceiver.m */,
			);
			path = ImageStore;
			sourceTree = "<group>";
		};
		6EED14400E33E5BF00C71EA4 /* Images */ = {
			isa = PBXGroup;
			children = (
				6E08A3550EDFC185000D25FE /* TabBar */,
				6E08A3650EDFC20D000D25FE /* Timeline */,
				6E08A3640EDFC1D5000D25FE /* UserView */,
				6E08A3660EDFC226000D25FE /* Search */,
				6E08A3630EDFC1AD000D25FE /* Post */,
				6E08A3540EDFC169000D25FE /* WebView */,
				6E97ABC00EF91F7100168291 /* Conversation */,
				6E08A3530EDFC147000D25FE /* CustomSearchBar */,
				6EED14410E33E5BF00C71EA4 /* Icon.png */,
				6E2BD11E0E35B3D2003A8F69 /* Default.png */,
			);
			path = Images;
			sourceTree = "<group>";
		};
/* End PBXGroup section */

/* Begin PBXNativeTarget section */
		1D6058900D05DD3D006BFB54 /* TwitterFon */ = {
			isa = PBXNativeTarget;
			buildConfigurationList = 1D6058960D05DD3E006BFB54 /* Build configuration list for PBXNativeTarget "TwitterFon" */;
			buildPhases = (
				1D60588D0D05DD3D006BFB54 /* Resources */,
				1D60588E0D05DD3D006BFB54 /* Sources */,
				1D60588F0D05DD3D006BFB54 /* Frameworks */,
			);
			buildRules = (
			);
			dependencies = (
			);
			name = TwitterFon;
			productName = TwitterFon;
			productReference = 1D6058910D05DD3D006BFB54 /* TwitterFon.app */;
			productType = "com.apple.product-type.application";
		};
/* End PBXNativeTarget section */

/* Begin PBXProject section */
		29B97313FDCFA39411CA2CEA /* Project object */ = {
			isa = PBXProject;
			buildConfigurationList = C01FCF4E08A954540054247B /* Build configuration list for PBXProject "TwitterFon" */;
			compatibilityVersion = "Xcode 3.1";
			hasScannedForEncodings = 1;
			mainGroup = 29B97314FDCFA39411CA2CEA /* TwitterFon */;
			projectDirPath = "";
			projectRoot = "";
			targets = (
				1D6058900D05DD3D006BFB54 /* TwitterFon */,
			);
		};
/* End PBXProject section */

/* Begin PBXResourcesBuildPhase section */
		1D60588D0D05DD3D006BFB54 /* Resources */ = {
			isa = PBXResourcesBuildPhase;
			buildActionMask = 2147483647;
			files = (
				6EED144E0E33E5BF00C71EA4 /* Icon.png in Resources */,
				6EED14520E33E5BF00C71EA4 /* messages.png in Resources */,
				6EED14560E33E5BF00C71EA4 /* replies.png in Resources */,
				6E2BCF260E3596D4003A8F69 /* friends.png in Resources */,
				6E2BD11F0E35B3D2003A8F69 /* Default.png in Resources */,
				6ED17FA70E38D3A0006E8AB7 /* forward.png in Resources */,
				6ED17FA80E38D3A0006E8AB7 /* back.png in Resources */,
				6E021A730E60109000D0869A /* lock.png in Resources */,
				6E943F1B0E6527C600E8ECF2 /* usercell_background.png in Resources */,
				6E382E940EB41E9000B0CE69 /* Settings.bundle in Resources */,
				6E3837100EB4789F00B0CE69 /* favorite.png in Resources */,
				6E3837110EB4789F00B0CE69 /* favorited.png in Resources */,
				6E1C73C20EB5B77700E34D9B /* location.png in Resources */,
				6E1C78890EB7063900E34D9B /* trends.png in Resources */,
				6EA0C19C0EBB1305000C0CD4 /* friends_small.png in Resources */,
				6E6DC59D0EC077FD00F9EB74 /* MainWindow.xib in Resources */,
				6E6DC59E0EC077FD00F9EB74 /* PostView.xib in Resources */,
				6E6DC59F0EC077FD00F9EB74 /* SearchHistoryView.xib in Resources */,
				6E6DC5A00EC077FD00F9EB74 /* SearchView.xib in Resources */,
				6E6DC5A10EC077FD00F9EB74 /* SettingsView.xib in Resources */,
				6E6DC5A20EC077FD00F9EB74 /* TimelineView.xib in Resources */,
				6E6DC5A40EC077FD00F9EB74 /* WebView.xib in Resources */,
				6E6DC5A50EC077FD00F9EB74 /* FolloweesView.xib in Resources */,
				6E6DC6240EC07F3D00F9EB74 /* camera.png in Resources */,
				6E3EABA00EC8782400599954 /* dist.plist in Resources */,
				6E4011F10ECDF786009D452A /* open_safari.png in Resources */,
				6E1FAE8D0EDAC4D7009407F6 /* db1.3.sql in Resources */,
				6E89F34A0EDD230A00778242 /* search_shadow.png in Resources */,
				6E89F5EC0EDD58BF00778242 /* location_small.png in Resources */,
				6E89F8A90EDE33B600778242 /* BookmarksPressed.png in Resources */,
				6E89F8B50EDE342700778242 /* Bookmarks.png in Resources */,
				6E89FD620EDEB8BD00778242 /* profileImage.png in Resources */,
				6E89FD630EDEB8BD00778242 /* profileImageSmall.png in Resources */,
				6E089FA70EDF84FF000D25FE /* SearchBarBody.png in Resources */,
				6E089FA80EDF84FF000D25FE /* SearchBarLeft.png in Resources */,
				6E089FA90EDF84FF000D25FE /* SearchBarLeftButton.png in Resources */,
				6E089FAA0EDF84FF000D25FE /* SearchBarLeftEdge.png in Resources */,
				6E089FAB0EDF84FF000D25FE /* SearchBarRight.png in Resources */,
				6E08AB900EE08CA0000D25FE /* distancePickerButton.png in Resources */,
				6E08AB910EE08CA0000D25FE /* distancePickerButtonPressed.png in Resources */,
				6E08ABE20EE0999C000D25FE /* SearchBarLeftButtonPressed.png in Resources */,
				6E08ABE30EE0999C000D25FE /* SearchBarLeftEdgePressed.png in Resources */,
				6E08ABE40EE0999C000D25FE /* SearchBarLeftPressed.png in Resources */,
				6E0378320EF352A20045CD12 /* deleteButton_pressed.png in Resources */,
				6E0378330EF352A20045CD12 /* deleteButton.png in Resources */,
				6E97A8820EF8F7DA00168291 /* DirectMessage.xib in Resources */,
				6E97ABBE0EF91F6C00168291 /* Balloon_2.png in Resources */,
				6E97ABBF0EF91F6C00168291 /* Balloon_1.png in Resources */,
				6E97AD160EF93AB800168291 /* update_v12_to_v13.sql in Resources */,
			);
			runOnlyForDeploymentPostprocessing = 0;
		};
/* End PBXResourcesBuildPhase section */

/* Begin PBXSourcesBuildPhase section */
		1D60588E0D05DD3D006BFB54 /* Sources */ = {
			isa = PBXSourcesBuildPhase;
			buildActionMask = 2147483647;
			files = (
				6EED142B0E33E59B00C71EA4 /* ImageStore.m in Sources */,
				6EED142C0E33E59B00C71EA4 /* ProfileImage.m in Sources */,
				6EEBF7000E3B1F390003EA63 /* ImageDownloader.m in Sources */,
				6EEBF70C0E3B1FD40003EA63 /* ColorUtils.m in Sources */,
				6EEBF70D0E3B1FD40003EA63 /* main.m in Sources */,
				6EEBF70E0E3B1FD40003EA63 /* REString.m in Sources */,
				6EEBF70F0E3B1FD40003EA63 /* StringUtil.m in Sources */,
				6EEBF7100E3B1FD40003EA63 /* TwitterFonAppDelegate.m in Sources */,
				6EEBF7160E3B20610003EA63 /* SettingsViewController.m in Sources */,
				6EEBF7280E3B209A0003EA63 /* WebViewController.m in Sources */,
				6E092C3B0E3B41D40039FEE3 /* TFConnection.m in Sources */,
				6EDD27740E3B5429002E09A0 /* TinyURL.m in Sources */,
				6E335EA40E3BBE0C008B15BB /* TwitterClient.m in Sources */,
				6EE9354D0E42FFF6008084DF /* ProgressWindow.m in Sources */,
				6E08FB770E5D252200106492 /* UserTimelineController.m in Sources */,
				6E08FB9E0E5D266B00106492 /* UserCell.m in Sources */,
				6E1029110E5D362C00440C58 /* LoadCell.m in Sources */,
				6E943A900E64C4FF00E8ECF2 /* TimeUtils.m in Sources */,
				6EBEE5840EB2F65400C18F0A /* SearchViewController.m in Sources */,
				6E1C6E780EB53E4700E34D9B /* TrendsDataSource.m in Sources */,
				6E1C6F3E0EB5897A00E34D9B /* SearchHistoryDataSource.m in Sources */,
				6E1C72E70EB5ABED00E34D9B /* LocationManager.m in Sources */,
				6E3EDADE0EB9A2050041687A /* OverlayView.m in Sources */,
				6E48E2B40EBD2A27005E1837 /* PostImagePickerController.m in Sources */,
				6E48E93B0EBD7439005E1837 /* PostView.m in Sources */,
				6EADBC090EBD8F8E00093782 /* PostViewController.m in Sources */,
				6EADC0A20EBDC48D00093782 /* FolloweeCell.m in Sources */,
				6EADC0A30EBDC48D00093782 /* FolloweesViewController.m in Sources */,
				6EFC28700EBDD46D00FBBB3D /* LinkViewController.m in Sources */,
				6ECCAD970EBE5B2E002B39F6 /* SearchHistoryViewController.m in Sources */,
				6ECD90400EBEF9F400C3CD4D /* TwitPicClient.m in Sources */,
				6E5CBCED0ECF7971008A18A2 /* ImageUtils.m in Sources */,
				6E8C57BA0ED0AEA300EC9D39 /* UserView.m in Sources */,
				6E35BD630ED16B5300C332C2 /* QuartzUtils.c in Sources */,
				6E74DA890ED95AC5000E169F /* TabBarController.m in Sources */,
				6E89F7C60EDE267D00778242 /* CustomSearchBar.m in Sources */,
				6E08A4D90EDFD0B5000D25FE /* CustomSearchTextField.m in Sources */,
				6E08A88D0EE00DB9000D25FE /* LocationDistanceWindow.m in Sources */,
				6E03783F0EF354030045CD12 /* DeleteButtonCell.m in Sources */,
				6EAE76040EF3904600BF6CD4 /* FriendsViewController.m in Sources */,
				6EAE81B50EF5BB4300BF6CD4 /* FriendsTimelineController.m in Sources */,
				6EAE81B60EF5BB4300BF6CD4 /* FriendsTimelineDataSource.m in Sources */,
				6EAE81B90EF5BB4E00BF6CD4 /* SearchResultsDataSource.m in Sources */,
				6EAE82B10EF5CBCB00BF6CD4 /* TimelineDataSource.m in Sources */,
				6EF838360EF5E4EB001523B4 /* ImageStoreReceiver.m in Sources */,
				6E68219D0EF7BBB00079EC9E /* ProfileViewController.m in Sources */,
				6E1BE7900EF7BF4C0075881E /* TweetViewActionCell.m in Sources */,
				6E1BE7910EF7BF4C0075881E /* TweetViewController.m in Sources */,
				6EC53C420EF805FE009BCC92 /* DBConnection.m in Sources */,
				6EC53C430EF805FE009BCC92 /* Followee.m in Sources */,
				6EC53C460EF805FE009BCC92 /* User.m in Sources */,
				6EC53C700EF806EB009BCC92 /* NSObject+SBJSON.m in Sources */,
				6EC53C710EF806EB009BCC92 /* NSString+SBJSON.m in Sources */,
				6EC53C720EF806EB009BCC92 /* SBJSON.m in Sources */,
				6EF9FE0F0EF80E5900EF8D1B /* Timeline.m in Sources */,
				6EF9FE270EF8100E00EF8D1B /* TweetCellBase.m in Sources */,
				6EF9FE280EF8100E00EF8D1B /* TweetCellView.m in Sources */,
				6EF9FE2B0EF8101C00EF8D1B /* TimelineCell.m in Sources */,
				6EF9FEDE0EF810C200EF8D1B /* UserTimelineCell.m in Sources */,
				6E3B13AB0EF835FC00070525 /* Tweet.m in Sources */,
				6E3B13B80EF8383300070525 /* Status.m in Sources */,
				6E97A5E60EF8A91100168291 /* DirectMessage.m in Sources */,
				6E97A75E0EF8C78000168291 /* DMTimelineController.m in Sources */,
				6E97AA8F0EF9142900168291 /* DMConversationController.m in Sources */,
				6E97ABBB0EF91EC100168291 /* ChatBubbleCell.m in Sources */,
				6E97ABE40EF920FE00168291 /* ChatBubbleView.m in Sources */,
				6E97AD680EF94B5000168291 /* DirectMessageCellView.m in Sources */,
				6E97AD750EF94CE800168291 /* DirectMessageCell.m in Sources */,
			);
			runOnlyForDeploymentPostprocessing = 0;
		};
/* End PBXSourcesBuildPhase section */

/* Begin XCBuildConfiguration section */
		1D6058940D05DD3E006BFB54 /* Debug */ = {
			isa = XCBuildConfiguration;
			buildSettings = {
				ALWAYS_SEARCH_USER_PATHS = NO;
				COPY_PHASE_STRIP = NO;
				FRAMEWORK_SEARCH_PATHS = (
					"$(inherited)",
					"\"$(SRCROOT)\"",
				);
				GCC_DYNAMIC_NO_PIC = NO;
				GCC_OPTIMIZATION_LEVEL = 0;
				GCC_PRECOMPILE_PREFIX_HEADER = YES;
				GCC_PREFIX_HEADER = TwitterFon_Prefix.pch;
				INFOPLIST_FILE = Info.plist;
				PRODUCT_NAME = TwitterFon;
			};
			name = Debug;
		};
		1D6058950D05DD3E006BFB54 /* Release */ = {
			isa = XCBuildConfiguration;
			buildSettings = {
				ALWAYS_SEARCH_USER_PATHS = NO;
				COPY_PHASE_STRIP = YES;
				FRAMEWORK_SEARCH_PATHS = (
					"$(inherited)",
					"\"$(SRCROOT)\"",
				);
				GCC_PRECOMPILE_PREFIX_HEADER = YES;
				GCC_PREFIX_HEADER = TwitterFon_Prefix.pch;
				INFOPLIST_FILE = Info.plist;
				PRODUCT_NAME = TwitterFon;
			};
			name = Release;
		};
		6E5D34A40EC86D42004BB471 /* Adhoc */ = {
			isa = XCBuildConfiguration;
			buildSettings = {
				ARCHS = "$(ARCHS_STANDARD_32_BIT)";
				CODE_SIGN_ENTITLEMENTS = dist.plist;
				CODE_SIGN_IDENTITY = "";
				"CODE_SIGN_IDENTITY[sdk=iphoneos*]" = "iPhone Distribution: Kazuho Okui";
				GCC_C_LANGUAGE_STANDARD = c99;
				GCC_WARN_ABOUT_RETURN_TYPE = YES;
				GCC_WARN_UNUSED_VARIABLE = YES;
				HEADER_SEARCH_PATHS = /Developer/Platforms/iPhoneOS.platform/Developer/SDKs/iPhoneOS2.0.sdk/usr/include/libxml2;
				OTHER_CFLAGS = "-DDISTRIBUTION";
				PREBINDING = NO;
				PROVISIONING_PROFILE = "361F21B2-4791-4C09-94B0-2260453F4D3F";
				"PROVISIONING_PROFILE[sdk=iphoneos*]" = "361F21B2-4791-4C09-94B0-2260453F4D3F";
				SCAN_ALL_SOURCE_FILES_FOR_INCLUDES = NO;
				SDKROOT = iphoneos2.0;
			};
			name = Adhoc;
		};
		6E5D34A50EC86D42004BB471 /* Adhoc */ = {
			isa = XCBuildConfiguration;
			buildSettings = {
				ALWAYS_SEARCH_USER_PATHS = NO;
				COPY_PHASE_STRIP = YES;
				FRAMEWORK_SEARCH_PATHS = (
					"$(inherited)",
					"\"$(SRCROOT)\"",
				);
				GCC_PRECOMPILE_PREFIX_HEADER = YES;
				GCC_PREFIX_HEADER = TwitterFon_Prefix.pch;
				INFOPLIST_FILE = Info.plist;
				PRODUCT_NAME = TwitterFon;
			};
			name = Adhoc;
		};
		6EF65A000E40236D0053F24D /* Distribution */ = {
			isa = XCBuildConfiguration;
			buildSettings = {
				ARCHS = "$(ARCHS_STANDARD_32_BIT)";
				"CODE_SIGN_IDENTITY[sdk=iphoneos2.0]" = "iPhone Distribution: Kazuho Okui";
				GCC_C_LANGUAGE_STANDARD = c99;
				GCC_WARN_ABOUT_RETURN_TYPE = YES;
				GCC_WARN_UNUSED_VARIABLE = YES;
				HEADER_SEARCH_PATHS = /Developer/Platforms/iPhoneOS.platform/Developer/SDKs/iPhoneOS2.0.sdk/usr/include/libxml2;
				OTHER_CFLAGS = "-DDISTRIBUTION";
				PREBINDING = NO;
				PROVISIONING_PROFILE = "0F74D6AA-1337-43EC-9E34-0AFB081302DE";
				"PROVISIONING_PROFILE[sdk=iphoneos*]" = "0F74D6AA-1337-43EC-9E34-0AFB081302DE";
				"PROVISIONING_PROFILE[sdk=iphoneos2.0]" = "0F74D6AA-1337-43EC-9E34-0AFB081302DE";
				SCAN_ALL_SOURCE_FILES_FOR_INCLUDES = NO;
				SDKROOT = iphoneos2.0;
			};
			name = Distribution;
		};
		6EF65A010E40236D0053F24D /* Distribution */ = {
			isa = XCBuildConfiguration;
			buildSettings = {
				ALWAYS_SEARCH_USER_PATHS = NO;
				COPY_PHASE_STRIP = YES;
				FRAMEWORK_SEARCH_PATHS = (
					"$(inherited)",
					"\"$(SRCROOT)\"",
				);
				GCC_PRECOMPILE_PREFIX_HEADER = YES;
				GCC_PREFIX_HEADER = TwitterFon_Prefix.pch;
				INFOPLIST_FILE = Info.plist;
				PRODUCT_NAME = TwitterFon;
			};
			name = Distribution;
		};
		C01FCF4F08A954540054247B /* Debug */ = {
			isa = XCBuildConfiguration;
			buildSettings = {
				ARCHS = "$(ARCHS_STANDARD_32_BIT)";
				"CODE_SIGN_IDENTITY[sdk=iphoneos*]" = "iPhone Developer";
				GCC_C_LANGUAGE_STANDARD = c99;
				GCC_WARN_ABOUT_RETURN_TYPE = YES;
				GCC_WARN_UNUSED_VARIABLE = YES;
				HEADER_SEARCH_PATHS = /Developer/Platforms/iPhoneOS.platform/Developer/SDKs/iPhoneOS2.0.sdk/usr/include/libxml2;
				ONLY_ACTIVE_ARCH = YES;
				OTHER_CFLAGS = "-DDEBUG";
				PREBINDING = NO;
				SCAN_ALL_SOURCE_FILES_FOR_INCLUDES = NO;
				SDKROOT = iphoneos2.0;
			};
			name = Debug;
		};
		C01FCF5008A954540054247B /* Release */ = {
			isa = XCBuildConfiguration;
			buildSettings = {
				ARCHS = "$(ARCHS_STANDARD_32_BIT)";
				"CODE_SIGN_IDENTITY[sdk=iphoneos*]" = "iPhone Developer";
				GCC_C_LANGUAGE_STANDARD = c99;
				GCC_WARN_ABOUT_RETURN_TYPE = YES;
				GCC_WARN_UNUSED_VARIABLE = YES;
				HEADER_SEARCH_PATHS = /Developer/Platforms/iPhoneOS.platform/Developer/SDKs/iPhoneOS2.0.sdk/usr/include/libxml2;
				PREBINDING = NO;
				"PROVISIONING_PROFILE[sdk=iphoneos*]" = DefaultProfileUuid;
				SCAN_ALL_SOURCE_FILES_FOR_INCLUDES = NO;
				SDKROOT = iphoneos2.0;
			};
			name = Release;
		};
/* End XCBuildConfiguration section */

/* Begin XCConfigurationList section */
		1D6058960D05DD3E006BFB54 /* Build configuration list for PBXNativeTarget "TwitterFon" */ = {
			isa = XCConfigurationList;
			buildConfigurations = (
				1D6058940D05DD3E006BFB54 /* Debug */,
				1D6058950D05DD3E006BFB54 /* Release */,
				6EF65A010E40236D0053F24D /* Distribution */,
				6E5D34A50EC86D42004BB471 /* Adhoc */,
			);
			defaultConfigurationIsVisible = 0;
			defaultConfigurationName = Release;
		};
		C01FCF4E08A954540054247B /* Build configuration list for PBXProject "TwitterFon" */ = {
			isa = XCConfigurationList;
			buildConfigurations = (
				C01FCF4F08A954540054247B /* Debug */,
				C01FCF5008A954540054247B /* Release */,
				6EF65A000E40236D0053F24D /* Distribution */,
				6E5D34A40EC86D42004BB471 /* Adhoc */,
			);
			defaultConfigurationIsVisible = 0;
			defaultConfigurationName = Release;
		};
/* End XCConfigurationList section */
	};
	rootObject = 29B97313FDCFA39411CA2CEA /* Project object */;
}
