// !$*UTF8*$!
{
	archiveVersion = 1;
	classes = {
	};
	objectVersion = 45;
	objects = {

/* Begin PBXBuildFile section */
		1D60589F0D05DD5A006BFB54 /* Foundation.framework in Frameworks */ = {isa = PBXBuildFile; fileRef = 1D30AB110D05D00D00671497 /* Foundation.framework */; };
		1DF5F4E00D08C38300B7A737 /* UIKit.framework in Frameworks */ = {isa = PBXBuildFile; fileRef = 1DF5F4DF0D08C38300B7A737 /* UIKit.framework */; };
		28AD73880D9D96C1002E5188 /* MainWindow.xib in Resources */ = {isa = PBXBuildFile; fileRef = 28AD73870D9D96C1002E5188 /* MainWindow.xib */; };
		6E0219AE0E5FF66000D0869A /* open_safari.png in Resources */ = {isa = PBXBuildFile; fileRef = 6E0219AD0E5FF66000D0869A /* open_safari.png */; };
		6E021A730E60109000D0869A /* lock.png in Resources */ = {isa = PBXBuildFile; fileRef = 6E021A720E60109000D0869A /* lock.png */; };
		6E08FB770E5D252200106492 /* UserTimelineController.m in Sources */ = {isa = PBXBuildFile; fileRef = 6E08FB760E5D252200106492 /* UserTimelineController.m */; };
		6E08FB9E0E5D266B00106492 /* UserCell.m in Sources */ = {isa = PBXBuildFile; fileRef = 6E08FB9D0E5D266B00106492 /* UserCell.m */; };
		6E092C3B0E3B41D40039FEE3 /* TFConnection.m in Sources */ = {isa = PBXBuildFile; fileRef = 6E092C3A0E3B41D40039FEE3 /* TFConnection.m */; };
		6E1029110E5D362C00440C58 /* LoadCell.m in Sources */ = {isa = PBXBuildFile; fileRef = 6E1029100E5D362C00440C58 /* LoadCell.m */; };
		6E102AE30E5DEC7A00440C58 /* db1.1.sql in Resources */ = {isa = PBXBuildFile; fileRef = 6E102AE20E5DEC7A00440C58 /* db1.1.sql */; };
		6E29E9D10E61F07C00E731BE /* UserView.xib in Resources */ = {isa = PBXBuildFile; fileRef = 6E29E9D00E61F07C00E731BE /* UserView.xib */; };
		6E2BCF1B0E3591B8003A8F69 /* postbutton.png in Resources */ = {isa = PBXBuildFile; fileRef = 6E2BCF1A0E3591B8003A8F69 /* postbutton.png */; };
		6E2BCF260E3596D4003A8F69 /* friends.png in Resources */ = {isa = PBXBuildFile; fileRef = 6E2BCF250E3596D4003A8F69 /* friends.png */; };
		6E2BD0C10E35AE04003A8F69 /* QuartzCore.framework in Frameworks */ = {isa = PBXBuildFile; fileRef = 6E2BD0C00E35AE04003A8F69 /* QuartzCore.framework */; };
		6E2BD11F0E35B3D2003A8F69 /* Default.png in Resources */ = {isa = PBXBuildFile; fileRef = 6E2BD11E0E35B3D2003A8F69 /* Default.png */; };
		6E335EA40E3BBE0C008B15BB /* TwitterClient.m in Sources */ = {isa = PBXBuildFile; fileRef = 6E335EA30E3BBE0C008B15BB /* TwitterClient.m */; };
		6E3703E70E49137E00952688 /* link.png in Resources */ = {isa = PBXBuildFile; fileRef = 6E3703E60E49137E00952688 /* link.png */; };
		6E3704060E491B4500952688 /* link_highlighted.png in Resources */ = {isa = PBXBuildFile; fileRef = 6E3704050E491B4500952688 /* link_highlighted.png */; };
		6E660AE10E61500600B6FA30 /* WebView.xib in Resources */ = {isa = PBXBuildFile; fileRef = 6E660AE00E61500600B6FA30 /* WebView.xib */; };
		6E660BEE0E615B9800B6FA30 /* PostView.xib in Resources */ = {isa = PBXBuildFile; fileRef = 6E660BED0E615B9800B6FA30 /* PostView.xib */; };
		6E943A900E64C4FF00E8ECF2 /* TimeUtils.m in Sources */ = {isa = PBXBuildFile; fileRef = 6E943A8F0E64C4FF00E8ECF2 /* TimeUtils.m */; };
		6E943F1B0E6527C600E8ECF2 /* usercell_background.png in Resources */ = {isa = PBXBuildFile; fileRef = 6E943F1A0E6527C600E8ECF2 /* usercell_background.png */; };
		6ED17FA70E38D3A0006E8AB7 /* forward.png in Resources */ = {isa = PBXBuildFile; fileRef = 6ED17FA50E38D3A0006E8AB7 /* forward.png */; };
		6ED17FA80E38D3A0006E8AB7 /* back.png in Resources */ = {isa = PBXBuildFile; fileRef = 6ED17FA60E38D3A0006E8AB7 /* back.png */; };
		6EDC01240E33E6DA00FF142E /* libsqlite3.0.dylib in Frameworks */ = {isa = PBXBuildFile; fileRef = 6EDC01230E33E6DA00FF142E /* libsqlite3.0.dylib */; };
		6EDC012F0E33E6F000FF142E /* CoreGraphics.framework in Frameworks */ = {isa = PBXBuildFile; fileRef = 6EDC012E0E33E6F000FF142E /* CoreGraphics.framework */; };
		6EDC01D10E344B5600FF142E /* DBConnection.m in Sources */ = {isa = PBXBuildFile; fileRef = 6EDC01D00E344B5600FF142E /* DBConnection.m */; };
		6EDC03890E34679300FF142E /* db.sql in Resources */ = {isa = PBXBuildFile; fileRef = 6EDC03880E34679300FF142E /* db.sql */; };
		6EDD27740E3B5429002E09A0 /* TinyURL.m in Sources */ = {isa = PBXBuildFile; fileRef = 6EDD27730E3B5429002E09A0 /* TinyURL.m */; };
		6EE9354D0E42FFF6008084DF /* ProgressWindow.m in Sources */ = {isa = PBXBuildFile; fileRef = 6EE9354C0E42FFF6008084DF /* ProgressWindow.m */; };
		6EEBF7000E3B1F390003EA63 /* ImageDownloader.m in Sources */ = {isa = PBXBuildFile; fileRef = 6EEBF6FA0E3B1F390003EA63 /* ImageDownloader.m */; };
		6EEBF70C0E3B1FD40003EA63 /* ColorUtils.m in Sources */ = {isa = PBXBuildFile; fileRef = 6EEBF7040E3B1FD40003EA63 /* ColorUtils.m */; };
		6EEBF70D0E3B1FD40003EA63 /* main.m in Sources */ = {isa = PBXBuildFile; fileRef = 6EEBF7050E3B1FD40003EA63 /* main.m */; };
		6EEBF70E0E3B1FD40003EA63 /* REString.m in Sources */ = {isa = PBXBuildFile; fileRef = 6EEBF7070E3B1FD40003EA63 /* REString.m */; };
		6EEBF70F0E3B1FD40003EA63 /* StringUtil.m in Sources */ = {isa = PBXBuildFile; fileRef = 6EEBF7090E3B1FD40003EA63 /* StringUtil.m */; };
		6EEBF7100E3B1FD40003EA63 /* TwitterFonAppDelegate.m in Sources */ = {isa = PBXBuildFile; fileRef = 6EEBF70B0E3B1FD40003EA63 /* TwitterFonAppDelegate.m */; };
		6EEBF7160E3B20610003EA63 /* SettingsViewController.m in Sources */ = {isa = PBXBuildFile; fileRef = 6EEBF7130E3B20610003EA63 /* SettingsViewController.m */; };
		6EEBF71D0E3B20830003EA63 /* MessageCell.m in Sources */ = {isa = PBXBuildFile; fileRef = 6EEBF7180E3B20830003EA63 /* MessageCell.m */; };
		6EEBF71F0E3B20830003EA63 /* TimelineViewController.m in Sources */ = {isa = PBXBuildFile; fileRef = 6EEBF71C0E3B20830003EA63 /* TimelineViewController.m */; };
		6EEBF7240E3B20910003EA63 /* PostViewController.m in Sources */ = {isa = PBXBuildFile; fileRef = 6EEBF7210E3B20910003EA63 /* PostViewController.m */; };
		6EEBF7280E3B209A0003EA63 /* WebViewController.m in Sources */ = {isa = PBXBuildFile; fileRef = 6EEBF7270E3B209A0003EA63 /* WebViewController.m */; };
		6EED142B0E33E59B00C71EA4 /* ImageStore.m in Sources */ = {isa = PBXBuildFile; fileRef = 6EED14080E33E59B00C71EA4 /* ImageStore.m */; };
		6EED142C0E33E59B00C71EA4 /* ProfileImage.m in Sources */ = {isa = PBXBuildFile; fileRef = 6EED140A0E33E59B00C71EA4 /* ProfileImage.m */; };
		6EED142D0E33E59B00C71EA4 /* NSObject+SBJSON.m in Sources */ = {isa = PBXBuildFile; fileRef = 6EED140E0E33E59B00C71EA4 /* NSObject+SBJSON.m */; };
		6EED142E0E33E59B00C71EA4 /* NSString+SBJSON.m in Sources */ = {isa = PBXBuildFile; fileRef = 6EED14100E33E59B00C71EA4 /* NSString+SBJSON.m */; };
		6EED142F0E33E59B00C71EA4 /* SBJSON.m in Sources */ = {isa = PBXBuildFile; fileRef = 6EED14120E33E59B00C71EA4 /* SBJSON.m */; };
		6EED14350E33E59B00C71EA4 /* Message.m in Sources */ = {isa = PBXBuildFile; fileRef = 6EED141F0E33E59B00C71EA4 /* Message.m */; };
		6EED14370E33E59B00C71EA4 /* Timeline.m in Sources */ = {isa = PBXBuildFile; fileRef = 6EED14230E33E59B00C71EA4 /* Timeline.m */; };
		6EED14390E33E59B00C71EA4 /* User.m in Sources */ = {isa = PBXBuildFile; fileRef = 6EED14270E33E59B00C71EA4 /* User.m */; };
		6EED143D0E33E5BA00C71EA4 /* SettingsView.xib in Resources */ = {isa = PBXBuildFile; fileRef = 6EED143A0E33E5BA00C71EA4 /* SettingsView.xib */; };
		6EED143E0E33E5BA00C71EA4 /* TimelineView.xib in Resources */ = {isa = PBXBuildFile; fileRef = 6EED143B0E33E5BA00C71EA4 /* TimelineView.xib */; };
		6EED144E0E33E5BF00C71EA4 /* Icon.png in Resources */ = {isa = PBXBuildFile; fileRef = 6EED14410E33E5BF00C71EA4 /* Icon.png */; };
		6EED14500E33E5BF00C71EA4 /* library.png in Resources */ = {isa = PBXBuildFile; fileRef = 6EED14430E33E5BF00C71EA4 /* library.png */; };
		6EED14520E33E5BF00C71EA4 /* messages.png in Resources */ = {isa = PBXBuildFile; fileRef = 6EED14450E33E5BF00C71EA4 /* messages.png */; };
		6EED14540E33E5BF00C71EA4 /* post.png in Resources */ = {isa = PBXBuildFile; fileRef = 6EED14470E33E5BF00C71EA4 /* post.png */; };
		6EED14560E33E5BF00C71EA4 /* replies.png in Resources */ = {isa = PBXBuildFile; fileRef = 6EED14490E33E5BF00C71EA4 /* replies.png */; };
		6EED14580E33E5BF00C71EA4 /* settings.png in Resources */ = {isa = PBXBuildFile; fileRef = 6EED144B0E33E5BF00C71EA4 /* settings.png */; };
		6EED145A0E33E5BF00C71EA4 /* timeline.png in Resources */ = {isa = PBXBuildFile; fileRef = 6EED144D0E33E5BF00C71EA4 /* timeline.png */; };
/* End PBXBuildFile section */

/* Begin PBXFileReference section */
		1D30AB110D05D00D00671497 /* Foundation.framework */ = {isa = PBXFileReference; lastKnownFileType = wrapper.framework; name = Foundation.framework; path = System/Library/Frameworks/Foundation.framework; sourceTree = SDKROOT; };
		1D6058910D05DD3D006BFB54 /* TwitterFon.app */ = {isa = PBXFileReference; explicitFileType = wrapper.application; includeInIndex = 0; path = TwitterFon.app; sourceTree = BUILT_PRODUCTS_DIR; };
		1DF5F4DF0D08C38300B7A737 /* UIKit.framework */ = {isa = PBXFileReference; lastKnownFileType = wrapper.framework; name = UIKit.framework; path = System/Library/Frameworks/UIKit.framework; sourceTree = SDKROOT; };
		28A0AB4B0D9B1048005BE974 /* TwitterFon_Prefix.pch */ = {isa = PBXFileReference; fileEncoding = 4; lastKnownFileType = sourcecode.c.h; path = TwitterFon_Prefix.pch; sourceTree = "<group>"; };
		28AD73870D9D96C1002E5188 /* MainWindow.xib */ = {isa = PBXFileReference; lastKnownFileType = file.xib; path = MainWindow.xib; sourceTree = "<group>"; };
		6E0219AD0E5FF66000D0869A /* open_safari.png */ = {isa = PBXFileReference; lastKnownFileType = image.png; path = open_safari.png; sourceTree = "<group>"; };
		6E021A720E60109000D0869A /* lock.png */ = {isa = PBXFileReference; lastKnownFileType = image.png; path = lock.png; sourceTree = "<group>"; };
		6E08FB750E5D252200106492 /* UserTimelineController.h */ = {isa = PBXFileReference; fileEncoding = 4; lastKnownFileType = sourcecode.c.h; name = UserTimelineController.h; path = Controllers/UserTimelineController.h; sourceTree = "<group>"; };
		6E08FB760E5D252200106492 /* UserTimelineController.m */ = {isa = PBXFileReference; fileEncoding = 4; lastKnownFileType = sourcecode.c.objc; name = UserTimelineController.m; path = Controllers/UserTimelineController.m; sourceTree = "<group>"; };
		6E08FB9C0E5D266B00106492 /* UserCell.h */ = {isa = PBXFileReference; fileEncoding = 4; lastKnownFileType = sourcecode.c.h; name = UserCell.h; path = Controllers/UserCell.h; sourceTree = "<group>"; };
		6E08FB9D0E5D266B00106492 /* UserCell.m */ = {isa = PBXFileReference; fileEncoding = 4; lastKnownFileType = sourcecode.c.objc; name = UserCell.m; path = Controllers/UserCell.m; sourceTree = "<group>"; };
		6E092C390E3B41D40039FEE3 /* TFConnection.h */ = {isa = PBXFileReference; fileEncoding = 4; lastKnownFileType = sourcecode.c.h; name = TFConnection.h; path = Network/TFConnection.h; sourceTree = "<group>"; };
		6E092C3A0E3B41D40039FEE3 /* TFConnection.m */ = {isa = PBXFileReference; fileEncoding = 4; lastKnownFileType = sourcecode.c.objc; name = TFConnection.m; path = Network/TFConnection.m; sourceTree = "<group>"; };
		6E10290F0E5D362C00440C58 /* LoadCell.h */ = {isa = PBXFileReference; fileEncoding = 4; lastKnownFileType = sourcecode.c.h; name = LoadCell.h; path = Controllers/LoadCell.h; sourceTree = "<group>"; };
		6E1029100E5D362C00440C58 /* LoadCell.m */ = {isa = PBXFileReference; fileEncoding = 4; lastKnownFileType = sourcecode.c.objc; name = LoadCell.m; path = Controllers/LoadCell.m; sourceTree = "<group>"; };
		6E102AE20E5DEC7A00440C58 /* db1.1.sql */ = {isa = PBXFileReference; lastKnownFileType = file; path = db1.1.sql; sourceTree = "<group>"; };
		6E29E9D00E61F07C00E731BE /* UserView.xib */ = {isa = PBXFileReference; lastKnownFileType = file.xib; path = UserView.xib; sourceTree = "<group>"; };
		6E2BCF1A0E3591B8003A8F69 /* postbutton.png */ = {isa = PBXFileReference; lastKnownFileType = image.png; path = postbutton.png; sourceTree = "<group>"; };
		6E2BCF250E3596D4003A8F69 /* friends.png */ = {isa = PBXFileReference; lastKnownFileType = image.png; path = friends.png; sourceTree = "<group>"; };
		6E2BD0C00E35AE04003A8F69 /* QuartzCore.framework */ = {isa = PBXFileReference; lastKnownFileType = wrapper.framework; name = QuartzCore.framework; path = System/Library/Frameworks/QuartzCore.framework; sourceTree = SDKROOT; };
		6E2BD11E0E35B3D2003A8F69 /* Default.png */ = {isa = PBXFileReference; lastKnownFileType = image.png; path = Default.png; sourceTree = "<group>"; };
		6E335EA20E3BBE0C008B15BB /* TwitterClient.h */ = {isa = PBXFileReference; fileEncoding = 4; lastKnownFileType = sourcecode.c.h; name = TwitterClient.h; path = Network/TwitterClient.h; sourceTree = "<group>"; };
		6E335EA30E3BBE0C008B15BB /* TwitterClient.m */ = {isa = PBXFileReference; fileEncoding = 4; lastKnownFileType = sourcecode.c.objc; name = TwitterClient.m; path = Network/TwitterClient.m; sourceTree = "<group>"; };
		6E3703E60E49137E00952688 /* link.png */ = {isa = PBXFileReference; lastKnownFileType = image.png; path = link.png; sourceTree = "<group>"; };
		6E3704050E491B4500952688 /* link_highlighted.png */ = {isa = PBXFileReference; lastKnownFileType = image.png; path = link_highlighted.png; sourceTree = "<group>"; };
		6E660AE00E61500600B6FA30 /* WebView.xib */ = {isa = PBXFileReference; lastKnownFileType = file.xib; path = WebView.xib; sourceTree = "<group>"; };
		6E660BED0E615B9800B6FA30 /* PostView.xib */ = {isa = PBXFileReference; lastKnownFileType = file.xib; path = PostView.xib; sourceTree = "<group>"; };
		6E943A8E0E64C4FF00E8ECF2 /* TimeUtils.h */ = {isa = PBXFileReference; fileEncoding = 4; lastKnownFileType = sourcecode.c.h; name = TimeUtils.h; path = Classes/OtherSources/TimeUtils.h; sourceTree = "<group>"; };
		6E943A8F0E64C4FF00E8ECF2 /* TimeUtils.m */ = {isa = PBXFileReference; fileEncoding = 4; lastKnownFileType = sourcecode.c.objc; name = TimeUtils.m; path = Classes/OtherSources/TimeUtils.m; sourceTree = "<group>"; };
		6E943F1A0E6527C600E8ECF2 /* usercell_background.png */ = {isa = PBXFileReference; lastKnownFileType = image.png; path = usercell_background.png; sourceTree = "<group>"; };
		6ED17FA50E38D3A0006E8AB7 /* forward.png */ = {isa = PBXFileReference; lastKnownFileType = image.png; path = forward.png; sourceTree = "<group>"; };
		6ED17FA60E38D3A0006E8AB7 /* back.png */ = {isa = PBXFileReference; lastKnownFileType = image.png; path = back.png; sourceTree = "<group>"; };
		6EDC01230E33E6DA00FF142E /* libsqlite3.0.dylib */ = {isa = PBXFileReference; lastKnownFileType = "compiled.mach-o.dylib"; name = libsqlite3.0.dylib; path = usr/lib/libsqlite3.0.dylib; sourceTree = SDKROOT; };
		6EDC012E0E33E6F000FF142E /* CoreGraphics.framework */ = {isa = PBXFileReference; lastKnownFileType = wrapper.framework; name = CoreGraphics.framework; path = System/Library/Frameworks/CoreGraphics.framework; sourceTree = SDKROOT; };
		6EDC01CF0E344B5600FF142E /* DBConnection.h */ = {isa = PBXFileReference; fileEncoding = 4; lastKnownFileType = sourcecode.c.h; path = DBConnection.h; sourceTree = "<group>"; };
		6EDC01D00E344B5600FF142E /* DBConnection.m */ = {isa = PBXFileReference; fileEncoding = 4; lastKnownFileType = sourcecode.c.objc; path = DBConnection.m; sourceTree = "<group>"; };
		6EDC03880E34679300FF142E /* db.sql */ = {isa = PBXFileReference; lastKnownFileType = file; path = db.sql; sourceTree = "<group>"; };
		6EDD27720E3B5429002E09A0 /* TinyURL.h */ = {isa = PBXFileReference; fileEncoding = 4; lastKnownFileType = sourcecode.c.h; name = TinyURL.h; path = Network/TinyURL.h; sourceTree = "<group>"; };
		6EDD27730E3B5429002E09A0 /* TinyURL.m */ = {isa = PBXFileReference; fileEncoding = 4; lastKnownFileType = sourcecode.c.objc; name = TinyURL.m; path = Network/TinyURL.m; sourceTree = "<group>"; };
		6EE9354B0E42FFF6008084DF /* ProgressWindow.h */ = {isa = PBXFileReference; fileEncoding = 4; lastKnownFileType = sourcecode.c.h; name = ProgressWindow.h; path = Controllers/ProgressWindow.h; sourceTree = "<group>"; };
		6EE9354C0E42FFF6008084DF /* ProgressWindow.m */ = {isa = PBXFileReference; fileEncoding = 4; lastKnownFileType = sourcecode.c.objc; name = ProgressWindow.m; path = Controllers/ProgressWindow.m; sourceTree = "<group>"; };
		6EEBF6F90E3B1F390003EA63 /* ImageDownloader.h */ = {isa = PBXFileReference; fileEncoding = 4; lastKnownFileType = sourcecode.c.h; name = ImageDownloader.h; path = Network/ImageDownloader.h; sourceTree = "<group>"; };
		6EEBF6FA0E3B1F390003EA63 /* ImageDownloader.m */ = {isa = PBXFileReference; fileEncoding = 4; lastKnownFileType = sourcecode.c.objc; name = ImageDownloader.m; path = Network/ImageDownloader.m; sourceTree = "<group>"; };
		6EEBF7030E3B1FD40003EA63 /* ColorUtils.h */ = {isa = PBXFileReference; fileEncoding = 4; lastKnownFileType = sourcecode.c.h; name = ColorUtils.h; path = Classes/OtherSources/ColorUtils.h; sourceTree = "<group>"; };
		6EEBF7040E3B1FD40003EA63 /* ColorUtils.m */ = {isa = PBXFileReference; fileEncoding = 4; lastKnownFileType = sourcecode.c.objc; name = ColorUtils.m; path = Classes/OtherSources/ColorUtils.m; sourceTree = "<group>"; };
		6EEBF7050E3B1FD40003EA63 /* main.m */ = {isa = PBXFileReference; fileEncoding = 4; lastKnownFileType = sourcecode.c.objc; name = main.m; path = Classes/OtherSources/main.m; sourceTree = "<group>"; };
		6EEBF7060E3B1FD40003EA63 /* REString.h */ = {isa = PBXFileReference; fileEncoding = 4; lastKnownFileType = sourcecode.c.h; name = REString.h; path = Classes/OtherSources/REString.h; sourceTree = "<group>"; };
		6EEBF7070E3B1FD40003EA63 /* REString.m */ = {isa = PBXFileReference; fileEncoding = 4; lastKnownFileType = sourcecode.c.objc; name = REString.m; path = Classes/OtherSources/REString.m; sourceTree = "<group>"; };
		6EEBF7080E3B1FD40003EA63 /* StringUtil.h */ = {isa = PBXFileReference; fileEncoding = 4; lastKnownFileType = sourcecode.c.h; name = StringUtil.h; path = Classes/OtherSources/StringUtil.h; sourceTree = "<group>"; };
		6EEBF7090E3B1FD40003EA63 /* StringUtil.m */ = {isa = PBXFileReference; fileEncoding = 4; lastKnownFileType = sourcecode.c.objc; name = StringUtil.m; path = Classes/OtherSources/StringUtil.m; sourceTree = "<group>"; };
		6EEBF70A0E3B1FD40003EA63 /* TwitterFonAppDelegate.h */ = {isa = PBXFileReference; fileEncoding = 4; lastKnownFileType = sourcecode.c.h; name = TwitterFonAppDelegate.h; path = Classes/OtherSources/TwitterFonAppDelegate.h; sourceTree = "<group>"; };
		6EEBF70B0E3B1FD40003EA63 /* TwitterFonAppDelegate.m */ = {isa = PBXFileReference; fileEncoding = 4; lastKnownFileType = sourcecode.c.objc; name = TwitterFonAppDelegate.m; path = Classes/OtherSources/TwitterFonAppDelegate.m; sourceTree = "<group>"; };
		6EEBF7110E3B20610003EA63 /* SettingsViewController.h */ = {isa = PBXFileReference; fileEncoding = 4; lastKnownFileType = sourcecode.c.h; name = SettingsViewController.h; path = Controllers/SettingsViewController.h; sourceTree = "<group>"; };
		6EEBF7130E3B20610003EA63 /* SettingsViewController.m */ = {isa = PBXFileReference; fileEncoding = 4; lastKnownFileType = sourcecode.c.objc; name = SettingsViewController.m; path = Controllers/SettingsViewController.m; sourceTree = "<group>"; };
		6EEBF7170E3B20830003EA63 /* MessageCell.h */ = {isa = PBXFileReference; fileEncoding = 4; lastKnownFileType = sourcecode.c.h; name = MessageCell.h; path = Controllers/MessageCell.h; sourceTree = "<group>"; };
		6EEBF7180E3B20830003EA63 /* MessageCell.m */ = {isa = PBXFileReference; fileEncoding = 4; lastKnownFileType = sourcecode.c.objc; name = MessageCell.m; path = Controllers/MessageCell.m; sourceTree = "<group>"; };
		6EEBF71B0E3B20830003EA63 /* TimelineViewController.h */ = {isa = PBXFileReference; fileEncoding = 4; lastKnownFileType = sourcecode.c.h; name = TimelineViewController.h; path = Controllers/TimelineViewController.h; sourceTree = "<group>"; };
		6EEBF71C0E3B20830003EA63 /* TimelineViewController.m */ = {isa = PBXFileReference; fileEncoding = 4; lastKnownFileType = sourcecode.c.objc; name = TimelineViewController.m; path = Controllers/TimelineViewController.m; sourceTree = "<group>"; };
		6EEBF7200E3B20910003EA63 /* PostViewController.h */ = {isa = PBXFileReference; fileEncoding = 4; lastKnownFileType = sourcecode.c.h; name = PostViewController.h; path = Controllers/PostViewController.h; sourceTree = "<group>"; };
		6EEBF7210E3B20910003EA63 /* PostViewController.m */ = {isa = PBXFileReference; fileEncoding = 4; lastKnownFileType = sourcecode.c.objc; name = PostViewController.m; path = Controllers/PostViewController.m; sourceTree = "<group>"; };
		6EEBF7260E3B209A0003EA63 /* WebViewController.h */ = {isa = PBXFileReference; fileEncoding = 4; lastKnownFileType = sourcecode.c.h; name = WebViewController.h; path = Controllers/WebViewController.h; sourceTree = "<group>"; };
		6EEBF7270E3B209A0003EA63 /* WebViewController.m */ = {isa = PBXFileReference; fileEncoding = 4; lastKnownFileType = sourcecode.c.objc; name = WebViewController.m; path = Controllers/WebViewController.m; sourceTree = "<group>"; };
		6EED14070E33E59B00C71EA4 /* ImageStore.h */ = {isa = PBXFileReference; fileEncoding = 4; lastKnownFileType = sourcecode.c.h; path = ImageStore.h; sourceTree = "<group>"; };
		6EED14080E33E59B00C71EA4 /* ImageStore.m */ = {isa = PBXFileReference; fileEncoding = 4; lastKnownFileType = sourcecode.c.objc; path = ImageStore.m; sourceTree = "<group>"; };
		6EED14090E33E59B00C71EA4 /* ProfileImage.h */ = {isa = PBXFileReference; fileEncoding = 4; lastKnownFileType = sourcecode.c.h; path = ProfileImage.h; sourceTree = "<group>"; };
		6EED140A0E33E59B00C71EA4 /* ProfileImage.m */ = {isa = PBXFileReference; fileEncoding = 4; lastKnownFileType = sourcecode.c.objc; path = ProfileImage.m; sourceTree = "<group>"; };
		6EED140C0E33E59B00C71EA4 /* JSON.h */ = {isa = PBXFileReference; fileEncoding = 4; lastKnownFileType = sourcecode.c.h; path = JSON.h; sourceTree = "<group>"; };
		6EED140D0E33E59B00C71EA4 /* NSObject+SBJSON.h */ = {isa = PBXFileReference; fileEncoding = 4; lastKnownFileType = sourcecode.c.h; path = "NSObject+SBJSON.h"; sourceTree = "<group>"; };
		6EED140E0E33E59B00C71EA4 /* NSObject+SBJSON.m */ = {isa = PBXFileReference; fileEncoding = 4; lastKnownFileType = sourcecode.c.objc; path = "NSObject+SBJSON.m"; sourceTree = "<group>"; };
		6EED140F0E33E59B00C71EA4 /* NSString+SBJSON.h */ = {isa = PBXFileReference; fileEncoding = 4; lastKnownFileType = sourcecode.c.h; path = "NSString+SBJSON.h"; sourceTree = "<group>"; };
		6EED14100E33E59B00C71EA4 /* NSString+SBJSON.m */ = {isa = PBXFileReference; fileEncoding = 4; lastKnownFileType = sourcecode.c.objc; path = "NSString+SBJSON.m"; sourceTree = "<group>"; };
		6EED14110E33E59B00C71EA4 /* SBJSON.h */ = {isa = PBXFileReference; fileEncoding = 4; lastKnownFileType = sourcecode.c.h; path = SBJSON.h; sourceTree = "<group>"; };
		6EED14120E33E59B00C71EA4 /* SBJSON.m */ = {isa = PBXFileReference; fileEncoding = 4; lastKnownFileType = sourcecode.c.objc; path = SBJSON.m; sourceTree = "<group>"; };
		6EED141E0E33E59B00C71EA4 /* Message.h */ = {isa = PBXFileReference; fileEncoding = 4; lastKnownFileType = sourcecode.c.h; path = Message.h; sourceTree = "<group>"; };
		6EED141F0E33E59B00C71EA4 /* Message.m */ = {isa = PBXFileReference; fileEncoding = 4; lastKnownFileType = sourcecode.c.objc; path = Message.m; sourceTree = "<group>"; };
		6EED14220E33E59B00C71EA4 /* Timeline.h */ = {isa = PBXFileReference; fileEncoding = 4; lastKnownFileType = sourcecode.c.h; path = Timeline.h; sourceTree = "<group>"; };
		6EED14230E33E59B00C71EA4 /* Timeline.m */ = {isa = PBXFileReference; fileEncoding = 4; lastKnownFileType = sourcecode.c.objc; path = Timeline.m; sourceTree = "<group>"; };
		6EED14260E33E59B00C71EA4 /* User.h */ = {isa = PBXFileReference; fileEncoding = 4; lastKnownFileType = sourcecode.c.h; path = User.h; sourceTree = "<group>"; };
		6EED14270E33E59B00C71EA4 /* User.m */ = {isa = PBXFileReference; fileEncoding = 4; lastKnownFileType = sourcecode.c.objc; path = User.m; sourceTree = "<group>"; };
		6EED143A0E33E5BA00C71EA4 /* SettingsView.xib */ = {isa = PBXFileReference; lastKnownFileType = file.xib; path = SettingsView.xib; sourceTree = "<group>"; };
		6EED143B0E33E5BA00C71EA4 /* TimelineView.xib */ = {isa = PBXFileReference; lastKnownFileType = file.xib; path = TimelineView.xib; sourceTree = "<group>"; };
		6EED14410E33E5BF00C71EA4 /* Icon.png */ = {isa = PBXFileReference; lastKnownFileType = image.png; path = Icon.png; sourceTree = "<group>"; };
		6EED14430E33E5BF00C71EA4 /* library.png */ = {isa = PBXFileReference; lastKnownFileType = image.png; path = library.png; sourceTree = "<group>"; };
		6EED14450E33E5BF00C71EA4 /* messages.png */ = {isa = PBXFileReference; lastKnownFileType = image.png; path = messages.png; sourceTree = "<group>"; };
		6EED14470E33E5BF00C71EA4 /* post.png */ = {isa = PBXFileReference; lastKnownFileType = image.png; path = post.png; sourceTree = "<group>"; };
		6EED14490E33E5BF00C71EA4 /* replies.png */ = {isa = PBXFileReference; lastKnownFileType = image.png; path = replies.png; sourceTree = "<group>"; };
		6EED144B0E33E5BF00C71EA4 /* settings.png */ = {isa = PBXFileReference; lastKnownFileType = image.png; path = settings.png; sourceTree = "<group>"; };
		6EED144D0E33E5BF00C71EA4 /* timeline.png */ = {isa = PBXFileReference; lastKnownFileType = image.png; path = timeline.png; sourceTree = "<group>"; };
		8D1107310486CEB800E47090 /* Info.plist */ = {isa = PBXFileReference; fileEncoding = 4; lastKnownFileType = text.plist.xml; path = Info.plist; sourceTree = "<group>"; };
/* End PBXFileReference section */

/* Begin PBXFrameworksBuildPhase section */
		1D60588F0D05DD3D006BFB54 /* Frameworks */ = {
			isa = PBXFrameworksBuildPhase;
			buildActionMask = 2147483647;
			files = (
				1D60589F0D05DD5A006BFB54 /* Foundation.framework in Frameworks */,
				1DF5F4E00D08C38300B7A737 /* UIKit.framework in Frameworks */,
				6EDC01240E33E6DA00FF142E /* libsqlite3.0.dylib in Frameworks */,
				6EDC012F0E33E6F000FF142E /* CoreGraphics.framework in Frameworks */,
				6E2BD0C10E35AE04003A8F69 /* QuartzCore.framework in Frameworks */,
			);
			runOnlyForDeploymentPostprocessing = 0;
		};
/* End PBXFrameworksBuildPhase section */

/* Begin PBXGroup section */
		080E96DDFE201D6D7F000001 /* Classes */ = {
			isa = PBXGroup;
			children = (
				6EEBF6C90E3AE3780003EA63 /* Network */,
				6EDC025B0E34537600FF142E /* Views */,
				6EDC01CE0E344B5600FF142E /* DB */,
				6EED14040E33E59B00C71EA4 /* ImageStore */,
				6EED140B0E33E59B00C71EA4 /* JSON */,
				6EED141D0E33E59B00C71EA4 /* Twitter */,
			);
			path = Classes;
			sourceTree = "<group>";
		};
		19C28FACFE9D520D11CA2CBB /* Products */ = {
			isa = PBXGroup;
			children = (
				1D6058910D05DD3D006BFB54 /* TwitterFon.app */,
			);
			name = Products;
			sourceTree = "<group>";
		};
		29B97314FDCFA39411CA2CEA /* TwitterFon */ = {
			isa = PBXGroup;
			children = (
				080E96DDFE201D6D7F000001 /* Classes */,
				29B97315FDCFA39411CA2CEA /* Other Sources */,
				29B97317FDCFA39411CA2CEA /* Resources */,
				29B97323FDCFA39411CA2CEA /* Frameworks */,
				19C28FACFE9D520D11CA2CBB /* Products */,
			);
			name = TwitterFon;
			sourceTree = "<group>";
		};
		29B97315FDCFA39411CA2CEA /* Other Sources */ = {
			isa = PBXGroup;
			children = (
				6E943A8E0E64C4FF00E8ECF2 /* TimeUtils.h */,
				6E943A8F0E64C4FF00E8ECF2 /* TimeUtils.m */,
				6EEBF7030E3B1FD40003EA63 /* ColorUtils.h */,
				6EEBF7040E3B1FD40003EA63 /* ColorUtils.m */,
				6EEBF7050E3B1FD40003EA63 /* main.m */,
				6EEBF7060E3B1FD40003EA63 /* REString.h */,
				6EEBF7070E3B1FD40003EA63 /* REString.m */,
				6EEBF7080E3B1FD40003EA63 /* StringUtil.h */,
				6EEBF7090E3B1FD40003EA63 /* StringUtil.m */,
				6EEBF70A0E3B1FD40003EA63 /* TwitterFonAppDelegate.h */,
				6EEBF70B0E3B1FD40003EA63 /* TwitterFonAppDelegate.m */,
				28A0AB4B0D9B1048005BE974 /* TwitterFon_Prefix.pch */,
			);
			name = "Other Sources";
			sourceTree = "<group>";
		};
		29B97317FDCFA39411CA2CEA /* Resources */ = {
			isa = PBXGroup;
			children = (
				6EED14400E33E5BF00C71EA4 /* Images */,
				28AD73870D9D96C1002E5188 /* MainWindow.xib */,
				6E660BED0E615B9800B6FA30 /* PostView.xib */,
				6EED143A0E33E5BA00C71EA4 /* SettingsView.xib */,
				6EED143B0E33E5BA00C71EA4 /* TimelineView.xib */,
				6E29E9D00E61F07C00E731BE /* UserView.xib */,
				6E660AE00E61500600B6FA30 /* WebView.xib */,
				8D1107310486CEB800E47090 /* Info.plist */,
				6EDC03880E34679300FF142E /* db.sql */,
				6E102AE20E5DEC7A00440C58 /* db1.1.sql */,
			);
			name = Resources;
			sourceTree = "<group>";
		};
		29B97323FDCFA39411CA2CEA /* Frameworks */ = {
			isa = PBXGroup;
			children = (
				6E2BD0C00E35AE04003A8F69 /* QuartzCore.framework */,
				6EDC01230E33E6DA00FF142E /* libsqlite3.0.dylib */,
				6EDC012E0E33E6F000FF142E /* CoreGraphics.framework */,
				1DF5F4DF0D08C38300B7A737 /* UIKit.framework */,
				1D30AB110D05D00D00671497 /* Foundation.framework */,
			);
			name = Frameworks;
			sourceTree = "<group>";
		};
		6E102A360E5DD63D00440C58 /* UesrTimeline */ = {
			isa = PBXGroup;
			children = (
				6E08FB9C0E5D266B00106492 /* UserCell.h */,
				6E08FB9D0E5D266B00106492 /* UserCell.m */,
				6E10290F0E5D362C00440C58 /* LoadCell.h */,
				6E1029100E5D362C00440C58 /* LoadCell.m */,
				6E08FB750E5D252200106492 /* UserTimelineController.h */,
				6E08FB760E5D252200106492 /* UserTimelineController.m */,
			);
			name = UesrTimeline;
			sourceTree = "<group>";
		};
		6E38EF7F0E38275300887690 /* Web View */ = {
			isa = PBXGroup;
			children = (
				6EEBF7260E3B209A0003EA63 /* WebViewController.h */,
				6EEBF7270E3B209A0003EA63 /* WebViewController.m */,
			);
			name = "Web View";
			sourceTree = "<group>";
		};
		6E8265C80E375119005D2370 /* Post */ = {
			isa = PBXGroup;
			children = (
				6EE9354B0E42FFF6008084DF /* ProgressWindow.h */,
				6EE9354C0E42FFF6008084DF /* ProgressWindow.m */,
				6EEBF7200E3B20910003EA63 /* PostViewController.h */,
				6EEBF7210E3B20910003EA63 /* PostViewController.m */,
			);
			name = Post;
			sourceTree = "<group>";
		};
		6E8265C90E375122005D2370 /* FriendsTimeline */ = {
			isa = PBXGroup;
			children = (
				6EEBF7170E3B20830003EA63 /* MessageCell.h */,
				6EEBF7180E3B20830003EA63 /* MessageCell.m */,
				6EEBF71B0E3B20830003EA63 /* TimelineViewController.h */,
				6EEBF71C0E3B20830003EA63 /* TimelineViewController.m */,
			);
			name = FriendsTimeline;
			sourceTree = "<group>";
		};
		6E8265CA0E37513B005D2370 /* Settings */ = {
			isa = PBXGroup;
			children = (
				6EEBF7110E3B20610003EA63 /* SettingsViewController.h */,
				6EEBF7130E3B20610003EA63 /* SettingsViewController.m */,
			);
			name = Settings;
			sourceTree = "<group>";
		};
		6EDC01CE0E344B5600FF142E /* DB */ = {
			isa = PBXGroup;
			children = (
				6EDC01CF0E344B5600FF142E /* DBConnection.h */,
				6EDC01D00E344B5600FF142E /* DBConnection.m */,
			);
			path = DB;
			sourceTree = "<group>";
		};
		6EDC025B0E34537600FF142E /* Views */ = {
			isa = PBXGroup;
			children = (
				6E8265CA0E37513B005D2370 /* Settings */,
				6E8265C90E375122005D2370 /* FriendsTimeline */,
				6E102A360E5DD63D00440C58 /* UesrTimeline */,
				6E8265C80E375119005D2370 /* Post */,
				6E38EF7F0E38275300887690 /* Web View */,
			);
			name = Views;
			sourceTree = "<group>";
		};
		6EEBF6C90E3AE3780003EA63 /* Network */ = {
			isa = PBXGroup;
			children = (
				6EEBF6F90E3B1F390003EA63 /* ImageDownloader.h */,
				6EEBF6FA0E3B1F390003EA63 /* ImageDownloader.m */,
				6E092C390E3B41D40039FEE3 /* TFConnection.h */,
				6E092C3A0E3B41D40039FEE3 /* TFConnection.m */,
				6E335EA20E3BBE0C008B15BB /* TwitterClient.h */,
				6E335EA30E3BBE0C008B15BB /* TwitterClient.m */,
				6EDD27720E3B5429002E09A0 /* TinyURL.h */,
				6EDD27730E3B5429002E09A0 /* TinyURL.m */,
			);
			name = Network;
			sourceTree = "<group>";
		};
		6EED14040E33E59B00C71EA4 /* ImageStore */ = {
			isa = PBXGroup;
			children = (
				6EED14070E33E59B00C71EA4 /* ImageStore.h */,
				6EED14080E33E59B00C71EA4 /* ImageStore.m */,
				6EED14090E33E59B00C71EA4 /* ProfileImage.h */,
				6EED140A0E33E59B00C71EA4 /* ProfileImage.m */,
			);
			path = ImageStore;
			sourceTree = "<group>";
		};
		6EED140B0E33E59B00C71EA4 /* JSON */ = {
			isa = PBXGroup;
			children = (
				6EED140C0E33E59B00C71EA4 /* JSON.h */,
				6EED140D0E33E59B00C71EA4 /* NSObject+SBJSON.h */,
				6EED140E0E33E59B00C71EA4 /* NSObject+SBJSON.m */,
				6EED140F0E33E59B00C71EA4 /* NSString+SBJSON.h */,
				6EED14100E33E59B00C71EA4 /* NSString+SBJSON.m */,
				6EED14110E33E59B00C71EA4 /* SBJSON.h */,
				6EED14120E33E59B00C71EA4 /* SBJSON.m */,
			);
			path = JSON;
			sourceTree = "<group>";
		};
		6EED141D0E33E59B00C71EA4 /* Twitter */ = {
			isa = PBXGroup;
			children = (
				6EED14260E33E59B00C71EA4 /* User.h */,
				6EED14270E33E59B00C71EA4 /* User.m */,
				6EED141E0E33E59B00C71EA4 /* Message.h */,
				6EED141F0E33E59B00C71EA4 /* Message.m */,
				6EED14220E33E59B00C71EA4 /* Timeline.h */,
				6EED14230E33E59B00C71EA4 /* Timeline.m */,
			);
			path = Twitter;
			sourceTree = "<group>";
		};
		6EED14400E33E5BF00C71EA4 /* Images */ = {
			isa = PBXGroup;
			children = (
				6E943F1A0E6527C600E8ECF2 /* usercell_background.png */,
				6E021A720E60109000D0869A /* lock.png */,
				6ED17FA50E38D3A0006E8AB7 /* forward.png */,
				6ED17FA60E38D3A0006E8AB7 /* back.png */,
				6E0219AD0E5FF66000D0869A /* open_safari.png */,
				6E2BD11E0E35B3D2003A8F69 /* Default.png */,
				6E2BCF1A0E3591B8003A8F69 /* postbutton.png */,
				6E2BCF250E3596D4003A8F69 /* friends.png */,
				6EED14410E33E5BF00C71EA4 /* Icon.png */,
				6EED14430E33E5BF00C71EA4 /* library.png */,
				6E3703E60E49137E00952688 /* link.png */,
				6E3704050E491B4500952688 /* link_highlighted.png */,
				6EED14450E33E5BF00C71EA4 /* messages.png */,
				6EED14470E33E5BF00C71EA4 /* post.png */,
				6EED14490E33E5BF00C71EA4 /* replies.png */,
				6EED144B0E33E5BF00C71EA4 /* settings.png */,
				6EED144D0E33E5BF00C71EA4 /* timeline.png */,
			);
			path = Images;
			sourceTree = "<group>";
		};
/* End PBXGroup section */

/* Begin PBXNativeTarget section */
		1D6058900D05DD3D006BFB54 /* TwitterFon */ = {
			isa = PBXNativeTarget;
			buildConfigurationList = 1D6058960D05DD3E006BFB54 /* Build configuration list for PBXNativeTarget "TwitterFon" */;
			buildPhases = (
				1D60588D0D05DD3D006BFB54 /* Resources */,
				1D60588E0D05DD3D006BFB54 /* Sources */,
				1D60588F0D05DD3D006BFB54 /* Frameworks */,
			);
			buildRules = (
			);
			dependencies = (
			);
			name = TwitterFon;
			productName = TwitterFon;
			productReference = 1D6058910D05DD3D006BFB54 /* TwitterFon.app */;
			productType = "com.apple.product-type.application";
		};
/* End PBXNativeTarget section */

/* Begin PBXProject section */
		29B97313FDCFA39411CA2CEA /* Project object */ = {
			isa = PBXProject;
			buildConfigurationList = C01FCF4E08A954540054247B /* Build configuration list for PBXProject "TwitterFon" */;
			compatibilityVersion = "Xcode 3.1";
			hasScannedForEncodings = 1;
			mainGroup = 29B97314FDCFA39411CA2CEA /* TwitterFon */;
			projectDirPath = "";
			projectRoot = "";
			targets = (
				1D6058900D05DD3D006BFB54 /* TwitterFon */,
			);
		};
/* End PBXProject section */

/* Begin PBXResourcesBuildPhase section */
		1D60588D0D05DD3D006BFB54 /* Resources */ = {
			isa = PBXResourcesBuildPhase;
			buildActionMask = 2147483647;
			files = (
				28AD73880D9D96C1002E5188 /* MainWindow.xib in Resources */,
				6EED143D0E33E5BA00C71EA4 /* SettingsView.xib in Resources */,
				6EED143E0E33E5BA00C71EA4 /* TimelineView.xib in Resources */,
				6EED144E0E33E5BF00C71EA4 /* Icon.png in Resources */,
				6EED14500E33E5BF00C71EA4 /* library.png in Resources */,
				6EED14520E33E5BF00C71EA4 /* messages.png in Resources */,
				6EED14540E33E5BF00C71EA4 /* post.png in Resources */,
				6EED14560E33E5BF00C71EA4 /* replies.png in Resources */,
				6EED14580E33E5BF00C71EA4 /* settings.png in Resources */,
				6EED145A0E33E5BF00C71EA4 /* timeline.png in Resources */,
				6EDC03890E34679300FF142E /* db.sql in Resources */,
				6E2BCF1B0E3591B8003A8F69 /* postbutton.png in Resources */,
				6E2BCF260E3596D4003A8F69 /* friends.png in Resources */,
				6E2BD11F0E35B3D2003A8F69 /* Default.png in Resources */,
				6ED17FA70E38D3A0006E8AB7 /* forward.png in Resources */,
				6ED17FA80E38D3A0006E8AB7 /* back.png in Resources */,
				6E3703E70E49137E00952688 /* link.png in Resources */,
				6E3704060E491B4500952688 /* link_highlighted.png in Resources */,
				6E102AE30E5DEC7A00440C58 /* db1.1.sql in Resources */,
				6E0219AE0E5FF66000D0869A /* open_safari.png in Resources */,
				6E021A730E60109000D0869A /* lock.png in Resources */,
				6E660AE10E61500600B6FA30 /* WebView.xib in Resources */,
				6E660BEE0E615B9800B6FA30 /* PostView.xib in Resources */,
				6E29E9D10E61F07C00E731BE /* UserView.xib in Resources */,
				6E943F1B0E6527C600E8ECF2 /* usercell_background.png in Resources */,
			);
			runOnlyForDeploymentPostprocessing = 0;
		};
/* End PBXResourcesBuildPhase section */

/* Begin PBXSourcesBuildPhase section */
		1D60588E0D05DD3D006BFB54 /* Sources */ = {
			isa = PBXSourcesBuildPhase;
			buildActionMask = 2147483647;
			files = (
				6EED142B0E33E59B00C71EA4 /* ImageStore.m in Sources */,
				6EED142C0E33E59B00C71EA4 /* ProfileImage.m in Sources */,
				6EED142D0E33E59B00C71EA4 /* NSObject+SBJSON.m in Sources */,
				6EED142E0E33E59B00C71EA4 /* NSString+SBJSON.m in Sources */,
				6EED142F0E33E59B00C71EA4 /* SBJSON.m in Sources */,
				6EED14350E33E59B00C71EA4 /* Message.m in Sources */,
				6EED14370E33E59B00C71EA4 /* Timeline.m in Sources */,
				6EED14390E33E59B00C71EA4 /* User.m in Sources */,
				6EDC01D10E344B5600FF142E /* DBConnection.m in Sources */,
				6EEBF7000E3B1F390003EA63 /* ImageDownloader.m in Sources */,
				6EEBF70C0E3B1FD40003EA63 /* ColorUtils.m in Sources */,
				6EEBF70D0E3B1FD40003EA63 /* main.m in Sources */,
				6EEBF70E0E3B1FD40003EA63 /* REString.m in Sources */,
				6EEBF70F0E3B1FD40003EA63 /* StringUtil.m in Sources */,
				6EEBF7100E3B1FD40003EA63 /* TwitterFonAppDelegate.m in Sources */,
				6EEBF7160E3B20610003EA63 /* SettingsViewController.m in Sources */,
				6EEBF71D0E3B20830003EA63 /* MessageCell.m in Sources */,
				6EEBF71F0E3B20830003EA63 /* TimelineViewController.m in Sources */,
				6EEBF7240E3B20910003EA63 /* PostViewController.m in Sources */,
				6EEBF7280E3B209A0003EA63 /* WebViewController.m in Sources */,
				6E092C3B0E3B41D40039FEE3 /* TFConnection.m in Sources */,
				6EDD27740E3B5429002E09A0 /* TinyURL.m in Sources */,
				6E335EA40E3BBE0C008B15BB /* TwitterClient.m in Sources */,
				6EE9354D0E42FFF6008084DF /* ProgressWindow.m in Sources */,
				6E08FB770E5D252200106492 /* UserTimelineController.m in Sources */,
				6E08FB9E0E5D266B00106492 /* UserCell.m in Sources */,
				6E1029110E5D362C00440C58 /* LoadCell.m in Sources */,
				6E943A900E64C4FF00E8ECF2 /* TimeUtils.m in Sources */,
			);
			runOnlyForDeploymentPostprocessing = 0;
		};
/* End PBXSourcesBuildPhase section */

/* Begin XCBuildConfiguration section */
		1D6058940D05DD3E006BFB54 /* Debug */ = {
			isa = XCBuildConfiguration;
			buildSettings = {
				ALWAYS_SEARCH_USER_PATHS = NO;
				COPY_PHASE_STRIP = NO;
				GCC_DYNAMIC_NO_PIC = NO;
				GCC_OPTIMIZATION_LEVEL = 0;
				GCC_PRECOMPILE_PREFIX_HEADER = YES;
				GCC_PREFIX_HEADER = TwitterFon_Prefix.pch;
				INFOPLIST_FILE = Info.plist;
				PRODUCT_NAME = TwitterFon;
			};
			name = Debug;
		};
		1D6058950D05DD3E006BFB54 /* Release */ = {
			isa = XCBuildConfiguration;
			buildSettings = {
				ALWAYS_SEARCH_USER_PATHS = NO;
				COPY_PHASE_STRIP = YES;
				GCC_PRECOMPILE_PREFIX_HEADER = YES;
				GCC_PREFIX_HEADER = TwitterFon_Prefix.pch;
				INFOPLIST_FILE = Info.plist;
				PRODUCT_NAME = TwitterFon;
			};
			name = Release;
		};
		6EF65A000E40236D0053F24D /* Distribution */ = {
			isa = XCBuildConfiguration;
			buildSettings = {
				ARCHS = "$(ARCHS_STANDARD_32_BIT)";
				"CODE_SIGN_IDENTITY[sdk=iphoneos2.0]" = "iPhone Distribution: Kazuho Okui";
				GCC_C_LANGUAGE_STANDARD = c99;
				GCC_WARN_ABOUT_RETURN_TYPE = YES;
				GCC_WARN_UNUSED_VARIABLE = YES;
				PREBINDING = NO;
				"PROVISIONING_PROFILE[sdk=iphoneos*]" = "0F74D6AA-1337-43EC-9E34-0AFB081302DE";
				"PROVISIONING_PROFILE[sdk=iphoneos2.0]" = "0F74D6AA-1337-43EC-9E34-0AFB081302DE";
				SDKROOT = iphoneos2.0;
			};
			name = Distribution;
		};
		6EF65A010E40236D0053F24D /* Distribution */ = {
			isa = XCBuildConfiguration;
			buildSettings = {
				ALWAYS_SEARCH_USER_PATHS = NO;
				COPY_PHASE_STRIP = YES;
				GCC_PRECOMPILE_PREFIX_HEADER = YES;
				GCC_PREFIX_HEADER = TwitterFon_Prefix.pch;
				INFOPLIST_FILE = Info.plist;
				PRODUCT_NAME = TwitterFon;
			};
			name = Distribution;
		};
		C01FCF4F08A954540054247B /* Debug */ = {
			isa = XCBuildConfiguration;
			buildSettings = {
				ARCHS = "$(ARCHS_STANDARD_32_BIT)";
				"CODE_SIGN_IDENTITY[sdk=iphoneos*]" = "iPhone Developer";
				GCC_C_LANGUAGE_STANDARD = c99;
				GCC_WARN_ABOUT_RETURN_TYPE = YES;
				GCC_WARN_UNUSED_VARIABLE = YES;
				ONLY_ACTIVE_ARCH = YES;
				PREBINDING = NO;
				SDKROOT = iphoneos2.0;
			};
			name = Debug;
		};
		C01FCF5008A954540054247B /* Release */ = {
			isa = XCBuildConfiguration;
			buildSettings = {
				ARCHS = "$(ARCHS_STANDARD_32_BIT)";
				"CODE_SIGN_IDENTITY[sdk=iphoneos*]" = "iPhone Developer";
				GCC_C_LANGUAGE_STANDARD = c99;
				GCC_WARN_ABOUT_RETURN_TYPE = YES;
				GCC_WARN_UNUSED_VARIABLE = YES;
				PREBINDING = NO;
				"PROVISIONING_PROFILE[sdk=iphoneos*]" = "4FAF03B0-7A9F-4A01-BA2F-1FE3E2132965";
				SDKROOT = iphoneos2.0;
			};
			name = Release;
		};
/* End XCBuildConfiguration section */

/* Begin XCConfigurationList section */
		1D6058960D05DD3E006BFB54 /* Build configuration list for PBXNativeTarget "TwitterFon" */ = {
			isa = XCConfigurationList;
			buildConfigurations = (
				1D6058940D05DD3E006BFB54 /* Debug */,
				1D6058950D05DD3E006BFB54 /* Release */,
				6EF65A010E40236D0053F24D /* Distribution */,
			);
			defaultConfigurationIsVisible = 0;
			defaultConfigurationName = Release;
		};
		C01FCF4E08A954540054247B /* Build configuration list for PBXProject "TwitterFon" */ = {
			isa = XCConfigurationList;
			buildConfigurations = (
				C01FCF4F08A954540054247B /* Debug */,
				C01FCF5008A954540054247B /* Release */,
				6EF65A000E40236D0053F24D /* Distribution */,
			);
			defaultConfigurationIsVisible = 0;
			defaultConfigurationName = Release;
		};
/* End XCConfigurationList section */
	};
	rootObject = 29B97313FDCFA39411CA2CEA /* Project object */;
}
