// !$*UTF8*$!
{
	archiveVersion = 1;
	classes = {
	};
	objectVersion = 45;
	objects = {

/* Begin PBXBuildFile section */
		1D3623260D0F684500981E51 /* TwitterPhoxAppDelegate.m in Sources */ = {isa = PBXBuildFile; fileRef = 1D3623250D0F684500981E51 /* TwitterPhoxAppDelegate.m */; };
		1D60589B0D05DD56006BFB54 /* main.m in Sources */ = {isa = PBXBuildFile; fileRef = 29B97316FDCFA39411CA2CEA /* main.m */; };
		1D60589F0D05DD5A006BFB54 /* Foundation.framework in Frameworks */ = {isa = PBXBuildFile; fileRef = 1D30AB110D05D00D00671497 /* Foundation.framework */; };
		1DF5F4E00D08C38300B7A737 /* UIKit.framework in Frameworks */ = {isa = PBXBuildFile; fileRef = 1DF5F4DF0D08C38300B7A737 /* UIKit.framework */; };
		282CCBFE0DB6C98000C4EA27 /* TimelineView.xib in Resources */ = {isa = PBXBuildFile; fileRef = 282CCBFD0DB6C98000C4EA27 /* TimelineView.xib */; };
		28AD73880D9D96C1002E5188 /* MainWindow.xib in Resources */ = {isa = PBXBuildFile; fileRef = 28AD73870D9D96C1002E5188 /* MainWindow.xib */; };
		6E46570C0E2ECB78002AF530 /* post.png in Resources */ = {isa = PBXBuildFile; fileRef = 6E46570B0E2ECB78002AF530 /* post.png */; };
		6E4657230E2ED082002AF530 /* PostView.xib in Resources */ = {isa = PBXBuildFile; fileRef = 6E4657220E2ED082002AF530 /* PostView.xib */; };
		6E4657300E2ED19F002AF530 /* PostViewController.m in Sources */ = {isa = PBXBuildFile; fileRef = 6E46572F0E2ED19F002AF530 /* PostViewController.m */; };
		6E4657550E2EE2E2002AF530 /* library.png in Resources */ = {isa = PBXBuildFile; fileRef = 6E4657540E2EE2E2002AF530 /* library.png */; };
		6EE2037C0E2DA59D00443A4F /* SettingsViewController.m in Sources */ = {isa = PBXBuildFile; fileRef = 6EE2037B0E2DA59D00443A4F /* SettingsViewController.m */; };
		6EE203C90E2DAEA200443A4F /* SettingsTableViewController.m in Sources */ = {isa = PBXBuildFile; fileRef = 6EE203C70E2DAEA200443A4F /* SettingsTableViewController.m */; };
		6EFA43DF0E2B0323006A076C /* timeline.png in Resources */ = {isa = PBXBuildFile; fileRef = 6EFA43DA0E2B0323006A076C /* timeline.png */; };
		6EFA43E00E2B0323006A076C /* settings.png in Resources */ = {isa = PBXBuildFile; fileRef = 6EFA43DB0E2B0323006A076C /* settings.png */; };
		6EFA43E10E2B0323006A076C /* replies.png in Resources */ = {isa = PBXBuildFile; fileRef = 6EFA43DC0E2B0323006A076C /* replies.png */; };
		6EFA43E20E2B0323006A076C /* messages.png in Resources */ = {isa = PBXBuildFile; fileRef = 6EFA43DD0E2B0323006A076C /* messages.png */; };
		6EFA43E30E2B0323006A076C /* Icon.png in Resources */ = {isa = PBXBuildFile; fileRef = 6EFA43DE0E2B0323006A076C /* Icon.png */; };
		6EFA446D0E2B31A9006A076C /* SettingsView.xib in Resources */ = {isa = PBXBuildFile; fileRef = 6EFA446C0E2B31A9006A076C /* SettingsView.xib */; };
		6EFA46700E2B4B38006A076C /* ImageDownloader.m in Sources */ = {isa = PBXBuildFile; fileRef = 6EFA466D0E2B4B38006A076C /* ImageDownloader.m */; };
		6EFA46710E2B4B38006A076C /* ImageStore.m in Sources */ = {isa = PBXBuildFile; fileRef = 6EFA466F0E2B4B38006A076C /* ImageStore.m */; };
		6EFA46790E2B4B41006A076C /* NSString+SBJSON.m in Sources */ = {isa = PBXBuildFile; fileRef = 6EFA46730E2B4B41006A076C /* NSString+SBJSON.m */; };
		6EFA467A0E2B4B41006A076C /* NSObject+SBJSON.m in Sources */ = {isa = PBXBuildFile; fileRef = 6EFA46750E2B4B41006A076C /* NSObject+SBJSON.m */; };
		6EFA467B0E2B4B41006A076C /* SBJSON.m in Sources */ = {isa = PBXBuildFile; fileRef = 6EFA46780E2B4B41006A076C /* SBJSON.m */; };
		6EFA46840E2B4B48006A076C /* Timeline.m in Sources */ = {isa = PBXBuildFile; fileRef = 6EFA467D0E2B4B48006A076C /* Timeline.m */; };
		6EFA46850E2B4B48006A076C /* TimelineDownloader.m in Sources */ = {isa = PBXBuildFile; fileRef = 6EFA467F0E2B4B48006A076C /* TimelineDownloader.m */; };
		6EFA46860E2B4B48006A076C /* Message.m in Sources */ = {isa = PBXBuildFile; fileRef = 6EFA46810E2B4B48006A076C /* Message.m */; };
		6EFA46870E2B4B48006A076C /* User.m in Sources */ = {isa = PBXBuildFile; fileRef = 6EFA46830E2B4B48006A076C /* User.m */; };
		6EFA468F0E2B4D50006A076C /* TimelineViewController.m in Sources */ = {isa = PBXBuildFile; fileRef = 6EFA468E0E2B4D50006A076C /* TimelineViewController.m */; };
		6EFA46930E2B4DB4006A076C /* MessageCell.m in Sources */ = {isa = PBXBuildFile; fileRef = 6EFA46920E2B4DB4006A076C /* MessageCell.m */; };
		6EFA469E0E2B4E25006A076C /* CoreGraphics.framework in Frameworks */ = {isa = PBXBuildFile; fileRef = 6EFA469D0E2B4E25006A076C /* CoreGraphics.framework */; };
/* End PBXBuildFile section */

/* Begin PBXFileReference section */
		1D30AB110D05D00D00671497 /* Foundation.framework */ = {isa = PBXFileReference; lastKnownFileType = wrapper.framework; name = Foundation.framework; path = System/Library/Frameworks/Foundation.framework; sourceTree = SDKROOT; };
		1D3623240D0F684500981E51 /* TwitterPhoxAppDelegate.h */ = {isa = PBXFileReference; fileEncoding = 4; lastKnownFileType = sourcecode.c.h; path = TwitterPhoxAppDelegate.h; sourceTree = "<group>"; };
		1D3623250D0F684500981E51 /* TwitterPhoxAppDelegate.m */ = {isa = PBXFileReference; fileEncoding = 4; lastKnownFileType = sourcecode.c.objc; path = TwitterPhoxAppDelegate.m; sourceTree = "<group>"; };
		1D6058910D05DD3D006BFB54 /* TwitterPhox.app */ = {isa = PBXFileReference; explicitFileType = wrapper.application; includeInIndex = 0; path = TwitterPhox.app; sourceTree = BUILT_PRODUCTS_DIR; };
		1DF5F4DF0D08C38300B7A737 /* UIKit.framework */ = {isa = PBXFileReference; lastKnownFileType = wrapper.framework; name = UIKit.framework; path = System/Library/Frameworks/UIKit.framework; sourceTree = SDKROOT; };
		282CCBFD0DB6C98000C4EA27 /* TimelineView.xib */ = {isa = PBXFileReference; lastKnownFileType = file.xib; path = TimelineView.xib; sourceTree = "<group>"; };
		28A0AB4B0D9B1048005BE974 /* TwitterPhox_Prefix.pch */ = {isa = PBXFileReference; fileEncoding = 4; lastKnownFileType = sourcecode.c.h; path = TwitterPhox_Prefix.pch; sourceTree = "<group>"; };
		28AD73870D9D96C1002E5188 /* MainWindow.xib */ = {isa = PBXFileReference; lastKnownFileType = file.xib; path = MainWindow.xib; sourceTree = "<group>"; };
		29B97316FDCFA39411CA2CEA /* main.m */ = {isa = PBXFileReference; fileEncoding = 4; lastKnownFileType = sourcecode.c.objc; path = main.m; sourceTree = "<group>"; };
		6E46570B0E2ECB78002AF530 /* post.png */ = {isa = PBXFileReference; lastKnownFileType = image.png; name = post.png; path = Images/post.png; sourceTree = "<group>"; };
		6E4657220E2ED082002AF530 /* PostView.xib */ = {isa = PBXFileReference; lastKnownFileType = file.xib; path = PostView.xib; sourceTree = "<group>"; };
		6E46572E0E2ED19F002AF530 /* PostViewController.h */ = {isa = PBXFileReference; fileEncoding = 4; lastKnownFileType = sourcecode.c.h; path = PostViewController.h; sourceTree = "<group>"; };
		6E46572F0E2ED19F002AF530 /* PostViewController.m */ = {isa = PBXFileReference; fileEncoding = 4; lastKnownFileType = sourcecode.c.objc; path = PostViewController.m; sourceTree = "<group>"; };
		6E4657540E2EE2E2002AF530 /* library.png */ = {isa = PBXFileReference; lastKnownFileType = image.png; name = library.png; path = Images/library.png; sourceTree = "<group>"; };
		6EE2037A0E2DA59D00443A4F /* SettingsViewController.h */ = {isa = PBXFileReference; fileEncoding = 4; lastKnownFileType = sourcecode.c.h; path = SettingsViewController.h; sourceTree = "<group>"; };
		6EE2037B0E2DA59D00443A4F /* SettingsViewController.m */ = {isa = PBXFileReference; fileEncoding = 4; lastKnownFileType = sourcecode.c.objc; path = SettingsViewController.m; sourceTree = "<group>"; };
		6EE203C70E2DAEA200443A4F /* SettingsTableViewController.m */ = {isa = PBXFileReference; fileEncoding = 4; lastKnownFileType = sourcecode.c.objc; path = SettingsTableViewController.m; sourceTree = "<group>"; };
		6EE203C80E2DAEA200443A4F /* SettingsTableViewController.h */ = {isa = PBXFileReference; fileEncoding = 4; lastKnownFileType = sourcecode.c.h; path = SettingsTableViewController.h; sourceTree = "<group>"; };
		6EFA43DA0E2B0323006A076C /* timeline.png */ = {isa = PBXFileReference; lastKnownFileType = image.png; name = timeline.png; path = Images/timeline.png; sourceTree = "<group>"; };
		6EFA43DB0E2B0323006A076C /* settings.png */ = {isa = PBXFileReference; lastKnownFileType = image.png; name = settings.png; path = Images/settings.png; sourceTree = "<group>"; };
		6EFA43DC0E2B0323006A076C /* replies.png */ = {isa = PBXFileReference; lastKnownFileType = image.png; name = replies.png; path = Images/replies.png; sourceTree = "<group>"; };
		6EFA43DD0E2B0323006A076C /* messages.png */ = {isa = PBXFileReference; lastKnownFileType = image.png; name = messages.png; path = Images/messages.png; sourceTree = "<group>"; };
		6EFA43DE0E2B0323006A076C /* Icon.png */ = {isa = PBXFileReference; lastKnownFileType = image.png; name = Icon.png; path = Images/Icon.png; sourceTree = "<group>"; };
		6EFA446C0E2B31A9006A076C /* SettingsView.xib */ = {isa = PBXFileReference; lastKnownFileType = file.xib; path = SettingsView.xib; sourceTree = "<group>"; };
		6EFA466C0E2B4B38006A076C /* ImageDownloader.h */ = {isa = PBXFileReference; fileEncoding = 4; lastKnownFileType = sourcecode.c.h; name = ImageDownloader.h; path = Classes/ImageStore/ImageDownloader.h; sourceTree = "<group>"; };
		6EFA466D0E2B4B38006A076C /* ImageDownloader.m */ = {isa = PBXFileReference; fileEncoding = 4; lastKnownFileType = sourcecode.c.objc; name = ImageDownloader.m; path = Classes/ImageStore/ImageDownloader.m; sourceTree = "<group>"; };
		6EFA466E0E2B4B38006A076C /* ImageStore.h */ = {isa = PBXFileReference; fileEncoding = 4; lastKnownFileType = sourcecode.c.h; name = ImageStore.h; path = Classes/ImageStore/ImageStore.h; sourceTree = "<group>"; };
		6EFA466F0E2B4B38006A076C /* ImageStore.m */ = {isa = PBXFileReference; fileEncoding = 4; lastKnownFileType = sourcecode.c.objc; name = ImageStore.m; path = Classes/ImageStore/ImageStore.m; sourceTree = "<group>"; };
		6EFA46720E2B4B41006A076C /* SBJSON.h */ = {isa = PBXFileReference; fileEncoding = 4; lastKnownFileType = sourcecode.c.h; name = SBJSON.h; path = Classes/JSON/SBJSON.h; sourceTree = "<group>"; };
		6EFA46730E2B4B41006A076C /* NSString+SBJSON.m */ = {isa = PBXFileReference; fileEncoding = 4; lastKnownFileType = sourcecode.c.objc; name = "NSString+SBJSON.m"; path = "Classes/JSON/NSString+SBJSON.m"; sourceTree = "<group>"; };
		6EFA46740E2B4B41006A076C /* NSObject+SBJSON.h */ = {isa = PBXFileReference; fileEncoding = 4; lastKnownFileType = sourcecode.c.h; name = "NSObject+SBJSON.h"; path = "Classes/JSON/NSObject+SBJSON.h"; sourceTree = "<group>"; };
		6EFA46750E2B4B41006A076C /* NSObject+SBJSON.m */ = {isa = PBXFileReference; fileEncoding = 4; lastKnownFileType = sourcecode.c.objc; name = "NSObject+SBJSON.m"; path = "Classes/JSON/NSObject+SBJSON.m"; sourceTree = "<group>"; };
		6EFA46760E2B4B41006A076C /* NSString+SBJSON.h */ = {isa = PBXFileReference; fileEncoding = 4; lastKnownFileType = sourcecode.c.h; name = "NSString+SBJSON.h"; path = "Classes/JSON/NSString+SBJSON.h"; sourceTree = "<group>"; };
		6EFA46770E2B4B41006A076C /* JSON.h */ = {isa = PBXFileReference; fileEncoding = 4; lastKnownFileType = sourcecode.c.h; name = JSON.h; path = Classes/JSON/JSON.h; sourceTree = "<group>"; };
		6EFA46780E2B4B41006A076C /* SBJSON.m */ = {isa = PBXFileReference; fileEncoding = 4; lastKnownFileType = sourcecode.c.objc; name = SBJSON.m; path = Classes/JSON/SBJSON.m; sourceTree = "<group>"; };
		6EFA467C0E2B4B48006A076C /* Timeline.h */ = {isa = PBXFileReference; fileEncoding = 4; lastKnownFileType = sourcecode.c.h; name = Timeline.h; path = Classes/Twitter/Timeline.h; sourceTree = "<group>"; };
		6EFA467D0E2B4B48006A076C /* Timeline.m */ = {isa = PBXFileReference; fileEncoding = 4; lastKnownFileType = sourcecode.c.objc; name = Timeline.m; path = Classes/Twitter/Timeline.m; sourceTree = "<group>"; };
		6EFA467E0E2B4B48006A076C /* TimelineDownloader.h */ = {isa = PBXFileReference; fileEncoding = 4; lastKnownFileType = sourcecode.c.h; name = TimelineDownloader.h; path = Classes/Twitter/TimelineDownloader.h; sourceTree = "<group>"; };
		6EFA467F0E2B4B48006A076C /* TimelineDownloader.m */ = {isa = PBXFileReference; fileEncoding = 4; lastKnownFileType = sourcecode.c.objc; name = TimelineDownloader.m; path = Classes/Twitter/TimelineDownloader.m; sourceTree = "<group>"; };
		6EFA46800E2B4B48006A076C /* Message.h */ = {isa = PBXFileReference; fileEncoding = 4; lastKnownFileType = sourcecode.c.h; name = Message.h; path = Classes/Twitter/Message.h; sourceTree = "<group>"; };
		6EFA46810E2B4B48006A076C /* Message.m */ = {isa = PBXFileReference; fileEncoding = 4; lastKnownFileType = sourcecode.c.objc; name = Message.m; path = Classes/Twitter/Message.m; sourceTree = "<group>"; };
		6EFA46820E2B4B48006A076C /* User.h */ = {isa = PBXFileReference; fileEncoding = 4; lastKnownFileType = sourcecode.c.h; name = User.h; path = Classes/Twitter/User.h; sourceTree = "<group>"; };
		6EFA46830E2B4B48006A076C /* User.m */ = {isa = PBXFileReference; fileEncoding = 4; lastKnownFileType = sourcecode.c.objc; name = User.m; path = Classes/Twitter/User.m; sourceTree = "<group>"; };
		6EFA468D0E2B4D50006A076C /* TimelineViewController.h */ = {isa = PBXFileReference; fileEncoding = 4; lastKnownFileType = sourcecode.c.h; path = TimelineViewController.h; sourceTree = "<group>"; };
		6EFA468E0E2B4D50006A076C /* TimelineViewController.m */ = {isa = PBXFileReference; fileEncoding = 4; lastKnownFileType = sourcecode.c.objc; path = TimelineViewController.m; sourceTree = "<group>"; };
		6EFA46910E2B4DB4006A076C /* MessageCell.h */ = {isa = PBXFileReference; fileEncoding = 4; lastKnownFileType = sourcecode.c.h; path = MessageCell.h; sourceTree = "<group>"; };
		6EFA46920E2B4DB4006A076C /* MessageCell.m */ = {isa = PBXFileReference; fileEncoding = 4; lastKnownFileType = sourcecode.c.objc; path = MessageCell.m; sourceTree = "<group>"; };
		6EFA469D0E2B4E25006A076C /* CoreGraphics.framework */ = {isa = PBXFileReference; lastKnownFileType = wrapper.framework; name = CoreGraphics.framework; path = System/Library/Frameworks/CoreGraphics.framework; sourceTree = SDKROOT; };
		8D1107310486CEB800E47090 /* Info.plist */ = {isa = PBXFileReference; fileEncoding = 4; lastKnownFileType = text.plist.xml; path = Info.plist; sourceTree = "<group>"; };
/* End PBXFileReference section */

/* Begin PBXFrameworksBuildPhase section */
		1D60588F0D05DD3D006BFB54 /* Frameworks */ = {
			isa = PBXFrameworksBuildPhase;
			buildActionMask = 2147483647;
			files = (
				1D60589F0D05DD5A006BFB54 /* Foundation.framework in Frameworks */,
				1DF5F4E00D08C38300B7A737 /* UIKit.framework in Frameworks */,
				6EFA469E0E2B4E25006A076C /* CoreGraphics.framework in Frameworks */,
			);
			runOnlyForDeploymentPostprocessing = 0;
		};
/* End PBXFrameworksBuildPhase section */

/* Begin PBXGroup section */
		080E96DDFE201D6D7F000001 /* Classes */ = {
			isa = PBXGroup;
			children = (
				6EF551760E2F46A4003C0191 /* Controllers */,
				6EFA46690E2B4AE6006A076C /* JSON */,
				6EFA466A0E2B4B01006A076C /* ImageStore */,
				6EFA46680E2B4ADD006A076C /* Twitter */,
			);
			path = Classes;
			sourceTree = "<group>";
		};
		19C28FACFE9D520D11CA2CBB /* Products */ = {
			isa = PBXGroup;
			children = (
				1D6058910D05DD3D006BFB54 /* TwitterPhox.app */,
			);
			name = Products;
			sourceTree = "<group>";
		};
		29B97314FDCFA39411CA2CEA /* TwitterPhox */ = {
			isa = PBXGroup;
			children = (
				080E96DDFE201D6D7F000001 /* Classes */,
				29B97315FDCFA39411CA2CEA /* Other Sources */,
				29B97317FDCFA39411CA2CEA /* Resources */,
				29B97323FDCFA39411CA2CEA /* Frameworks */,
				19C28FACFE9D520D11CA2CBB /* Products */,
			);
			name = TwitterPhox;
			sourceTree = "<group>";
		};
		29B97315FDCFA39411CA2CEA /* Other Sources */ = {
			isa = PBXGroup;
			children = (
				28A0AB4B0D9B1048005BE974 /* TwitterPhox_Prefix.pch */,
				29B97316FDCFA39411CA2CEA /* main.m */,
			);
			name = "Other Sources";
			sourceTree = "<group>";
		};
		29B97317FDCFA39411CA2CEA /* Resources */ = {
			isa = PBXGroup;
			children = (
				6EFA43E50E2B032E006A076C /* Images */,
				282CCBFD0DB6C98000C4EA27 /* TimelineView.xib */,
				28AD73870D9D96C1002E5188 /* MainWindow.xib */,
				6EFA446C0E2B31A9006A076C /* SettingsView.xib */,
				8D1107310486CEB800E47090 /* Info.plist */,
				6E4657220E2ED082002AF530 /* PostView.xib */,
			);
			name = Resources;
			sourceTree = "<group>";
		};
		29B97323FDCFA39411CA2CEA /* Frameworks */ = {
			isa = PBXGroup;
			children = (
				6EFA469D0E2B4E25006A076C /* CoreGraphics.framework */,
				1DF5F4DF0D08C38300B7A737 /* UIKit.framework */,
				1D30AB110D05D00D00671497 /* Foundation.framework */,
			);
			name = Frameworks;
			sourceTree = "<group>";
		};
		6EF551760E2F46A4003C0191 /* Controllers */ = {
			isa = PBXGroup;
			children = (
				6EFA46910E2B4DB4006A076C /* MessageCell.h */,
				6EFA46920E2B4DB4006A076C /* MessageCell.m */,
				6E46572E0E2ED19F002AF530 /* PostViewController.h */,
				6E46572F0E2ED19F002AF530 /* PostViewController.m */,
				1D3623240D0F684500981E51 /* TwitterPhoxAppDelegate.h */,
				1D3623250D0F684500981E51 /* TwitterPhoxAppDelegate.m */,
				6EFA468D0E2B4D50006A076C /* TimelineViewController.h */,
				6EFA468E0E2B4D50006A076C /* TimelineViewController.m */,
				6EE2037A0E2DA59D00443A4F /* SettingsViewController.h */,
				6EE2037B0E2DA59D00443A4F /* SettingsViewController.m */,
				6EE203C70E2DAEA200443A4F /* SettingsTableViewController.m */,
				6EE203C80E2DAEA200443A4F /* SettingsTableViewController.h */,
			);
			name = Controllers;
			sourceTree = "<group>";
		};
		6EFA43E50E2B032E006A076C /* Images */ = {
			isa = PBXGroup;
			children = (
				6E4657540E2EE2E2002AF530 /* library.png */,
				6EFA43DE0E2B0323006A076C /* Icon.png */,
				6EFA43DA0E2B0323006A076C /* timeline.png */,
				6EFA43DB0E2B0323006A076C /* settings.png */,
				6EFA43DC0E2B0323006A076C /* replies.png */,
				6EFA43DD0E2B0323006A076C /* messages.png */,
				6E46570B0E2ECB78002AF530 /* post.png */,
			);
			name = Images;
			sourceTree = "<group>";
		};
		6EFA46680E2B4ADD006A076C /* Twitter */ = {
			isa = PBXGroup;
			children = (
				6EFA467C0E2B4B48006A076C /* Timeline.h */,
				6EFA467D0E2B4B48006A076C /* Timeline.m */,
				6EFA467E0E2B4B48006A076C /* TimelineDownloader.h */,
				6EFA467F0E2B4B48006A076C /* TimelineDownloader.m */,
				6EFA46800E2B4B48006A076C /* Message.h */,
				6EFA46810E2B4B48006A076C /* Message.m */,
				6EFA46820E2B4B48006A076C /* User.h */,
				6EFA46830E2B4B48006A076C /* User.m */,
			);
			name = Twitter;
			path = ..;
			sourceTree = "<group>";
		};
		6EFA46690E2B4AE6006A076C /* JSON */ = {
			isa = PBXGroup;
			children = (
				6EFA46720E2B4B41006A076C /* SBJSON.h */,
				6EFA46730E2B4B41006A076C /* NSString+SBJSON.m */,
				6EFA46740E2B4B41006A076C /* NSObject+SBJSON.h */,
				6EFA46750E2B4B41006A076C /* NSObject+SBJSON.m */,
				6EFA46760E2B4B41006A076C /* NSString+SBJSON.h */,
				6EFA46770E2B4B41006A076C /* JSON.h */,
				6EFA46780E2B4B41006A076C /* SBJSON.m */,
			);
			name = JSON;
			path = ..;
			sourceTree = "<group>";
		};
		6EFA466A0E2B4B01006A076C /* ImageStore */ = {
			isa = PBXGroup;
			children = (
				6EFA466C0E2B4B38006A076C /* ImageDownloader.h */,
				6EFA466D0E2B4B38006A076C /* ImageDownloader.m */,
				6EFA466E0E2B4B38006A076C /* ImageStore.h */,
				6EFA466F0E2B4B38006A076C /* ImageStore.m */,
			);
			name = ImageStore;
			path = ..;
			sourceTree = "<group>";
		};
/* End PBXGroup section */

/* Begin PBXNativeTarget section */
		1D6058900D05DD3D006BFB54 /* TwitterPhox */ = {
			isa = PBXNativeTarget;
			buildConfigurationList = 1D6058960D05DD3E006BFB54 /* Build configuration list for PBXNativeTarget "TwitterPhox" */;
			buildPhases = (
				1D60588D0D05DD3D006BFB54 /* Resources */,
				1D60588E0D05DD3D006BFB54 /* Sources */,
				1D60588F0D05DD3D006BFB54 /* Frameworks */,
			);
			buildRules = (
			);
			dependencies = (
			);
			name = TwitterPhox;
			productName = TwitterPhox;
			productReference = 1D6058910D05DD3D006BFB54 /* TwitterPhox.app */;
			productType = "com.apple.product-type.application";
		};
/* End PBXNativeTarget section */

/* Begin PBXProject section */
		29B97313FDCFA39411CA2CEA /* Project object */ = {
			isa = PBXProject;
			buildConfigurationList = C01FCF4E08A954540054247B /* Build configuration list for PBXProject "TwitterPhox" */;
			compatibilityVersion = "Xcode 3.1";
			hasScannedForEncodings = 1;
			mainGroup = 29B97314FDCFA39411CA2CEA /* TwitterPhox */;
			projectDirPath = "";
			projectRoot = "";
			targets = (
				1D6058900D05DD3D006BFB54 /* TwitterPhox */,
			);
		};
/* End PBXProject section */

/* Begin PBXResourcesBuildPhase section */
		1D60588D0D05DD3D006BFB54 /* Resources */ = {
			isa = PBXResourcesBuildPhase;
			buildActionMask = 2147483647;
			files = (
				28AD73880D9D96C1002E5188 /* MainWindow.xib in Resources */,
				282CCBFE0DB6C98000C4EA27 /* TimelineView.xib in Resources */,
				6EFA43DF0E2B0323006A076C /* timeline.png in Resources */,
				6EFA43E00E2B0323006A076C /* settings.png in Resources */,
				6EFA43E10E2B0323006A076C /* replies.png in Resources */,
				6EFA43E20E2B0323006A076C /* messages.png in Resources */,
				6EFA43E30E2B0323006A076C /* Icon.png in Resources */,
				6EFA446D0E2B31A9006A076C /* SettingsView.xib in Resources */,
				6E46570C0E2ECB78002AF530 /* post.png in Resources */,
				6E4657230E2ED082002AF530 /* PostView.xib in Resources */,
				6E4657550E2EE2E2002AF530 /* library.png in Resources */,
			);
			runOnlyForDeploymentPostprocessing = 0;
		};
/* End PBXResourcesBuildPhase section */

/* Begin PBXSourcesBuildPhase section */
		1D60588E0D05DD3D006BFB54 /* Sources */ = {
			isa = PBXSourcesBuildPhase;
			buildActionMask = 2147483647;
			files = (
				1D60589B0D05DD56006BFB54 /* main.m in Sources */,
				1D3623260D0F684500981E51 /* TwitterPhoxAppDelegate.m in Sources */,
				6EFA46700E2B4B38006A076C /* ImageDownloader.m in Sources */,
				6EFA46710E2B4B38006A076C /* ImageStore.m in Sources */,
				6EFA46790E2B4B41006A076C /* NSString+SBJSON.m in Sources */,
				6EFA467A0E2B4B41006A076C /* NSObject+SBJSON.m in Sources */,
				6EFA467B0E2B4B41006A076C /* SBJSON.m in Sources */,
				6EFA46840E2B4B48006A076C /* Timeline.m in Sources */,
				6EFA46850E2B4B48006A076C /* TimelineDownloader.m in Sources */,
				6EFA46860E2B4B48006A076C /* Message.m in Sources */,
				6EFA46870E2B4B48006A076C /* User.m in Sources */,
				6EFA468F0E2B4D50006A076C /* TimelineViewController.m in Sources */,
				6EFA46930E2B4DB4006A076C /* MessageCell.m in Sources */,
				6EE2037C0E2DA59D00443A4F /* SettingsViewController.m in Sources */,
				6EE203C90E2DAEA200443A4F /* SettingsTableViewController.m in Sources */,
				6E4657300E2ED19F002AF530 /* PostViewController.m in Sources */,
			);
			runOnlyForDeploymentPostprocessing = 0;
		};
/* End PBXSourcesBuildPhase section */

/* Begin XCBuildConfiguration section */
		1D6058940D05DD3E006BFB54 /* Debug */ = {
			isa = XCBuildConfiguration;
			buildSettings = {
				ALWAYS_SEARCH_USER_PATHS = NO;
				COPY_PHASE_STRIP = NO;
				GCC_DYNAMIC_NO_PIC = NO;
				GCC_OPTIMIZATION_LEVEL = 0;
				GCC_PRECOMPILE_PREFIX_HEADER = YES;
				GCC_PREFIX_HEADER = TwitterPhox_Prefix.pch;
				INFOPLIST_FILE = Info.plist;
				PRODUCT_NAME = TwitterPhox;
			};
			name = Debug;
		};
		1D6058950D05DD3E006BFB54 /* Release */ = {
			isa = XCBuildConfiguration;
			buildSettings = {
				ALWAYS_SEARCH_USER_PATHS = NO;
				COPY_PHASE_STRIP = YES;
				GCC_PRECOMPILE_PREFIX_HEADER = YES;
				GCC_PREFIX_HEADER = TwitterPhox_Prefix.pch;
				INFOPLIST_FILE = Info.plist;
				PRODUCT_NAME = TwitterPhox;
			};
			name = Release;
		};
		C01FCF4F08A954540054247B /* Debug */ = {
			isa = XCBuildConfiguration;
			buildSettings = {
				ARCHS = "$(ARCHS_STANDARD_32_BIT)";
				"CODE_SIGN_IDENTITY[sdk=iphoneos*]" = "iPhone Developer";
				GCC_C_LANGUAGE_STANDARD = c99;
				GCC_WARN_ABOUT_RETURN_TYPE = YES;
				GCC_WARN_UNUSED_VARIABLE = YES;
				ONLY_ACTIVE_ARCH = YES;
				PREBINDING = NO;
				SDKROOT = iphoneos2.0;
			};
			name = Debug;
		};
		C01FCF5008A954540054247B /* Release */ = {
			isa = XCBuildConfiguration;
			buildSettings = {
				ARCHS = "$(ARCHS_STANDARD_32_BIT)";
				"CODE_SIGN_IDENTITY[sdk=iphoneos*]" = "iPhone Developer";
				GCC_C_LANGUAGE_STANDARD = c99;
				GCC_WARN_ABOUT_RETURN_TYPE = YES;
				GCC_WARN_UNUSED_VARIABLE = YES;
				PREBINDING = NO;
				SDKROOT = iphoneos2.0;
			};
			name = Release;
		};
/* End XCBuildConfiguration section */

/* Begin XCConfigurationList section */
		1D6058960D05DD3E006BFB54 /* Build configuration list for PBXNativeTarget "TwitterPhox" */ = {
			isa = XCConfigurationList;
			buildConfigurations = (
				1D6058940D05DD3E006BFB54 /* Debug */,
				1D6058950D05DD3E006BFB54 /* Release */,
			);
			defaultConfigurationIsVisible = 0;
			defaultConfigurationName = Release;
		};
		C01FCF4E08A954540054247B /* Build configuration list for PBXProject "TwitterPhox" */ = {
			isa = XCConfigurationList;
			buildConfigurations = (
				C01FCF4F08A954540054247B /* Debug */,
				C01FCF5008A954540054247B /* Release */,
			);
			defaultConfigurationIsVisible = 0;
			defaultConfigurationName = Release;
		};
/* End XCConfigurationList section */
	};
	rootObject = 29B97313FDCFA39411CA2CEA /* Project object */;
}
